
Microsoft Visual Studio Solution File, Format Version 12.00
# Visual Studio Version 17
VisualStudioVersion = 17.7.34031.279
MinimumVisualStudioVersion = 10.0.40219.1
Project("{8BC9CEB8-8B4A-11D0-8D11-00A0C91BC942}") = "B002", "B002\B002.vcxproj", "{7C67D1E4-D03E-4E04-8D52-3E0DBFCD42C4}"
EndProject
Project("{8BC9CEB8-8B4A-11D0-8D11-00A0C91BC942}") = "B004", "B004\B004.vcxproj", "{507D8BDC-1475-4ACC-A524-D02390E845BE}"
EndProject
Project("{8BC9CEB8-8B4A-11D0-8D11-00A0C91BC942}") = "B006", "B006\B006.vcxproj", "{9F8A99DC-16BF-4082-860E-07B6F6E43986}"
EndProject
Project("{8BC9CEB8-8B4A-11D0-8D11-00A0C91BC942}") = "B008", "B008\B008.vcxproj", "{D2C60CE9-DCEF-47B7-9729-A39F1EAA6ADF}"
EndProject
Project("{8BC9CEB8-8B4A-11D0-8D11-00A0C91BC942}") = "B010", "B010\B010.vcxproj", "{185E27E9-F8C4-4C87-8206-CAE8E617E421}"
EndProject
Project("{8BC9CEB8-8B4A-11D0-8D11-00A0C91BC942}") = "B012", "B012\B012.vcxproj", "{B109ED0A-00A9-48A1-A94B-19CB93C142CD}"
EndProject
Project("{8BC9CEB8-8B4A-11D0-8D11-00A0C91BC942}") = "B014", "B014\B014.vcxproj", "{A57A6BDA-2934-498E-9A08-3B3E1A49D4EB}"
EndProject
Project("{8BC9CEB8-8B4A-11D0-8D11-00A0C91BC942}") = "B016", "B016\B016.vcxproj", "{6B0E5DED-C342-4FE6-8715-0DB9C449A7AA}"
EndProject
Project("{8BC9CEB8-8B4A-11D0-8D11-00A0C91BC942}") = "B018", "B018\B018.vcxproj", "{5831F3D8-AD6C-4C95-B5DE-A2F515BEA0AF}"
EndProject
Project("{8BC9CEB8-8B4A-11D0-8D11-00A0C91BC942}") = "B020", "B020\B020.vcxproj", "{24D93E5E-7571-471E-8AAF-F96550AB10AD}"
EndProject
Project("{8BC9CEB8-8B4A-11D0-8D11-00A0C91BC942}") = "B022", "B022\B022.vcxproj", "{99620B30-E9BD-4109-ABA2-5E9E1C1977B1}"
EndProject
Project("{8BC9CEB8-8B4A-11D0-8D11-00A0C91BC942}") = "B024", "B024\B024.vcxproj", "{EAB33176-80CE-4E0C-81B4-8DFEFFF07FAD}"
EndProject
Project("{8BC9CEB8-8B4A-11D0-8D11-00A0C91BC942}") = "B026", "B026\B026.vcxproj", "{4B0A57CB-AB75-4A9F-87B2-B55D6680E30E}"
EndProject
Project("{8BC9CEB8-8B4A-11D0-8D11-00A0C91BC942}") = "B028", "B028\B028.vcxproj", "{BA6C4F92-3948-4F75-A86F-E41CFD1BB30B}"
EndProject
Project("{8BC9CEB8-8B4A-11D0-8D11-00A0C91BC942}") = "B030", "B030\B030.vcxproj", "{E1706505-E99E-4439-B11B-6D9796B7EFD6}"
EndProject
Project("{8BC9CEB8-8B4A-11D0-8D11-00A0C91BC942}") = "B032", "B032\B032.vcxproj", "{2964EA9D-C195-467D-95AF-1854211B8186}"
EndProject
Project("{8BC9CEB8-8B4A-11D0-8D11-00A0C91BC942}") = "B034", "B034\B034.vcxproj", "{61162914-94B7-493C-BC88-EF176A9F5DA4}"
EndProject
Project("{8BC9CEB8-8B4A-11D0-8D11-00A0C91BC942}") = "B036", "B036\B036.vcxproj", "{B0421168-6470-4627-9CED-6EDF8D5C38C2}"
EndProject
Project("{8BC9CEB8-8B4A-11D0-8D11-00A0C91BC942}") = "B038", "B038\B038.vcxproj", "{F47AE3E8-6A5C-4251-99BF-67EFCF2EE18E}"
EndProject
Project("{8BC9CEB8-8B4A-11D0-8D11-00A0C91BC942}") = "B040", "B040\B040.vcxproj", "{F3AC816B-2C37-4A73-B66F-E3B1B1C80BE6}"
EndProject
Project("{8BC9CEB8-8B4A-11D0-8D11-00A0C91BC942}") = "B042", "B042\B042.vcxproj", "{23E9748F-3798-4E3C-B592-F396B9092593}"
EndProject
Project("{8BC9CEB8-8B4A-11D0-8D11-00A0C91BC942}") = "B044", "B044\B044.vcxproj", "{6E326C16-56AD-41EC-BA62-A9CC94B53729}"
EndProject
Project("{8BC9CEB8-8B4A-11D0-8D11-00A0C91BC942}") = "B046", "B046\B046.vcxproj", "{A6626661-164C-4DF4-95AF-B4B7CF7FC253}"
EndProject
Project("{8BC9CEB8-8B4A-11D0-8D11-00A0C91BC942}") = "B048", "B048\B048.vcxproj", "{08247CEC-26B5-4F19-B717-F6F3C86EE774}"
EndProject
Project("{8BC9CEB8-8B4A-11D0-8D11-00A0C91BC942}") = "B050", "B050\B050.vcxproj", "{DEB7C37A-CCA6-41A9-93FE-EA8A418E627E}"
EndProject
Project("{8BC9CEB8-8B4A-11D0-8D11-00A0C91BC942}") = "B052", "B052\B052.vcxproj", "{B4D0BE1A-5ED6-4B3E-B813-F6E2EAD128AF}"
EndProject
Project("{8BC9CEB8-8B4A-11D0-8D11-00A0C91BC942}") = "B054", "B054\B054.vcxproj", "{0598D5A9-8081-493D-83E1-D490A17EF9F6}"
EndProject
Project("{8BC9CEB8-8B4A-11D0-8D11-00A0C91BC942}") = "B056", "B056\B056.vcxproj", "{520FD192-A01E-48B9-8982-FA0BD6A4D317}"
EndProject
Project("{8BC9CEB8-8B4A-11D0-8D11-00A0C91BC942}") = "B058", "B58\B58.vcxproj", "{66B77969-C854-488E-963A-8FEFA80C9A0E}"
EndProject
Project("{8BC9CEB8-8B4A-11D0-8D11-00A0C91BC942}") = "B060", "B060\B060.vcxproj", "{4401FA3C-28FD-4D24-BA50-347C50FFB9F0}"
EndProject
Project("{8BC9CEB8-8B4A-11D0-8D11-00A0C91BC942}") = "B062", "B062\B062.vcxproj", "{1FA8B0D9-0781-44AA-831C-D10D1C127FD9}"
EndProject
Project("{8BC9CEB8-8B4A-11D0-8D11-00A0C91BC942}") = "B064", "B064\B064.vcxproj", "{B1A41FA3-683E-4B58-8B7A-4FB7F93EB47F}"
EndProject
Project("{8BC9CEB8-8B4A-11D0-8D11-00A0C91BC942}") = "B066", "B066\B066.vcxproj", "{5F9F2F0A-2520-4CAF-8F32-AB91CD51D001}"
EndProject
Project("{8BC9CEB8-8B4A-11D0-8D11-00A0C91BC942}") = "B068", "B068\B068.vcxproj", "{09EE85D1-9BCD-4E2D-8EF9-D63EAE9921CB}"
EndProject
Project("{8BC9CEB8-8B4A-11D0-8D11-00A0C91BC942}") = "B070", "B070\B070.vcxproj", "{5BCE1F1A-5B38-4B4D-914B-A6FE1B7F0BCD}"
EndProject
Project("{8BC9CEB8-8B4A-11D0-8D11-00A0C91BC942}") = "B072", "B072\B072.vcxproj", "{D972B875-BE34-4C68-B8E9-671DFC3D7102}"
EndProject
Project("{8BC9CEB8-8B4A-11D0-8D11-00A0C91BC942}") = "B074", "B074\B074.vcxproj", "{9606A4E2-F32E-4409-BF7A-5C4B9A26EC26}"
EndProject
Project("{8BC9CEB8-8B4A-11D0-8D11-00A0C91BC942}") = "B076", "B076\B076.vcxproj", "{1F6BE032-6CC0-4932-B39A-F71E804E5328}"
EndProject
Project("{8BC9CEB8-8B4A-11D0-8D11-00A0C91BC942}") = "B078", "B078\B078.vcxproj", "{0CFDC499-FCFB-4028-A25A-49F845A8456C}"
EndProject
Project("{8BC9CEB8-8B4A-11D0-8D11-00A0C91BC942}") = "B080", "B080\B080.vcxproj", "{208A5F8E-A5AD-4E14-ACD8-F8A3D2631FD8}"
EndProject
Project("{8BC9CEB8-8B4A-11D0-8D11-00A0C91BC942}") = "B082", "B082\B082.vcxproj", "{BD0C03E7-6A00-4134-B2D8-E66CDD930A9E}"
EndProject
Project("{8BC9CEB8-8B4A-11D0-8D11-00A0C91BC942}") = "B084", "B084\B084.vcxproj", "{E40A420C-A852-45FE-A20F-F7A795962B77}"
EndProject
Project("{8BC9CEB8-8B4A-11D0-8D11-00A0C91BC942}") = "B086", "B086\B086.vcxproj", "{9FB0626F-FE02-4FD1-BDC5-4CCB338848FB}"
EndProject
Project("{8BC9CEB8-8B4A-11D0-8D11-00A0C91BC942}") = "B088", "B088\B088.vcxproj", "{A20EE769-C5FD-4FE0-A8EF-875EE6E4C2FD}"
EndProject
Project("{8BC9CEB8-8B4A-11D0-8D11-00A0C91BC942}") = "B090", "B090\B090.vcxproj", "{377195C2-FD63-4951-9D41-59ACF05AF129}"
EndProject
Project("{8BC9CEB8-8B4A-11D0-8D11-00A0C91BC942}") = "B092", "B092\B092.vcxproj", "{0860368A-F862-45F2-9AE4-E0275FA9F74E}"
EndProject
Project("{8BC9CEB8-8B4A-11D0-8D11-00A0C91BC942}") = "B094", "B094\B094.vcxproj", "{DC4E46AD-8A6C-473A-92F9-4C66F6EC851D}"
EndProject
Project("{8BC9CEB8-8B4A-11D0-8D11-00A0C91BC942}") = "B096", "B096\B096.vcxproj", "{3FF631BA-2426-4A16-B18F-855E1CED4343}"
EndProject
Project("{8BC9CEB8-8B4A-11D0-8D11-00A0C91BC942}") = "B098", "B098\B098.vcxproj", "{C54D06EA-1EA0-4D4B-9639-B02BC2D5BDDF}"
EndProject
Project("{8BC9CEB8-8B4A-11D0-8D11-00A0C91BC942}") = "B100", "B100\B100.vcxproj", "{7268731C-7D80-4CC8-BFDB-1CD2C9333AD9}"
EndProject
Project("{8BC9CEB8-8B4A-11D0-8D11-00A0C91BC942}") = "B102", "B102\B102.vcxproj", "{E20321A6-B33C-4EA4-81EA-EFBA69CDA488}"
EndProject
Project("{8BC9CEB8-8B4A-11D0-8D11-00A0C91BC942}") = "B104", "B104\B104.vcxproj", "{B7A98B42-C22D-40EA-A189-126C0245F89F}"
EndProject
Project("{8BC9CEB8-8B4A-11D0-8D11-00A0C91BC942}") = "B106", "B106\B106.vcxproj", "{471891CA-E893-42E4-8435-C6AD306E0D95}"
EndProject
Project("{8BC9CEB8-8B4A-11D0-8D11-00A0C91BC942}") = "B108", "B108\B108.vcxproj", "{FB9581D8-31C3-4798-8326-8327FCA38E67}"
EndProject
Project("{8BC9CEB8-8B4A-11D0-8D11-00A0C91BC942}") = "B110", "B110\B110.vcxproj", "{98F70724-AF8B-457E-BE98-DBF73593CBAB}"
EndProject
Project("{8BC9CEB8-8B4A-11D0-8D11-00A0C91BC942}") = "B112", "B112\B112.vcxproj", "{91C7D4BC-B473-4FE3-9E7E-7B05E87A1978}"
EndProject
Project("{8BC9CEB8-8B4A-11D0-8D11-00A0C91BC942}") = "B114", "B114\B114.vcxproj", "{F5EEE1F0-3119-4663-B6DA-58203CF72766}"
EndProject
Project("{8BC9CEB8-8B4A-11D0-8D11-00A0C91BC942}") = "B116", "B116\B116.vcxproj", "{30B35F48-E201-4636-A8E2-AC7EB90FC04E}"
EndProject
Project("{8BC9CEB8-8B4A-11D0-8D11-00A0C91BC942}") = "B118", "B118\B118.vcxproj", "{3C7EFD82-C314-449F-8E08-320EE1DB3A51}"
EndProject
Project("{8BC9CEB8-8B4A-11D0-8D11-00A0C91BC942}") = "B120", "B120\B120.vcxproj", "{F8EADAB3-536B-4176-AC07-0EEB036F4873}"
EndProject
Project("{8BC9CEB8-8B4A-11D0-8D11-00A0C91BC942}") = "B122", "B122\B122.vcxproj", "{C117F321-0692-476B-8B49-54C94E4C0D6C}"
EndProject
Project("{8BC9CEB8-8B4A-11D0-8D11-00A0C91BC942}") = "B124", "B124\B124.vcxproj", "{66C61CAF-B876-4F47-A423-5BAE606094C9}"
EndProject
Project("{8BC9CEB8-8B4A-11D0-8D11-00A0C91BC942}") = "B126", "B126\B126.vcxproj", "{582B4A26-12FB-49B5-A72F-509CCA1098CC}"
EndProject
Project("{8BC9CEB8-8B4A-11D0-8D11-00A0C91BC942}") = "B128", "B128\B128.vcxproj", "{2B162497-CDE9-4ED5-B09D-45D510D98817}"
EndProject
Project("{8BC9CEB8-8B4A-11D0-8D11-00A0C91BC942}") = "B130", "B130\B130.vcxproj", "{3881ABA5-1F9C-4A23-A19C-066A7FBA99D7}"
EndProject
Project("{8BC9CEB8-8B4A-11D0-8D11-00A0C91BC942}") = "B132", "B132\B132.vcxproj", "{1DBFD97D-C16E-45D0-B46B-F8AEA6A04478}"
EndProject
Project("{8BC9CEB8-8B4A-11D0-8D11-00A0C91BC942}") = "B134", "B134\B134.vcxproj", "{3E6439E9-E41D-4426-9805-DBB8E2F9EFF5}"
EndProject
Project("{8BC9CEB8-8B4A-11D0-8D11-00A0C91BC942}") = "B136", "B136\B136.vcxproj", "{40838009-E6FA-432C-B861-F8DCF7D9CCBB}"
EndProject
Project("{8BC9CEB8-8B4A-11D0-8D11-00A0C91BC942}") = "B138", "B138\B138.vcxproj", "{87B6886C-9A9A-4526-A2BC-6A1FF07E0EBA}"
EndProject
Project("{8BC9CEB8-8B4A-11D0-8D11-00A0C91BC942}") = "B140", "B140\B140.vcxproj", "{EBD2BA94-B25F-4489-BF27-602AC78CB467}"
EndProject
Project("{8BC9CEB8-8B4A-11D0-8D11-00A0C91BC942}") = "B142", "B142\B142.vcxproj", "{03BF486B-C0E6-49EF-87C2-7F014635607C}"
EndProject
Project("{8BC9CEB8-8B4A-11D0-8D11-00A0C91BC942}") = "B144", "B144\B144.vcxproj", "{5D56A596-0DF4-4C0E-B224-9B58616B6DBA}"
EndProject
Project("{8BC9CEB8-8B4A-11D0-8D11-00A0C91BC942}") = "b146", "b146\b146.vcxproj", "{8FB34CFC-62A2-4241-9A78-75CB0D7C99D7}"
EndProject
Project("{8BC9CEB8-8B4A-11D0-8D11-00A0C91BC942}") = "B148", "B148\B148.vcxproj", "{2F2AD371-75CB-49BD-91A8-1F3C93121983}"
EndProject
Project("{8BC9CEB8-8B4A-11D0-8D11-00A0C91BC942}") = "B150", "B150\B150.vcxproj", "{5C79B891-248A-4F0A-88F7-F125995F3DD3}"
EndProject
Project("{8BC9CEB8-8B4A-11D0-8D11-00A0C91BC942}") = "B152", "B152\B152.vcxproj", "{8A46402B-CC37-4E06-9C74-83BDC32B85EE}"
EndProject
Project("{8BC9CEB8-8B4A-11D0-8D11-00A0C91BC942}") = "B154", "B154\B154.vcxproj", "{5A79431E-CCD4-4D68-8465-E99ADD711C17}"
EndProject
Project("{8BC9CEB8-8B4A-11D0-8D11-00A0C91BC942}") = "B156", "B156\B156.vcxproj", "{D1AE1C02-F243-4B8A-BA05-48F6EC19F582}"
EndProject
Project("{8BC9CEB8-8B4A-11D0-8D11-00A0C91BC942}") = "B158", "B158\B158.vcxproj", "{39FF0930-8CF5-4E5B-B3E5-9E4C18634CC7}"
EndProject
Project("{8BC9CEB8-8B4A-11D0-8D11-00A0C91BC942}") = "B160", "B160\B160.vcxproj", "{44210EC4-A543-4B55-9623-18D34DA9EF47}"
EndProject
Project("{8BC9CEB8-8B4A-11D0-8D11-00A0C91BC942}") = "B162", "B162\B162.vcxproj", "{C4F30E0B-0A64-4090-AAD7-66B07B87221C}"
EndProject
Project("{8BC9CEB8-8B4A-11D0-8D11-00A0C91BC942}") = "B164", "B164\B164.vcxproj", "{43A9F552-7224-4F8C-88CA-C3A1E73A6485}"
EndProject
Project("{8BC9CEB8-8B4A-11D0-8D11-00A0C91BC942}") = "B166", "B166\B166.vcxproj", "{AA1ADF37-EC35-40CB-8FFD-B37747D589D8}"
EndProject
Global
	GlobalSection(SolutionConfigurationPlatforms) = preSolution
		Debug|x64 = Debug|x64
		Debug|x86 = Debug|x86
		Release|x64 = Release|x64
		Release|x86 = Release|x86
	EndGlobalSection
	GlobalSection(ProjectConfigurationPlatforms) = postSolution
		{7C67D1E4-D03E-4E04-8D52-3E0DBFCD42C4}.Debug|x64.ActiveCfg = Debug|x64
		{7C67D1E4-D03E-4E04-8D52-3E0DBFCD42C4}.Debug|x64.Build.0 = Debug|x64
		{7C67D1E4-D03E-4E04-8D52-3E0DBFCD42C4}.Debug|x86.ActiveCfg = Debug|Win32
		{7C67D1E4-D03E-4E04-8D52-3E0DBFCD42C4}.Debug|x86.Build.0 = Debug|Win32
		{7C67D1E4-D03E-4E04-8D52-3E0DBFCD42C4}.Release|x64.ActiveCfg = Release|x64
		{7C67D1E4-D03E-4E04-8D52-3E0DBFCD42C4}.Release|x64.Build.0 = Release|x64
		{7C67D1E4-D03E-4E04-8D52-3E0DBFCD42C4}.Release|x86.ActiveCfg = Release|Win32
		{7C67D1E4-D03E-4E04-8D52-3E0DBFCD42C4}.Release|x86.Build.0 = Release|Win32
		{507D8BDC-1475-4ACC-A524-D02390E845BE}.Debug|x64.ActiveCfg = Debug|x64
		{507D8BDC-1475-4ACC-A524-D02390E845BE}.Debug|x64.Build.0 = Debug|x64
		{507D8BDC-1475-4ACC-A524-D02390E845BE}.Debug|x86.ActiveCfg = Debug|Win32
		{507D8BDC-1475-4ACC-A524-D02390E845BE}.Debug|x86.Build.0 = Debug|Win32
		{507D8BDC-1475-4ACC-A524-D02390E845BE}.Release|x64.ActiveCfg = Release|x64
		{507D8BDC-1475-4ACC-A524-D02390E845BE}.Release|x64.Build.0 = Release|x64
		{507D8BDC-1475-4ACC-A524-D02390E845BE}.Release|x86.ActiveCfg = Release|Win32
		{507D8BDC-1475-4ACC-A524-D02390E845BE}.Release|x86.Build.0 = Release|Win32
		{9F8A99DC-16BF-4082-860E-07B6F6E43986}.Debug|x64.ActiveCfg = Debug|x64
		{9F8A99DC-16BF-4082-860E-07B6F6E43986}.Debug|x64.Build.0 = Debug|x64
		{9F8A99DC-16BF-4082-860E-07B6F6E43986}.Debug|x86.ActiveCfg = Debug|Win32
		{9F8A99DC-16BF-4082-860E-07B6F6E43986}.Debug|x86.Build.0 = Debug|Win32
		{9F8A99DC-16BF-4082-860E-07B6F6E43986}.Release|x64.ActiveCfg = Release|x64
		{9F8A99DC-16BF-4082-860E-07B6F6E43986}.Release|x64.Build.0 = Release|x64
		{9F8A99DC-16BF-4082-860E-07B6F6E43986}.Release|x86.ActiveCfg = Release|Win32
		{9F8A99DC-16BF-4082-860E-07B6F6E43986}.Release|x86.Build.0 = Release|Win32
		{D2C60CE9-DCEF-47B7-9729-A39F1EAA6ADF}.Debug|x64.ActiveCfg = Debug|x64
		{D2C60CE9-DCEF-47B7-9729-A39F1EAA6ADF}.Debug|x64.Build.0 = Debug|x64
		{D2C60CE9-DCEF-47B7-9729-A39F1EAA6ADF}.Debug|x86.ActiveCfg = Debug|Win32
		{D2C60CE9-DCEF-47B7-9729-A39F1EAA6ADF}.Debug|x86.Build.0 = Debug|Win32
		{D2C60CE9-DCEF-47B7-9729-A39F1EAA6ADF}.Release|x64.ActiveCfg = Release|x64
		{D2C60CE9-DCEF-47B7-9729-A39F1EAA6ADF}.Release|x64.Build.0 = Release|x64
		{D2C60CE9-DCEF-47B7-9729-A39F1EAA6ADF}.Release|x86.ActiveCfg = Release|Win32
		{D2C60CE9-DCEF-47B7-9729-A39F1EAA6ADF}.Release|x86.Build.0 = Release|Win32
		{185E27E9-F8C4-4C87-8206-CAE8E617E421}.Debug|x64.ActiveCfg = Debug|x64
		{185E27E9-F8C4-4C87-8206-CAE8E617E421}.Debug|x64.Build.0 = Debug|x64
		{185E27E9-F8C4-4C87-8206-CAE8E617E421}.Debug|x86.ActiveCfg = Debug|Win32
		{185E27E9-F8C4-4C87-8206-CAE8E617E421}.Debug|x86.Build.0 = Debug|Win32
		{185E27E9-F8C4-4C87-8206-CAE8E617E421}.Release|x64.ActiveCfg = Release|x64
		{185E27E9-F8C4-4C87-8206-CAE8E617E421}.Release|x64.Build.0 = Release|x64
		{185E27E9-F8C4-4C87-8206-CAE8E617E421}.Release|x86.ActiveCfg = Release|Win32
		{185E27E9-F8C4-4C87-8206-CAE8E617E421}.Release|x86.Build.0 = Release|Win32
		{B109ED0A-00A9-48A1-A94B-19CB93C142CD}.Debug|x64.ActiveCfg = Debug|x64
		{B109ED0A-00A9-48A1-A94B-19CB93C142CD}.Debug|x64.Build.0 = Debug|x64
		{B109ED0A-00A9-48A1-A94B-19CB93C142CD}.Debug|x86.ActiveCfg = Debug|Win32
		{B109ED0A-00A9-48A1-A94B-19CB93C142CD}.Debug|x86.Build.0 = Debug|Win32
		{B109ED0A-00A9-48A1-A94B-19CB93C142CD}.Release|x64.ActiveCfg = Release|x64
		{B109ED0A-00A9-48A1-A94B-19CB93C142CD}.Release|x64.Build.0 = Release|x64
		{B109ED0A-00A9-48A1-A94B-19CB93C142CD}.Release|x86.ActiveCfg = Release|Win32
		{B109ED0A-00A9-48A1-A94B-19CB93C142CD}.Release|x86.Build.0 = Release|Win32
		{A57A6BDA-2934-498E-9A08-3B3E1A49D4EB}.Debug|x64.ActiveCfg = Debug|x64
		{A57A6BDA-2934-498E-9A08-3B3E1A49D4EB}.Debug|x64.Build.0 = Debug|x64
		{A57A6BDA-2934-498E-9A08-3B3E1A49D4EB}.Debug|x86.ActiveCfg = Debug|Win32
		{A57A6BDA-2934-498E-9A08-3B3E1A49D4EB}.Debug|x86.Build.0 = Debug|Win32
		{A57A6BDA-2934-498E-9A08-3B3E1A49D4EB}.Release|x64.ActiveCfg = Release|x64
		{A57A6BDA-2934-498E-9A08-3B3E1A49D4EB}.Release|x64.Build.0 = Release|x64
		{A57A6BDA-2934-498E-9A08-3B3E1A49D4EB}.Release|x86.ActiveCfg = Release|Win32
		{A57A6BDA-2934-498E-9A08-3B3E1A49D4EB}.Release|x86.Build.0 = Release|Win32
		{6B0E5DED-C342-4FE6-8715-0DB9C449A7AA}.Debug|x64.ActiveCfg = Debug|x64
		{6B0E5DED-C342-4FE6-8715-0DB9C449A7AA}.Debug|x64.Build.0 = Debug|x64
		{6B0E5DED-C342-4FE6-8715-0DB9C449A7AA}.Debug|x86.ActiveCfg = Debug|Win32
		{6B0E5DED-C342-4FE6-8715-0DB9C449A7AA}.Debug|x86.Build.0 = Debug|Win32
		{6B0E5DED-C342-4FE6-8715-0DB9C449A7AA}.Release|x64.ActiveCfg = Release|x64
		{6B0E5DED-C342-4FE6-8715-0DB9C449A7AA}.Release|x64.Build.0 = Release|x64
		{6B0E5DED-C342-4FE6-8715-0DB9C449A7AA}.Release|x86.ActiveCfg = Release|Win32
		{6B0E5DED-C342-4FE6-8715-0DB9C449A7AA}.Release|x86.Build.0 = Release|Win32
		{5831F3D8-AD6C-4C95-B5DE-A2F515BEA0AF}.Debug|x64.ActiveCfg = Debug|x64
		{5831F3D8-AD6C-4C95-B5DE-A2F515BEA0AF}.Debug|x64.Build.0 = Debug|x64
		{5831F3D8-AD6C-4C95-B5DE-A2F515BEA0AF}.Debug|x86.ActiveCfg = Debug|Win32
		{5831F3D8-AD6C-4C95-B5DE-A2F515BEA0AF}.Debug|x86.Build.0 = Debug|Win32
		{5831F3D8-AD6C-4C95-B5DE-A2F515BEA0AF}.Release|x64.ActiveCfg = Release|x64
		{5831F3D8-AD6C-4C95-B5DE-A2F515BEA0AF}.Release|x64.Build.0 = Release|x64
		{5831F3D8-AD6C-4C95-B5DE-A2F515BEA0AF}.Release|x86.ActiveCfg = Release|Win32
		{5831F3D8-AD6C-4C95-B5DE-A2F515BEA0AF}.Release|x86.Build.0 = Release|Win32
		{24D93E5E-7571-471E-8AAF-F96550AB10AD}.Debug|x64.ActiveCfg = Debug|x64
		{24D93E5E-7571-471E-8AAF-F96550AB10AD}.Debug|x64.Build.0 = Debug|x64
		{24D93E5E-7571-471E-8AAF-F96550AB10AD}.Debug|x86.ActiveCfg = Debug|Win32
		{24D93E5E-7571-471E-8AAF-F96550AB10AD}.Debug|x86.Build.0 = Debug|Win32
		{24D93E5E-7571-471E-8AAF-F96550AB10AD}.Release|x64.ActiveCfg = Release|x64
		{24D93E5E-7571-471E-8AAF-F96550AB10AD}.Release|x64.Build.0 = Release|x64
		{24D93E5E-7571-471E-8AAF-F96550AB10AD}.Release|x86.ActiveCfg = Release|Win32
		{24D93E5E-7571-471E-8AAF-F96550AB10AD}.Release|x86.Build.0 = Release|Win32
		{99620B30-E9BD-4109-ABA2-5E9E1C1977B1}.Debug|x64.ActiveCfg = Debug|x64
		{99620B30-E9BD-4109-ABA2-5E9E1C1977B1}.Debug|x64.Build.0 = Debug|x64
		{99620B30-E9BD-4109-ABA2-5E9E1C1977B1}.Debug|x86.ActiveCfg = Debug|Win32
		{99620B30-E9BD-4109-ABA2-5E9E1C1977B1}.Debug|x86.Build.0 = Debug|Win32
		{99620B30-E9BD-4109-ABA2-5E9E1C1977B1}.Release|x64.ActiveCfg = Release|x64
		{99620B30-E9BD-4109-ABA2-5E9E1C1977B1}.Release|x64.Build.0 = Release|x64
		{99620B30-E9BD-4109-ABA2-5E9E1C1977B1}.Release|x86.ActiveCfg = Release|Win32
		{99620B30-E9BD-4109-ABA2-5E9E1C1977B1}.Release|x86.Build.0 = Release|Win32
		{EAB33176-80CE-4E0C-81B4-8DFEFFF07FAD}.Debug|x64.ActiveCfg = Debug|x64
		{EAB33176-80CE-4E0C-81B4-8DFEFFF07FAD}.Debug|x64.Build.0 = Debug|x64
		{EAB33176-80CE-4E0C-81B4-8DFEFFF07FAD}.Debug|x86.ActiveCfg = Debug|Win32
		{EAB33176-80CE-4E0C-81B4-8DFEFFF07FAD}.Debug|x86.Build.0 = Debug|Win32
		{EAB33176-80CE-4E0C-81B4-8DFEFFF07FAD}.Release|x64.ActiveCfg = Release|x64
		{EAB33176-80CE-4E0C-81B4-8DFEFFF07FAD}.Release|x64.Build.0 = Release|x64
		{EAB33176-80CE-4E0C-81B4-8DFEFFF07FAD}.Release|x86.ActiveCfg = Release|Win32
		{EAB33176-80CE-4E0C-81B4-8DFEFFF07FAD}.Release|x86.Build.0 = Release|Win32
		{4B0A57CB-AB75-4A9F-87B2-B55D6680E30E}.Debug|x64.ActiveCfg = Debug|x64
		{4B0A57CB-AB75-4A9F-87B2-B55D6680E30E}.Debug|x64.Build.0 = Debug|x64
		{4B0A57CB-AB75-4A9F-87B2-B55D6680E30E}.Debug|x86.ActiveCfg = Debug|Win32
		{4B0A57CB-AB75-4A9F-87B2-B55D6680E30E}.Debug|x86.Build.0 = Debug|Win32
		{4B0A57CB-AB75-4A9F-87B2-B55D6680E30E}.Release|x64.ActiveCfg = Release|x64
		{4B0A57CB-AB75-4A9F-87B2-B55D6680E30E}.Release|x64.Build.0 = Release|x64
		{4B0A57CB-AB75-4A9F-87B2-B55D6680E30E}.Release|x86.ActiveCfg = Release|Win32
		{4B0A57CB-AB75-4A9F-87B2-B55D6680E30E}.Release|x86.Build.0 = Release|Win32
		{BA6C4F92-3948-4F75-A86F-E41CFD1BB30B}.Debug|x64.ActiveCfg = Debug|x64
		{BA6C4F92-3948-4F75-A86F-E41CFD1BB30B}.Debug|x64.Build.0 = Debug|x64
		{BA6C4F92-3948-4F75-A86F-E41CFD1BB30B}.Debug|x86.ActiveCfg = Debug|Win32
		{BA6C4F92-3948-4F75-A86F-E41CFD1BB30B}.Debug|x86.Build.0 = Debug|Win32
		{BA6C4F92-3948-4F75-A86F-E41CFD1BB30B}.Release|x64.ActiveCfg = Release|x64
		{BA6C4F92-3948-4F75-A86F-E41CFD1BB30B}.Release|x64.Build.0 = Release|x64
		{BA6C4F92-3948-4F75-A86F-E41CFD1BB30B}.Release|x86.ActiveCfg = Release|Win32
		{BA6C4F92-3948-4F75-A86F-E41CFD1BB30B}.Release|x86.Build.0 = Release|Win32
		{E1706505-E99E-4439-B11B-6D9796B7EFD6}.Debug|x64.ActiveCfg = Debug|x64
		{E1706505-E99E-4439-B11B-6D9796B7EFD6}.Debug|x64.Build.0 = Debug|x64
		{E1706505-E99E-4439-B11B-6D9796B7EFD6}.Debug|x86.ActiveCfg = Debug|Win32
		{E1706505-E99E-4439-B11B-6D9796B7EFD6}.Debug|x86.Build.0 = Debug|Win32
		{E1706505-E99E-4439-B11B-6D9796B7EFD6}.Release|x64.ActiveCfg = Release|x64
		{E1706505-E99E-4439-B11B-6D9796B7EFD6}.Release|x64.Build.0 = Release|x64
		{E1706505-E99E-4439-B11B-6D9796B7EFD6}.Release|x86.ActiveCfg = Release|Win32
		{E1706505-E99E-4439-B11B-6D9796B7EFD6}.Release|x86.Build.0 = Release|Win32
		{2964EA9D-C195-467D-95AF-1854211B8186}.Debug|x64.ActiveCfg = Debug|x64
		{2964EA9D-C195-467D-95AF-1854211B8186}.Debug|x64.Build.0 = Debug|x64
		{2964EA9D-C195-467D-95AF-1854211B8186}.Debug|x86.ActiveCfg = Debug|Win32
		{2964EA9D-C195-467D-95AF-1854211B8186}.Debug|x86.Build.0 = Debug|Win32
		{2964EA9D-C195-467D-95AF-1854211B8186}.Release|x64.ActiveCfg = Release|x64
		{2964EA9D-C195-467D-95AF-1854211B8186}.Release|x64.Build.0 = Release|x64
		{2964EA9D-C195-467D-95AF-1854211B8186}.Release|x86.ActiveCfg = Release|Win32
		{2964EA9D-C195-467D-95AF-1854211B8186}.Release|x86.Build.0 = Release|Win32
		{61162914-94B7-493C-BC88-EF176A9F5DA4}.Debug|x64.ActiveCfg = Debug|x64
		{61162914-94B7-493C-BC88-EF176A9F5DA4}.Debug|x64.Build.0 = Debug|x64
		{61162914-94B7-493C-BC88-EF176A9F5DA4}.Debug|x86.ActiveCfg = Debug|Win32
		{61162914-94B7-493C-BC88-EF176A9F5DA4}.Debug|x86.Build.0 = Debug|Win32
		{61162914-94B7-493C-BC88-EF176A9F5DA4}.Release|x64.ActiveCfg = Release|x64
		{61162914-94B7-493C-BC88-EF176A9F5DA4}.Release|x64.Build.0 = Release|x64
		{61162914-94B7-493C-BC88-EF176A9F5DA4}.Release|x86.ActiveCfg = Release|Win32
		{61162914-94B7-493C-BC88-EF176A9F5DA4}.Release|x86.Build.0 = Release|Win32
		{B0421168-6470-4627-9CED-6EDF8D5C38C2}.Debug|x64.ActiveCfg = Debug|x64
		{B0421168-6470-4627-9CED-6EDF8D5C38C2}.Debug|x64.Build.0 = Debug|x64
		{B0421168-6470-4627-9CED-6EDF8D5C38C2}.Debug|x86.ActiveCfg = Debug|Win32
		{B0421168-6470-4627-9CED-6EDF8D5C38C2}.Debug|x86.Build.0 = Debug|Win32
		{B0421168-6470-4627-9CED-6EDF8D5C38C2}.Release|x64.ActiveCfg = Release|x64
		{B0421168-6470-4627-9CED-6EDF8D5C38C2}.Release|x64.Build.0 = Release|x64
		{B0421168-6470-4627-9CED-6EDF8D5C38C2}.Release|x86.ActiveCfg = Release|Win32
		{B0421168-6470-4627-9CED-6EDF8D5C38C2}.Release|x86.Build.0 = Release|Win32
		{F47AE3E8-6A5C-4251-99BF-67EFCF2EE18E}.Debug|x64.ActiveCfg = Debug|x64
		{F47AE3E8-6A5C-4251-99BF-67EFCF2EE18E}.Debug|x64.Build.0 = Debug|x64
		{F47AE3E8-6A5C-4251-99BF-67EFCF2EE18E}.Debug|x86.ActiveCfg = Debug|Win32
		{F47AE3E8-6A5C-4251-99BF-67EFCF2EE18E}.Debug|x86.Build.0 = Debug|Win32
		{F47AE3E8-6A5C-4251-99BF-67EFCF2EE18E}.Release|x64.ActiveCfg = Release|x64
		{F47AE3E8-6A5C-4251-99BF-67EFCF2EE18E}.Release|x64.Build.0 = Release|x64
		{F47AE3E8-6A5C-4251-99BF-67EFCF2EE18E}.Release|x86.ActiveCfg = Release|Win32
		{F47AE3E8-6A5C-4251-99BF-67EFCF2EE18E}.Release|x86.Build.0 = Release|Win32
		{F3AC816B-2C37-4A73-B66F-E3B1B1C80BE6}.Debug|x64.ActiveCfg = Debug|x64
		{F3AC816B-2C37-4A73-B66F-E3B1B1C80BE6}.Debug|x64.Build.0 = Debug|x64
		{F3AC816B-2C37-4A73-B66F-E3B1B1C80BE6}.Debug|x86.ActiveCfg = Debug|Win32
		{F3AC816B-2C37-4A73-B66F-E3B1B1C80BE6}.Debug|x86.Build.0 = Debug|Win32
		{F3AC816B-2C37-4A73-B66F-E3B1B1C80BE6}.Release|x64.ActiveCfg = Release|x64
		{F3AC816B-2C37-4A73-B66F-E3B1B1C80BE6}.Release|x64.Build.0 = Release|x64
		{F3AC816B-2C37-4A73-B66F-E3B1B1C80BE6}.Release|x86.ActiveCfg = Release|Win32
		{F3AC816B-2C37-4A73-B66F-E3B1B1C80BE6}.Release|x86.Build.0 = Release|Win32
		{23E9748F-3798-4E3C-B592-F396B9092593}.Debug|x64.ActiveCfg = Debug|x64
		{23E9748F-3798-4E3C-B592-F396B9092593}.Debug|x64.Build.0 = Debug|x64
		{23E9748F-3798-4E3C-B592-F396B9092593}.Debug|x86.ActiveCfg = Debug|Win32
		{23E9748F-3798-4E3C-B592-F396B9092593}.Debug|x86.Build.0 = Debug|Win32
		{23E9748F-3798-4E3C-B592-F396B9092593}.Release|x64.ActiveCfg = Release|x64
		{23E9748F-3798-4E3C-B592-F396B9092593}.Release|x64.Build.0 = Release|x64
		{23E9748F-3798-4E3C-B592-F396B9092593}.Release|x86.ActiveCfg = Release|Win32
		{23E9748F-3798-4E3C-B592-F396B9092593}.Release|x86.Build.0 = Release|Win32
		{6E326C16-56AD-41EC-BA62-A9CC94B53729}.Debug|x64.ActiveCfg = Debug|x64
		{6E326C16-56AD-41EC-BA62-A9CC94B53729}.Debug|x64.Build.0 = Debug|x64
		{6E326C16-56AD-41EC-BA62-A9CC94B53729}.Debug|x86.ActiveCfg = Debug|Win32
		{6E326C16-56AD-41EC-BA62-A9CC94B53729}.Debug|x86.Build.0 = Debug|Win32
		{6E326C16-56AD-41EC-BA62-A9CC94B53729}.Release|x64.ActiveCfg = Release|x64
		{6E326C16-56AD-41EC-BA62-A9CC94B53729}.Release|x64.Build.0 = Release|x64
		{6E326C16-56AD-41EC-BA62-A9CC94B53729}.Release|x86.ActiveCfg = Release|Win32
		{6E326C16-56AD-41EC-BA62-A9CC94B53729}.Release|x86.Build.0 = Release|Win32
		{A6626661-164C-4DF4-95AF-B4B7CF7FC253}.Debug|x64.ActiveCfg = Debug|x64
		{A6626661-164C-4DF4-95AF-B4B7CF7FC253}.Debug|x64.Build.0 = Debug|x64
		{A6626661-164C-4DF4-95AF-B4B7CF7FC253}.Debug|x86.ActiveCfg = Debug|Win32
		{A6626661-164C-4DF4-95AF-B4B7CF7FC253}.Debug|x86.Build.0 = Debug|Win32
		{A6626661-164C-4DF4-95AF-B4B7CF7FC253}.Release|x64.ActiveCfg = Release|x64
		{A6626661-164C-4DF4-95AF-B4B7CF7FC253}.Release|x64.Build.0 = Release|x64
		{A6626661-164C-4DF4-95AF-B4B7CF7FC253}.Release|x86.ActiveCfg = Release|Win32
		{A6626661-164C-4DF4-95AF-B4B7CF7FC253}.Release|x86.Build.0 = Release|Win32
		{08247CEC-26B5-4F19-B717-F6F3C86EE774}.Debug|x64.ActiveCfg = Debug|x64
		{08247CEC-26B5-4F19-B717-F6F3C86EE774}.Debug|x64.Build.0 = Debug|x64
		{08247CEC-26B5-4F19-B717-F6F3C86EE774}.Debug|x86.ActiveCfg = Debug|Win32
		{08247CEC-26B5-4F19-B717-F6F3C86EE774}.Debug|x86.Build.0 = Debug|Win32
		{08247CEC-26B5-4F19-B717-F6F3C86EE774}.Release|x64.ActiveCfg = Release|x64
		{08247CEC-26B5-4F19-B717-F6F3C86EE774}.Release|x64.Build.0 = Release|x64
		{08247CEC-26B5-4F19-B717-F6F3C86EE774}.Release|x86.ActiveCfg = Release|Win32
		{08247CEC-26B5-4F19-B717-F6F3C86EE774}.Release|x86.Build.0 = Release|Win32
		{DEB7C37A-CCA6-41A9-93FE-EA8A418E627E}.Debug|x64.ActiveCfg = Debug|x64
		{DEB7C37A-CCA6-41A9-93FE-EA8A418E627E}.Debug|x64.Build.0 = Debug|x64
		{DEB7C37A-CCA6-41A9-93FE-EA8A418E627E}.Debug|x86.ActiveCfg = Debug|Win32
		{DEB7C37A-CCA6-41A9-93FE-EA8A418E627E}.Debug|x86.Build.0 = Debug|Win32
		{DEB7C37A-CCA6-41A9-93FE-EA8A418E627E}.Release|x64.ActiveCfg = Release|x64
		{DEB7C37A-CCA6-41A9-93FE-EA8A418E627E}.Release|x64.Build.0 = Release|x64
		{DEB7C37A-CCA6-41A9-93FE-EA8A418E627E}.Release|x86.ActiveCfg = Release|Win32
		{DEB7C37A-CCA6-41A9-93FE-EA8A418E627E}.Release|x86.Build.0 = Release|Win32
		{B4D0BE1A-5ED6-4B3E-B813-F6E2EAD128AF}.Debug|x64.ActiveCfg = Debug|x64
		{B4D0BE1A-5ED6-4B3E-B813-F6E2EAD128AF}.Debug|x64.Build.0 = Debug|x64
		{B4D0BE1A-5ED6-4B3E-B813-F6E2EAD128AF}.Debug|x86.ActiveCfg = Debug|Win32
		{B4D0BE1A-5ED6-4B3E-B813-F6E2EAD128AF}.Debug|x86.Build.0 = Debug|Win32
		{B4D0BE1A-5ED6-4B3E-B813-F6E2EAD128AF}.Release|x64.ActiveCfg = Release|x64
		{B4D0BE1A-5ED6-4B3E-B813-F6E2EAD128AF}.Release|x64.Build.0 = Release|x64
		{B4D0BE1A-5ED6-4B3E-B813-F6E2EAD128AF}.Release|x86.ActiveCfg = Release|Win32
		{B4D0BE1A-5ED6-4B3E-B813-F6E2EAD128AF}.Release|x86.Build.0 = Release|Win32
		{0598D5A9-8081-493D-83E1-D490A17EF9F6}.Debug|x64.ActiveCfg = Debug|x64
		{0598D5A9-8081-493D-83E1-D490A17EF9F6}.Debug|x64.Build.0 = Debug|x64
		{0598D5A9-8081-493D-83E1-D490A17EF9F6}.Debug|x86.ActiveCfg = Debug|Win32
		{0598D5A9-8081-493D-83E1-D490A17EF9F6}.Debug|x86.Build.0 = Debug|Win32
		{0598D5A9-8081-493D-83E1-D490A17EF9F6}.Release|x64.ActiveCfg = Release|x64
		{0598D5A9-8081-493D-83E1-D490A17EF9F6}.Release|x64.Build.0 = Release|x64
		{0598D5A9-8081-493D-83E1-D490A17EF9F6}.Release|x86.ActiveCfg = Release|Win32
		{0598D5A9-8081-493D-83E1-D490A17EF9F6}.Release|x86.Build.0 = Release|Win32
		{520FD192-A01E-48B9-8982-FA0BD6A4D317}.Debug|x64.ActiveCfg = Debug|x64
		{520FD192-A01E-48B9-8982-FA0BD6A4D317}.Debug|x64.Build.0 = Debug|x64
		{520FD192-A01E-48B9-8982-FA0BD6A4D317}.Debug|x86.ActiveCfg = Debug|Win32
		{520FD192-A01E-48B9-8982-FA0BD6A4D317}.Debug|x86.Build.0 = Debug|Win32
		{520FD192-A01E-48B9-8982-FA0BD6A4D317}.Release|x64.ActiveCfg = Release|x64
		{520FD192-A01E-48B9-8982-FA0BD6A4D317}.Release|x64.Build.0 = Release|x64
		{520FD192-A01E-48B9-8982-FA0BD6A4D317}.Release|x86.ActiveCfg = Release|Win32
		{520FD192-A01E-48B9-8982-FA0BD6A4D317}.Release|x86.Build.0 = Release|Win32
		{66B77969-C854-488E-963A-8FEFA80C9A0E}.Debug|x64.ActiveCfg = Debug|x64
		{66B77969-C854-488E-963A-8FEFA80C9A0E}.Debug|x64.Build.0 = Debug|x64
		{66B77969-C854-488E-963A-8FEFA80C9A0E}.Debug|x86.ActiveCfg = Debug|Win32
		{66B77969-C854-488E-963A-8FEFA80C9A0E}.Debug|x86.Build.0 = Debug|Win32
		{66B77969-C854-488E-963A-8FEFA80C9A0E}.Release|x64.ActiveCfg = Release|x64
		{66B77969-C854-488E-963A-8FEFA80C9A0E}.Release|x64.Build.0 = Release|x64
		{66B77969-C854-488E-963A-8FEFA80C9A0E}.Release|x86.ActiveCfg = Release|Win32
		{66B77969-C854-488E-963A-8FEFA80C9A0E}.Release|x86.Build.0 = Release|Win32
		{4401FA3C-28FD-4D24-BA50-347C50FFB9F0}.Debug|x64.ActiveCfg = Debug|x64
		{4401FA3C-28FD-4D24-BA50-347C50FFB9F0}.Debug|x64.Build.0 = Debug|x64
		{4401FA3C-28FD-4D24-BA50-347C50FFB9F0}.Debug|x86.ActiveCfg = Debug|Win32
		{4401FA3C-28FD-4D24-BA50-347C50FFB9F0}.Debug|x86.Build.0 = Debug|Win32
		{4401FA3C-28FD-4D24-BA50-347C50FFB9F0}.Release|x64.ActiveCfg = Release|x64
		{4401FA3C-28FD-4D24-BA50-347C50FFB9F0}.Release|x64.Build.0 = Release|x64
		{4401FA3C-28FD-4D24-BA50-347C50FFB9F0}.Release|x86.ActiveCfg = Release|Win32
		{4401FA3C-28FD-4D24-BA50-347C50FFB9F0}.Release|x86.Build.0 = Release|Win32
		{1FA8B0D9-0781-44AA-831C-D10D1C127FD9}.Debug|x64.ActiveCfg = Debug|x64
		{1FA8B0D9-0781-44AA-831C-D10D1C127FD9}.Debug|x64.Build.0 = Debug|x64
		{1FA8B0D9-0781-44AA-831C-D10D1C127FD9}.Debug|x86.ActiveCfg = Debug|Win32
		{1FA8B0D9-0781-44AA-831C-D10D1C127FD9}.Debug|x86.Build.0 = Debug|Win32
		{1FA8B0D9-0781-44AA-831C-D10D1C127FD9}.Release|x64.ActiveCfg = Release|x64
		{1FA8B0D9-0781-44AA-831C-D10D1C127FD9}.Release|x64.Build.0 = Release|x64
		{1FA8B0D9-0781-44AA-831C-D10D1C127FD9}.Release|x86.ActiveCfg = Release|Win32
		{1FA8B0D9-0781-44AA-831C-D10D1C127FD9}.Release|x86.Build.0 = Release|Win32
		{B1A41FA3-683E-4B58-8B7A-4FB7F93EB47F}.Debug|x64.ActiveCfg = Debug|x64
		{B1A41FA3-683E-4B58-8B7A-4FB7F93EB47F}.Debug|x64.Build.0 = Debug|x64
		{B1A41FA3-683E-4B58-8B7A-4FB7F93EB47F}.Debug|x86.ActiveCfg = Debug|Win32
		{B1A41FA3-683E-4B58-8B7A-4FB7F93EB47F}.Debug|x86.Build.0 = Debug|Win32
		{B1A41FA3-683E-4B58-8B7A-4FB7F93EB47F}.Release|x64.ActiveCfg = Release|x64
		{B1A41FA3-683E-4B58-8B7A-4FB7F93EB47F}.Release|x64.Build.0 = Release|x64
		{B1A41FA3-683E-4B58-8B7A-4FB7F93EB47F}.Release|x86.ActiveCfg = Release|Win32
		{B1A41FA3-683E-4B58-8B7A-4FB7F93EB47F}.Release|x86.Build.0 = Release|Win32
		{5F9F2F0A-2520-4CAF-8F32-AB91CD51D001}.Debug|x64.ActiveCfg = Debug|x64
		{5F9F2F0A-2520-4CAF-8F32-AB91CD51D001}.Debug|x64.Build.0 = Debug|x64
		{5F9F2F0A-2520-4CAF-8F32-AB91CD51D001}.Debug|x86.ActiveCfg = Debug|Win32
		{5F9F2F0A-2520-4CAF-8F32-AB91CD51D001}.Debug|x86.Build.0 = Debug|Win32
		{5F9F2F0A-2520-4CAF-8F32-AB91CD51D001}.Release|x64.ActiveCfg = Release|x64
		{5F9F2F0A-2520-4CAF-8F32-AB91CD51D001}.Release|x64.Build.0 = Release|x64
		{5F9F2F0A-2520-4CAF-8F32-AB91CD51D001}.Release|x86.ActiveCfg = Release|Win32
		{5F9F2F0A-2520-4CAF-8F32-AB91CD51D001}.Release|x86.Build.0 = Release|Win32
		{09EE85D1-9BCD-4E2D-8EF9-D63EAE9921CB}.Debug|x64.ActiveCfg = Debug|x64
		{09EE85D1-9BCD-4E2D-8EF9-D63EAE9921CB}.Debug|x64.Build.0 = Debug|x64
		{09EE85D1-9BCD-4E2D-8EF9-D63EAE9921CB}.Debug|x86.ActiveCfg = Debug|Win32
		{09EE85D1-9BCD-4E2D-8EF9-D63EAE9921CB}.Debug|x86.Build.0 = Debug|Win32
		{09EE85D1-9BCD-4E2D-8EF9-D63EAE9921CB}.Release|x64.ActiveCfg = Release|x64
		{09EE85D1-9BCD-4E2D-8EF9-D63EAE9921CB}.Release|x64.Build.0 = Release|x64
		{09EE85D1-9BCD-4E2D-8EF9-D63EAE9921CB}.Release|x86.ActiveCfg = Release|Win32
		{09EE85D1-9BCD-4E2D-8EF9-D63EAE9921CB}.Release|x86.Build.0 = Release|Win32
		{5BCE1F1A-5B38-4B4D-914B-A6FE1B7F0BCD}.Debug|x64.ActiveCfg = Debug|x64
		{5BCE1F1A-5B38-4B4D-914B-A6FE1B7F0BCD}.Debug|x64.Build.0 = Debug|x64
		{5BCE1F1A-5B38-4B4D-914B-A6FE1B7F0BCD}.Debug|x86.ActiveCfg = Debug|Win32
		{5BCE1F1A-5B38-4B4D-914B-A6FE1B7F0BCD}.Debug|x86.Build.0 = Debug|Win32
		{5BCE1F1A-5B38-4B4D-914B-A6FE1B7F0BCD}.Release|x64.ActiveCfg = Release|x64
		{5BCE1F1A-5B38-4B4D-914B-A6FE1B7F0BCD}.Release|x64.Build.0 = Release|x64
		{5BCE1F1A-5B38-4B4D-914B-A6FE1B7F0BCD}.Release|x86.ActiveCfg = Release|Win32
		{5BCE1F1A-5B38-4B4D-914B-A6FE1B7F0BCD}.Release|x86.Build.0 = Release|Win32
		{D972B875-BE34-4C68-B8E9-671DFC3D7102}.Debug|x64.ActiveCfg = Debug|x64
		{D972B875-BE34-4C68-B8E9-671DFC3D7102}.Debug|x64.Build.0 = Debug|x64
		{D972B875-BE34-4C68-B8E9-671DFC3D7102}.Debug|x86.ActiveCfg = Debug|Win32
		{D972B875-BE34-4C68-B8E9-671DFC3D7102}.Debug|x86.Build.0 = Debug|Win32
		{D972B875-BE34-4C68-B8E9-671DFC3D7102}.Release|x64.ActiveCfg = Release|x64
		{D972B875-BE34-4C68-B8E9-671DFC3D7102}.Release|x64.Build.0 = Release|x64
		{D972B875-BE34-4C68-B8E9-671DFC3D7102}.Release|x86.ActiveCfg = Release|Win32
		{D972B875-BE34-4C68-B8E9-671DFC3D7102}.Release|x86.Build.0 = Release|Win32
		{9606A4E2-F32E-4409-BF7A-5C4B9A26EC26}.Debug|x64.ActiveCfg = Debug|x64
		{9606A4E2-F32E-4409-BF7A-5C4B9A26EC26}.Debug|x64.Build.0 = Debug|x64
		{9606A4E2-F32E-4409-BF7A-5C4B9A26EC26}.Debug|x86.ActiveCfg = Debug|Win32
		{9606A4E2-F32E-4409-BF7A-5C4B9A26EC26}.Debug|x86.Build.0 = Debug|Win32
		{9606A4E2-F32E-4409-BF7A-5C4B9A26EC26}.Release|x64.ActiveCfg = Release|x64
		{9606A4E2-F32E-4409-BF7A-5C4B9A26EC26}.Release|x64.Build.0 = Release|x64
		{9606A4E2-F32E-4409-BF7A-5C4B9A26EC26}.Release|x86.ActiveCfg = Release|Win32
		{9606A4E2-F32E-4409-BF7A-5C4B9A26EC26}.Release|x86.Build.0 = Release|Win32
		{1F6BE032-6CC0-4932-B39A-F71E804E5328}.Debug|x64.ActiveCfg = Debug|x64
		{1F6BE032-6CC0-4932-B39A-F71E804E5328}.Debug|x64.Build.0 = Debug|x64
		{1F6BE032-6CC0-4932-B39A-F71E804E5328}.Debug|x86.ActiveCfg = Debug|Win32
		{1F6BE032-6CC0-4932-B39A-F71E804E5328}.Debug|x86.Build.0 = Debug|Win32
		{1F6BE032-6CC0-4932-B39A-F71E804E5328}.Release|x64.ActiveCfg = Release|x64
		{1F6BE032-6CC0-4932-B39A-F71E804E5328}.Release|x64.Build.0 = Release|x64
		{1F6BE032-6CC0-4932-B39A-F71E804E5328}.Release|x86.ActiveCfg = Release|Win32
		{1F6BE032-6CC0-4932-B39A-F71E804E5328}.Release|x86.Build.0 = Release|Win32
		{0CFDC499-FCFB-4028-A25A-49F845A8456C}.Debug|x64.ActiveCfg = Debug|x64
		{0CFDC499-FCFB-4028-A25A-49F845A8456C}.Debug|x64.Build.0 = Debug|x64
		{0CFDC499-FCFB-4028-A25A-49F845A8456C}.Debug|x86.ActiveCfg = Debug|Win32
		{0CFDC499-FCFB-4028-A25A-49F845A8456C}.Debug|x86.Build.0 = Debug|Win32
		{0CFDC499-FCFB-4028-A25A-49F845A8456C}.Release|x64.ActiveCfg = Release|x64
		{0CFDC499-FCFB-4028-A25A-49F845A8456C}.Release|x64.Build.0 = Release|x64
		{0CFDC499-FCFB-4028-A25A-49F845A8456C}.Release|x86.ActiveCfg = Release|Win32
		{0CFDC499-FCFB-4028-A25A-49F845A8456C}.Release|x86.Build.0 = Release|Win32
		{208A5F8E-A5AD-4E14-ACD8-F8A3D2631FD8}.Debug|x64.ActiveCfg = Debug|x64
		{208A5F8E-A5AD-4E14-ACD8-F8A3D2631FD8}.Debug|x64.Build.0 = Debug|x64
		{208A5F8E-A5AD-4E14-ACD8-F8A3D2631FD8}.Debug|x86.ActiveCfg = Debug|Win32
		{208A5F8E-A5AD-4E14-ACD8-F8A3D2631FD8}.Debug|x86.Build.0 = Debug|Win32
		{208A5F8E-A5AD-4E14-ACD8-F8A3D2631FD8}.Release|x64.ActiveCfg = Release|x64
		{208A5F8E-A5AD-4E14-ACD8-F8A3D2631FD8}.Release|x64.Build.0 = Release|x64
		{208A5F8E-A5AD-4E14-ACD8-F8A3D2631FD8}.Release|x86.ActiveCfg = Release|Win32
		{208A5F8E-A5AD-4E14-ACD8-F8A3D2631FD8}.Release|x86.Build.0 = Release|Win32
		{BD0C03E7-6A00-4134-B2D8-E66CDD930A9E}.Debug|x64.ActiveCfg = Debug|x64
		{BD0C03E7-6A00-4134-B2D8-E66CDD930A9E}.Debug|x64.Build.0 = Debug|x64
		{BD0C03E7-6A00-4134-B2D8-E66CDD930A9E}.Debug|x86.ActiveCfg = Debug|Win32
		{BD0C03E7-6A00-4134-B2D8-E66CDD930A9E}.Debug|x86.Build.0 = Debug|Win32
		{BD0C03E7-6A00-4134-B2D8-E66CDD930A9E}.Release|x64.ActiveCfg = Release|x64
		{BD0C03E7-6A00-4134-B2D8-E66CDD930A9E}.Release|x64.Build.0 = Release|x64
		{BD0C03E7-6A00-4134-B2D8-E66CDD930A9E}.Release|x86.ActiveCfg = Release|Win32
		{BD0C03E7-6A00-4134-B2D8-E66CDD930A9E}.Release|x86.Build.0 = Release|Win32
		{E40A420C-A852-45FE-A20F-F7A795962B77}.Debug|x64.ActiveCfg = Debug|x64
		{E40A420C-A852-45FE-A20F-F7A795962B77}.Debug|x64.Build.0 = Debug|x64
		{E40A420C-A852-45FE-A20F-F7A795962B77}.Debug|x86.ActiveCfg = Debug|Win32
		{E40A420C-A852-45FE-A20F-F7A795962B77}.Debug|x86.Build.0 = Debug|Win32
		{E40A420C-A852-45FE-A20F-F7A795962B77}.Release|x64.ActiveCfg = Release|x64
		{E40A420C-A852-45FE-A20F-F7A795962B77}.Release|x64.Build.0 = Release|x64
		{E40A420C-A852-45FE-A20F-F7A795962B77}.Release|x86.ActiveCfg = Release|Win32
		{E40A420C-A852-45FE-A20F-F7A795962B77}.Release|x86.Build.0 = Release|Win32
		{9FB0626F-FE02-4FD1-BDC5-4CCB338848FB}.Debug|x64.ActiveCfg = Debug|x64
		{9FB0626F-FE02-4FD1-BDC5-4CCB338848FB}.Debug|x64.Build.0 = Debug|x64
		{9FB0626F-FE02-4FD1-BDC5-4CCB338848FB}.Debug|x86.ActiveCfg = Debug|Win32
		{9FB0626F-FE02-4FD1-BDC5-4CCB338848FB}.Debug|x86.Build.0 = Debug|Win32
		{9FB0626F-FE02-4FD1-BDC5-4CCB338848FB}.Release|x64.ActiveCfg = Release|x64
		{9FB0626F-FE02-4FD1-BDC5-4CCB338848FB}.Release|x64.Build.0 = Release|x64
		{9FB0626F-FE02-4FD1-BDC5-4CCB338848FB}.Release|x86.ActiveCfg = Release|Win32
		{9FB0626F-FE02-4FD1-BDC5-4CCB338848FB}.Release|x86.Build.0 = Release|Win32
		{A20EE769-C5FD-4FE0-A8EF-875EE6E4C2FD}.Debug|x64.ActiveCfg = Debug|x64
		{A20EE769-C5FD-4FE0-A8EF-875EE6E4C2FD}.Debug|x64.Build.0 = Debug|x64
		{A20EE769-C5FD-4FE0-A8EF-875EE6E4C2FD}.Debug|x86.ActiveCfg = Debug|Win32
		{A20EE769-C5FD-4FE0-A8EF-875EE6E4C2FD}.Debug|x86.Build.0 = Debug|Win32
		{A20EE769-C5FD-4FE0-A8EF-875EE6E4C2FD}.Release|x64.ActiveCfg = Release|x64
		{A20EE769-C5FD-4FE0-A8EF-875EE6E4C2FD}.Release|x64.Build.0 = Release|x64
		{A20EE769-C5FD-4FE0-A8EF-875EE6E4C2FD}.Release|x86.ActiveCfg = Release|Win32
		{A20EE769-C5FD-4FE0-A8EF-875EE6E4C2FD}.Release|x86.Build.0 = Release|Win32
		{377195C2-FD63-4951-9D41-59ACF05AF129}.Debug|x64.ActiveCfg = Debug|x64
		{377195C2-FD63-4951-9D41-59ACF05AF129}.Debug|x64.Build.0 = Debug|x64
		{377195C2-FD63-4951-9D41-59ACF05AF129}.Debug|x86.ActiveCfg = Debug|Win32
		{377195C2-FD63-4951-9D41-59ACF05AF129}.Debug|x86.Build.0 = Debug|Win32
		{377195C2-FD63-4951-9D41-59ACF05AF129}.Release|x64.ActiveCfg = Release|x64
		{377195C2-FD63-4951-9D41-59ACF05AF129}.Release|x64.Build.0 = Release|x64
		{377195C2-FD63-4951-9D41-59ACF05AF129}.Release|x86.ActiveCfg = Release|Win32
		{377195C2-FD63-4951-9D41-59ACF05AF129}.Release|x86.Build.0 = Release|Win32
		{0860368A-F862-45F2-9AE4-E0275FA9F74E}.Debug|x64.ActiveCfg = Debug|x64
		{0860368A-F862-45F2-9AE4-E0275FA9F74E}.Debug|x64.Build.0 = Debug|x64
		{0860368A-F862-45F2-9AE4-E0275FA9F74E}.Debug|x86.ActiveCfg = Debug|Win32
		{0860368A-F862-45F2-9AE4-E0275FA9F74E}.Debug|x86.Build.0 = Debug|Win32
		{0860368A-F862-45F2-9AE4-E0275FA9F74E}.Release|x64.ActiveCfg = Release|x64
		{0860368A-F862-45F2-9AE4-E0275FA9F74E}.Release|x64.Build.0 = Release|x64
		{0860368A-F862-45F2-9AE4-E0275FA9F74E}.Release|x86.ActiveCfg = Release|Win32
		{0860368A-F862-45F2-9AE4-E0275FA9F74E}.Release|x86.Build.0 = Release|Win32
		{DC4E46AD-8A6C-473A-92F9-4C66F6EC851D}.Debug|x64.ActiveCfg = Debug|x64
		{DC4E46AD-8A6C-473A-92F9-4C66F6EC851D}.Debug|x64.Build.0 = Debug|x64
		{DC4E46AD-8A6C-473A-92F9-4C66F6EC851D}.Debug|x86.ActiveCfg = Debug|Win32
		{DC4E46AD-8A6C-473A-92F9-4C66F6EC851D}.Debug|x86.Build.0 = Debug|Win32
		{DC4E46AD-8A6C-473A-92F9-4C66F6EC851D}.Release|x64.ActiveCfg = Release|x64
		{DC4E46AD-8A6C-473A-92F9-4C66F6EC851D}.Release|x64.Build.0 = Release|x64
		{DC4E46AD-8A6C-473A-92F9-4C66F6EC851D}.Release|x86.ActiveCfg = Release|Win32
		{DC4E46AD-8A6C-473A-92F9-4C66F6EC851D}.Release|x86.Build.0 = Release|Win32
		{3FF631BA-2426-4A16-B18F-855E1CED4343}.Debug|x64.ActiveCfg = Debug|x64
		{3FF631BA-2426-4A16-B18F-855E1CED4343}.Debug|x64.Build.0 = Debug|x64
		{3FF631BA-2426-4A16-B18F-855E1CED4343}.Debug|x86.ActiveCfg = Debug|Win32
		{3FF631BA-2426-4A16-B18F-855E1CED4343}.Debug|x86.Build.0 = Debug|Win32
		{3FF631BA-2426-4A16-B18F-855E1CED4343}.Release|x64.ActiveCfg = Release|x64
		{3FF631BA-2426-4A16-B18F-855E1CED4343}.Release|x64.Build.0 = Release|x64
		{3FF631BA-2426-4A16-B18F-855E1CED4343}.Release|x86.ActiveCfg = Release|Win32
		{3FF631BA-2426-4A16-B18F-855E1CED4343}.Release|x86.Build.0 = Release|Win32
		{C54D06EA-1EA0-4D4B-9639-B02BC2D5BDDF}.Debug|x64.ActiveCfg = Debug|x64
		{C54D06EA-1EA0-4D4B-9639-B02BC2D5BDDF}.Debug|x64.Build.0 = Debug|x64
		{C54D06EA-1EA0-4D4B-9639-B02BC2D5BDDF}.Debug|x86.ActiveCfg = Debug|Win32
		{C54D06EA-1EA0-4D4B-9639-B02BC2D5BDDF}.Debug|x86.Build.0 = Debug|Win32
		{C54D06EA-1EA0-4D4B-9639-B02BC2D5BDDF}.Release|x64.ActiveCfg = Release|x64
		{C54D06EA-1EA0-4D4B-9639-B02BC2D5BDDF}.Release|x64.Build.0 = Release|x64
		{C54D06EA-1EA0-4D4B-9639-B02BC2D5BDDF}.Release|x86.ActiveCfg = Release|Win32
		{C54D06EA-1EA0-4D4B-9639-B02BC2D5BDDF}.Release|x86.Build.0 = Release|Win32
		{7268731C-7D80-4CC8-BFDB-1CD2C9333AD9}.Debug|x64.ActiveCfg = Debug|x64
		{7268731C-7D80-4CC8-BFDB-1CD2C9333AD9}.Debug|x64.Build.0 = Debug|x64
		{7268731C-7D80-4CC8-BFDB-1CD2C9333AD9}.Debug|x86.ActiveCfg = Debug|Win32
		{7268731C-7D80-4CC8-BFDB-1CD2C9333AD9}.Debug|x86.Build.0 = Debug|Win32
		{7268731C-7D80-4CC8-BFDB-1CD2C9333AD9}.Release|x64.ActiveCfg = Release|x64
		{7268731C-7D80-4CC8-BFDB-1CD2C9333AD9}.Release|x64.Build.0 = Release|x64
		{7268731C-7D80-4CC8-BFDB-1CD2C9333AD9}.Release|x86.ActiveCfg = Release|Win32
		{7268731C-7D80-4CC8-BFDB-1CD2C9333AD9}.Release|x86.Build.0 = Release|Win32
		{E20321A6-B33C-4EA4-81EA-EFBA69CDA488}.Debug|x64.ActiveCfg = Debug|x64
		{E20321A6-B33C-4EA4-81EA-EFBA69CDA488}.Debug|x64.Build.0 = Debug|x64
		{E20321A6-B33C-4EA4-81EA-EFBA69CDA488}.Debug|x86.ActiveCfg = Debug|Win32
		{E20321A6-B33C-4EA4-81EA-EFBA69CDA488}.Debug|x86.Build.0 = Debug|Win32
		{E20321A6-B33C-4EA4-81EA-EFBA69CDA488}.Release|x64.ActiveCfg = Release|x64
		{E20321A6-B33C-4EA4-81EA-EFBA69CDA488}.Release|x64.Build.0 = Release|x64
		{E20321A6-B33C-4EA4-81EA-EFBA69CDA488}.Release|x86.ActiveCfg = Release|Win32
		{E20321A6-B33C-4EA4-81EA-EFBA69CDA488}.Release|x86.Build.0 = Release|Win32
		{B7A98B42-C22D-40EA-A189-126C0245F89F}.Debug|x64.ActiveCfg = Debug|x64
		{B7A98B42-C22D-40EA-A189-126C0245F89F}.Debug|x64.Build.0 = Debug|x64
		{B7A98B42-C22D-40EA-A189-126C0245F89F}.Debug|x86.ActiveCfg = Debug|Win32
		{B7A98B42-C22D-40EA-A189-126C0245F89F}.Debug|x86.Build.0 = Debug|Win32
		{B7A98B42-C22D-40EA-A189-126C0245F89F}.Release|x64.ActiveCfg = Release|x64
		{B7A98B42-C22D-40EA-A189-126C0245F89F}.Release|x64.Build.0 = Release|x64
		{B7A98B42-C22D-40EA-A189-126C0245F89F}.Release|x86.ActiveCfg = Release|Win32
		{B7A98B42-C22D-40EA-A189-126C0245F89F}.Release|x86.Build.0 = Release|Win32
		{471891CA-E893-42E4-8435-C6AD306E0D95}.Debug|x64.ActiveCfg = Debug|x64
		{471891CA-E893-42E4-8435-C6AD306E0D95}.Debug|x64.Build.0 = Debug|x64
		{471891CA-E893-42E4-8435-C6AD306E0D95}.Debug|x86.ActiveCfg = Debug|Win32
		{471891CA-E893-42E4-8435-C6AD306E0D95}.Debug|x86.Build.0 = Debug|Win32
		{471891CA-E893-42E4-8435-C6AD306E0D95}.Release|x64.ActiveCfg = Release|x64
		{471891CA-E893-42E4-8435-C6AD306E0D95}.Release|x64.Build.0 = Release|x64
		{471891CA-E893-42E4-8435-C6AD306E0D95}.Release|x86.ActiveCfg = Release|Win32
		{471891CA-E893-42E4-8435-C6AD306E0D95}.Release|x86.Build.0 = Release|Win32
		{FB9581D8-31C3-4798-8326-8327FCA38E67}.Debug|x64.ActiveCfg = Debug|x64
		{FB9581D8-31C3-4798-8326-8327FCA38E67}.Debug|x64.Build.0 = Debug|x64
		{FB9581D8-31C3-4798-8326-8327FCA38E67}.Debug|x86.ActiveCfg = Debug|Win32
		{FB9581D8-31C3-4798-8326-8327FCA38E67}.Debug|x86.Build.0 = Debug|Win32
		{FB9581D8-31C3-4798-8326-8327FCA38E67}.Release|x64.ActiveCfg = Release|x64
		{FB9581D8-31C3-4798-8326-8327FCA38E67}.Release|x64.Build.0 = Release|x64
		{FB9581D8-31C3-4798-8326-8327FCA38E67}.Release|x86.ActiveCfg = Release|Win32
		{FB9581D8-31C3-4798-8326-8327FCA38E67}.Release|x86.Build.0 = Release|Win32
		{98F70724-AF8B-457E-BE98-DBF73593CBAB}.Debug|x64.ActiveCfg = Debug|x64
		{98F70724-AF8B-457E-BE98-DBF73593CBAB}.Debug|x64.Build.0 = Debug|x64
		{98F70724-AF8B-457E-BE98-DBF73593CBAB}.Debug|x86.ActiveCfg = Debug|Win32
		{98F70724-AF8B-457E-BE98-DBF73593CBAB}.Debug|x86.Build.0 = Debug|Win32
		{98F70724-AF8B-457E-BE98-DBF73593CBAB}.Release|x64.ActiveCfg = Release|x64
		{98F70724-AF8B-457E-BE98-DBF73593CBAB}.Release|x64.Build.0 = Release|x64
		{98F70724-AF8B-457E-BE98-DBF73593CBAB}.Release|x86.ActiveCfg = Release|Win32
		{98F70724-AF8B-457E-BE98-DBF73593CBAB}.Release|x86.Build.0 = Release|Win32
		{91C7D4BC-B473-4FE3-9E7E-7B05E87A1978}.Debug|x64.ActiveCfg = Debug|x64
		{91C7D4BC-B473-4FE3-9E7E-7B05E87A1978}.Debug|x64.Build.0 = Debug|x64
		{91C7D4BC-B473-4FE3-9E7E-7B05E87A1978}.Debug|x86.ActiveCfg = Debug|Win32
		{91C7D4BC-B473-4FE3-9E7E-7B05E87A1978}.Debug|x86.Build.0 = Debug|Win32
		{91C7D4BC-B473-4FE3-9E7E-7B05E87A1978}.Release|x64.ActiveCfg = Release|x64
		{91C7D4BC-B473-4FE3-9E7E-7B05E87A1978}.Release|x64.Build.0 = Release|x64
		{91C7D4BC-B473-4FE3-9E7E-7B05E87A1978}.Release|x86.ActiveCfg = Release|Win32
		{91C7D4BC-B473-4FE3-9E7E-7B05E87A1978}.Release|x86.Build.0 = Release|Win32
		{F5EEE1F0-3119-4663-B6DA-58203CF72766}.Debug|x64.ActiveCfg = Debug|x64
		{F5EEE1F0-3119-4663-B6DA-58203CF72766}.Debug|x64.Build.0 = Debug|x64
		{F5EEE1F0-3119-4663-B6DA-58203CF72766}.Debug|x86.ActiveCfg = Debug|Win32
		{F5EEE1F0-3119-4663-B6DA-58203CF72766}.Debug|x86.Build.0 = Debug|Win32
		{F5EEE1F0-3119-4663-B6DA-58203CF72766}.Release|x64.ActiveCfg = Release|x64
		{F5EEE1F0-3119-4663-B6DA-58203CF72766}.Release|x64.Build.0 = Release|x64
		{F5EEE1F0-3119-4663-B6DA-58203CF72766}.Release|x86.ActiveCfg = Release|Win32
		{F5EEE1F0-3119-4663-B6DA-58203CF72766}.Release|x86.Build.0 = Release|Win32
		{30B35F48-E201-4636-A8E2-AC7EB90FC04E}.Debug|x64.ActiveCfg = Debug|x64
		{30B35F48-E201-4636-A8E2-AC7EB90FC04E}.Debug|x64.Build.0 = Debug|x64
		{30B35F48-E201-4636-A8E2-AC7EB90FC04E}.Debug|x86.ActiveCfg = Debug|Win32
		{30B35F48-E201-4636-A8E2-AC7EB90FC04E}.Debug|x86.Build.0 = Debug|Win32
		{30B35F48-E201-4636-A8E2-AC7EB90FC04E}.Release|x64.ActiveCfg = Release|x64
		{30B35F48-E201-4636-A8E2-AC7EB90FC04E}.Release|x64.Build.0 = Release|x64
		{30B35F48-E201-4636-A8E2-AC7EB90FC04E}.Release|x86.ActiveCfg = Release|Win32
		{30B35F48-E201-4636-A8E2-AC7EB90FC04E}.Release|x86.Build.0 = Release|Win32
		{3C7EFD82-C314-449F-8E08-320EE1DB3A51}.Debug|x64.ActiveCfg = Debug|x64
		{3C7EFD82-C314-449F-8E08-320EE1DB3A51}.Debug|x64.Build.0 = Debug|x64
		{3C7EFD82-C314-449F-8E08-320EE1DB3A51}.Debug|x86.ActiveCfg = Debug|Win32
		{3C7EFD82-C314-449F-8E08-320EE1DB3A51}.Debug|x86.Build.0 = Debug|Win32
		{3C7EFD82-C314-449F-8E08-320EE1DB3A51}.Release|x64.ActiveCfg = Release|x64
		{3C7EFD82-C314-449F-8E08-320EE1DB3A51}.Release|x64.Build.0 = Release|x64
		{3C7EFD82-C314-449F-8E08-320EE1DB3A51}.Release|x86.ActiveCfg = Release|Win32
		{3C7EFD82-C314-449F-8E08-320EE1DB3A51}.Release|x86.Build.0 = Release|Win32
		{F8EADAB3-536B-4176-AC07-0EEB036F4873}.Debug|x64.ActiveCfg = Debug|x64
		{F8EADAB3-536B-4176-AC07-0EEB036F4873}.Debug|x64.Build.0 = Debug|x64
		{F8EADAB3-536B-4176-AC07-0EEB036F4873}.Debug|x86.ActiveCfg = Debug|Win32
		{F8EADAB3-536B-4176-AC07-0EEB036F4873}.Debug|x86.Build.0 = Debug|Win32
		{F8EADAB3-536B-4176-AC07-0EEB036F4873}.Release|x64.ActiveCfg = Release|x64
		{F8EADAB3-536B-4176-AC07-0EEB036F4873}.Release|x64.Build.0 = Release|x64
		{F8EADAB3-536B-4176-AC07-0EEB036F4873}.Release|x86.ActiveCfg = Release|Win32
		{F8EADAB3-536B-4176-AC07-0EEB036F4873}.Release|x86.Build.0 = Release|Win32
		{C117F321-0692-476B-8B49-54C94E4C0D6C}.Debug|x64.ActiveCfg = Debug|x64
		{C117F321-0692-476B-8B49-54C94E4C0D6C}.Debug|x64.Build.0 = Debug|x64
		{C117F321-0692-476B-8B49-54C94E4C0D6C}.Debug|x86.ActiveCfg = Debug|Win32
		{C117F321-0692-476B-8B49-54C94E4C0D6C}.Debug|x86.Build.0 = Debug|Win32
		{C117F321-0692-476B-8B49-54C94E4C0D6C}.Release|x64.ActiveCfg = Release|x64
		{C117F321-0692-476B-8B49-54C94E4C0D6C}.Release|x64.Build.0 = Release|x64
		{C117F321-0692-476B-8B49-54C94E4C0D6C}.Release|x86.ActiveCfg = Release|Win32
		{C117F321-0692-476B-8B49-54C94E4C0D6C}.Release|x86.Build.0 = Release|Win32
		{66C61CAF-B876-4F47-A423-5BAE606094C9}.Debug|x64.ActiveCfg = Debug|x64
		{66C61CAF-B876-4F47-A423-5BAE606094C9}.Debug|x64.Build.0 = Debug|x64
		{66C61CAF-B876-4F47-A423-5BAE606094C9}.Debug|x86.ActiveCfg = Debug|Win32
		{66C61CAF-B876-4F47-A423-5BAE606094C9}.Debug|x86.Build.0 = Debug|Win32
		{66C61CAF-B876-4F47-A423-5BAE606094C9}.Release|x64.ActiveCfg = Release|x64
		{66C61CAF-B876-4F47-A423-5BAE606094C9}.Release|x64.Build.0 = Release|x64
		{66C61CAF-B876-4F47-A423-5BAE606094C9}.Release|x86.ActiveCfg = Release|Win32
		{66C61CAF-B876-4F47-A423-5BAE606094C9}.Release|x86.Build.0 = Release|Win32
		{582B4A26-12FB-49B5-A72F-509CCA1098CC}.Debug|x64.ActiveCfg = Debug|x64
		{582B4A26-12FB-49B5-A72F-509CCA1098CC}.Debug|x64.Build.0 = Debug|x64
		{582B4A26-12FB-49B5-A72F-509CCA1098CC}.Debug|x86.ActiveCfg = Debug|Win32
		{582B4A26-12FB-49B5-A72F-509CCA1098CC}.Debug|x86.Build.0 = Debug|Win32
		{582B4A26-12FB-49B5-A72F-509CCA1098CC}.Release|x64.ActiveCfg = Release|x64
		{582B4A26-12FB-49B5-A72F-509CCA1098CC}.Release|x64.Build.0 = Release|x64
		{582B4A26-12FB-49B5-A72F-509CCA1098CC}.Release|x86.ActiveCfg = Release|Win32
		{582B4A26-12FB-49B5-A72F-509CCA1098CC}.Release|x86.Build.0 = Release|Win32
		{2B162497-CDE9-4ED5-B09D-45D510D98817}.Debug|x64.ActiveCfg = Debug|x64
		{2B162497-CDE9-4ED5-B09D-45D510D98817}.Debug|x64.Build.0 = Debug|x64
		{2B162497-CDE9-4ED5-B09D-45D510D98817}.Debug|x86.ActiveCfg = Debug|Win32
		{2B162497-CDE9-4ED5-B09D-45D510D98817}.Debug|x86.Build.0 = Debug|Win32
		{2B162497-CDE9-4ED5-B09D-45D510D98817}.Release|x64.ActiveCfg = Release|x64
		{2B162497-CDE9-4ED5-B09D-45D510D98817}.Release|x64.Build.0 = Release|x64
		{2B162497-CDE9-4ED5-B09D-45D510D98817}.Release|x86.ActiveCfg = Release|Win32
		{2B162497-CDE9-4ED5-B09D-45D510D98817}.Release|x86.Build.0 = Release|Win32
		{3881ABA5-1F9C-4A23-A19C-066A7FBA99D7}.Debug|x64.ActiveCfg = Debug|x64
		{3881ABA5-1F9C-4A23-A19C-066A7FBA99D7}.Debug|x64.Build.0 = Debug|x64
		{3881ABA5-1F9C-4A23-A19C-066A7FBA99D7}.Debug|x86.ActiveCfg = Debug|Win32
		{3881ABA5-1F9C-4A23-A19C-066A7FBA99D7}.Debug|x86.Build.0 = Debug|Win32
		{3881ABA5-1F9C-4A23-A19C-066A7FBA99D7}.Release|x64.ActiveCfg = Release|x64
		{3881ABA5-1F9C-4A23-A19C-066A7FBA99D7}.Release|x64.Build.0 = Release|x64
		{3881ABA5-1F9C-4A23-A19C-066A7FBA99D7}.Release|x86.ActiveCfg = Release|Win32
		{3881ABA5-1F9C-4A23-A19C-066A7FBA99D7}.Release|x86.Build.0 = Release|Win32
		{1DBFD97D-C16E-45D0-B46B-F8AEA6A04478}.Debug|x64.ActiveCfg = Debug|x64
		{1DBFD97D-C16E-45D0-B46B-F8AEA6A04478}.Debug|x64.Build.0 = Debug|x64
		{1DBFD97D-C16E-45D0-B46B-F8AEA6A04478}.Debug|x86.ActiveCfg = Debug|Win32
		{1DBFD97D-C16E-45D0-B46B-F8AEA6A04478}.Debug|x86.Build.0 = Debug|Win32
		{1DBFD97D-C16E-45D0-B46B-F8AEA6A04478}.Release|x64.ActiveCfg = Release|x64
		{1DBFD97D-C16E-45D0-B46B-F8AEA6A04478}.Release|x64.Build.0 = Release|x64
		{1DBFD97D-C16E-45D0-B46B-F8AEA6A04478}.Release|x86.ActiveCfg = Release|Win32
		{1DBFD97D-C16E-45D0-B46B-F8AEA6A04478}.Release|x86.Build.0 = Release|Win32
		{3E6439E9-E41D-4426-9805-DBB8E2F9EFF5}.Debug|x64.ActiveCfg = Debug|x64
		{3E6439E9-E41D-4426-9805-DBB8E2F9EFF5}.Debug|x64.Build.0 = Debug|x64
		{3E6439E9-E41D-4426-9805-DBB8E2F9EFF5}.Debug|x86.ActiveCfg = Debug|Win32
		{3E6439E9-E41D-4426-9805-DBB8E2F9EFF5}.Debug|x86.Build.0 = Debug|Win32
		{3E6439E9-E41D-4426-9805-DBB8E2F9EFF5}.Release|x64.ActiveCfg = Release|x64
		{3E6439E9-E41D-4426-9805-DBB8E2F9EFF5}.Release|x64.Build.0 = Release|x64
		{3E6439E9-E41D-4426-9805-DBB8E2F9EFF5}.Release|x86.ActiveCfg = Release|Win32
		{3E6439E9-E41D-4426-9805-DBB8E2F9EFF5}.Release|x86.Build.0 = Release|Win32
		{40838009-E6FA-432C-B861-F8DCF7D9CCBB}.Debug|x64.ActiveCfg = Debug|x64
		{40838009-E6FA-432C-B861-F8DCF7D9CCBB}.Debug|x64.Build.0 = Debug|x64
		{40838009-E6FA-432C-B861-F8DCF7D9CCBB}.Debug|x86.ActiveCfg = Debug|Win32
		{40838009-E6FA-432C-B861-F8DCF7D9CCBB}.Debug|x86.Build.0 = Debug|Win32
		{40838009-E6FA-432C-B861-F8DCF7D9CCBB}.Release|x64.ActiveCfg = Release|x64
		{40838009-E6FA-432C-B861-F8DCF7D9CCBB}.Release|x64.Build.0 = Release|x64
		{40838009-E6FA-432C-B861-F8DCF7D9CCBB}.Release|x86.ActiveCfg = Release|Win32
		{40838009-E6FA-432C-B861-F8DCF7D9CCBB}.Release|x86.Build.0 = Release|Win32
		{87B6886C-9A9A-4526-A2BC-6A1FF07E0EBA}.Debug|x64.ActiveCfg = Debug|x64
		{87B6886C-9A9A-4526-A2BC-6A1FF07E0EBA}.Debug|x64.Build.0 = Debug|x64
		{87B6886C-9A9A-4526-A2BC-6A1FF07E0EBA}.Debug|x86.ActiveCfg = Debug|Win32
		{87B6886C-9A9A-4526-A2BC-6A1FF07E0EBA}.Debug|x86.Build.0 = Debug|Win32
		{87B6886C-9A9A-4526-A2BC-6A1FF07E0EBA}.Release|x64.ActiveCfg = Release|x64
		{87B6886C-9A9A-4526-A2BC-6A1FF07E0EBA}.Release|x64.Build.0 = Release|x64
		{87B6886C-9A9A-4526-A2BC-6A1FF07E0EBA}.Release|x86.ActiveCfg = Release|Win32
		{87B6886C-9A9A-4526-A2BC-6A1FF07E0EBA}.Release|x86.Build.0 = Release|Win32
		{EBD2BA94-B25F-4489-BF27-602AC78CB467}.Debug|x64.ActiveCfg = Debug|x64
		{EBD2BA94-B25F-4489-BF27-602AC78CB467}.Debug|x64.Build.0 = Debug|x64
		{EBD2BA94-B25F-4489-BF27-602AC78CB467}.Debug|x86.ActiveCfg = Debug|Win32
		{EBD2BA94-B25F-4489-BF27-602AC78CB467}.Debug|x86.Build.0 = Debug|Win32
		{EBD2BA94-B25F-4489-BF27-602AC78CB467}.Release|x64.ActiveCfg = Release|x64
		{EBD2BA94-B25F-4489-BF27-602AC78CB467}.Release|x64.Build.0 = Release|x64
		{EBD2BA94-B25F-4489-BF27-602AC78CB467}.Release|x86.ActiveCfg = Release|Win32
		{EBD2BA94-B25F-4489-BF27-602AC78CB467}.Release|x86.Build.0 = Release|Win32
		{03BF486B-C0E6-49EF-87C2-7F014635607C}.Debug|x64.ActiveCfg = Debug|x64
		{03BF486B-C0E6-49EF-87C2-7F014635607C}.Debug|x64.Build.0 = Debug|x64
		{03BF486B-C0E6-49EF-87C2-7F014635607C}.Debug|x86.ActiveCfg = Debug|Win32
		{03BF486B-C0E6-49EF-87C2-7F014635607C}.Debug|x86.Build.0 = Debug|Win32
		{03BF486B-C0E6-49EF-87C2-7F014635607C}.Release|x64.ActiveCfg = Release|x64
		{03BF486B-C0E6-49EF-87C2-7F014635607C}.Release|x64.Build.0 = Release|x64
		{03BF486B-C0E6-49EF-87C2-7F014635607C}.Release|x86.ActiveCfg = Release|Win32
		{03BF486B-C0E6-49EF-87C2-7F014635607C}.Release|x86.Build.0 = Release|Win32
		{5D56A596-0DF4-4C0E-B224-9B58616B6DBA}.Debug|x64.ActiveCfg = Debug|x64
		{5D56A596-0DF4-4C0E-B224-9B58616B6DBA}.Debug|x64.Build.0 = Debug|x64
		{5D56A596-0DF4-4C0E-B224-9B58616B6DBA}.Debug|x86.ActiveCfg = Debug|Win32
		{5D56A596-0DF4-4C0E-B224-9B58616B6DBA}.Debug|x86.Build.0 = Debug|Win32
		{5D56A596-0DF4-4C0E-B224-9B58616B6DBA}.Release|x64.ActiveCfg = Release|x64
		{5D56A596-0DF4-4C0E-B224-9B58616B6DBA}.Release|x64.Build.0 = Release|x64
		{5D56A596-0DF4-4C0E-B224-9B58616B6DBA}.Release|x86.ActiveCfg = Release|Win32
		{5D56A596-0DF4-4C0E-B224-9B58616B6DBA}.Release|x86.Build.0 = Release|Win32
		{8FB34CFC-62A2-4241-9A78-75CB0D7C99D7}.Debug|x64.ActiveCfg = Debug|x64
		{8FB34CFC-62A2-4241-9A78-75CB0D7C99D7}.Debug|x64.Build.0 = Debug|x64
		{8FB34CFC-62A2-4241-9A78-75CB0D7C99D7}.Debug|x86.ActiveCfg = Debug|Win32
		{8FB34CFC-62A2-4241-9A78-75CB0D7C99D7}.Debug|x86.Build.0 = Debug|Win32
		{8FB34CFC-62A2-4241-9A78-75CB0D7C99D7}.Release|x64.ActiveCfg = Release|x64
		{8FB34CFC-62A2-4241-9A78-75CB0D7C99D7}.Release|x64.Build.0 = Release|x64
		{8FB34CFC-62A2-4241-9A78-75CB0D7C99D7}.Release|x86.ActiveCfg = Release|Win32
		{8FB34CFC-62A2-4241-9A78-75CB0D7C99D7}.Release|x86.Build.0 = Release|Win32
		{2F2AD371-75CB-49BD-91A8-1F3C93121983}.Debug|x64.ActiveCfg = Debug|x64
		{2F2AD371-75CB-49BD-91A8-1F3C93121983}.Debug|x64.Build.0 = Debug|x64
		{2F2AD371-75CB-49BD-91A8-1F3C93121983}.Debug|x86.ActiveCfg = Debug|Win32
		{2F2AD371-75CB-49BD-91A8-1F3C93121983}.Debug|x86.Build.0 = Debug|Win32
		{2F2AD371-75CB-49BD-91A8-1F3C93121983}.Release|x64.ActiveCfg = Release|x64
		{2F2AD371-75CB-49BD-91A8-1F3C93121983}.Release|x64.Build.0 = Release|x64
		{2F2AD371-75CB-49BD-91A8-1F3C93121983}.Release|x86.ActiveCfg = Release|Win32
		{2F2AD371-75CB-49BD-91A8-1F3C93121983}.Release|x86.Build.0 = Release|Win32
		{5C79B891-248A-4F0A-88F7-F125995F3DD3}.Debug|x64.ActiveCfg = Debug|x64
		{5C79B891-248A-4F0A-88F7-F125995F3DD3}.Debug|x64.Build.0 = Debug|x64
		{5C79B891-248A-4F0A-88F7-F125995F3DD3}.Debug|x86.ActiveCfg = Debug|Win32
		{5C79B891-248A-4F0A-88F7-F125995F3DD3}.Debug|x86.Build.0 = Debug|Win32
		{5C79B891-248A-4F0A-88F7-F125995F3DD3}.Release|x64.ActiveCfg = Release|x64
		{5C79B891-248A-4F0A-88F7-F125995F3DD3}.Release|x64.Build.0 = Release|x64
		{5C79B891-248A-4F0A-88F7-F125995F3DD3}.Release|x86.ActiveCfg = Release|Win32
		{5C79B891-248A-4F0A-88F7-F125995F3DD3}.Release|x86.Build.0 = Release|Win32
		{8A46402B-CC37-4E06-9C74-83BDC32B85EE}.Debug|x64.ActiveCfg = Debug|x64
		{8A46402B-CC37-4E06-9C74-83BDC32B85EE}.Debug|x64.Build.0 = Debug|x64
		{8A46402B-CC37-4E06-9C74-83BDC32B85EE}.Debug|x86.ActiveCfg = Debug|Win32
		{8A46402B-CC37-4E06-9C74-83BDC32B85EE}.Debug|x86.Build.0 = Debug|Win32
		{8A46402B-CC37-4E06-9C74-83BDC32B85EE}.Release|x64.ActiveCfg = Release|x64
		{8A46402B-CC37-4E06-9C74-83BDC32B85EE}.Release|x64.Build.0 = Release|x64
		{8A46402B-CC37-4E06-9C74-83BDC32B85EE}.Release|x86.ActiveCfg = Release|Win32
		{8A46402B-CC37-4E06-9C74-83BDC32B85EE}.Release|x86.Build.0 = Release|Win32
		{5A79431E-CCD4-4D68-8465-E99ADD711C17}.Debug|x64.ActiveCfg = Debug|x64
		{5A79431E-CCD4-4D68-8465-E99ADD711C17}.Debug|x64.Build.0 = Debug|x64
		{5A79431E-CCD4-4D68-8465-E99ADD711C17}.Debug|x86.ActiveCfg = Debug|Win32
		{5A79431E-CCD4-4D68-8465-E99ADD711C17}.Debug|x86.Build.0 = Debug|Win32
		{5A79431E-CCD4-4D68-8465-E99ADD711C17}.Release|x64.ActiveCfg = Release|x64
		{5A79431E-CCD4-4D68-8465-E99ADD711C17}.Release|x64.Build.0 = Release|x64
		{5A79431E-CCD4-4D68-8465-E99ADD711C17}.Release|x86.ActiveCfg = Release|Win32
		{5A79431E-CCD4-4D68-8465-E99ADD711C17}.Release|x86.Build.0 = Release|Win32
		{D1AE1C02-F243-4B8A-BA05-48F6EC19F582}.Debug|x64.ActiveCfg = Debug|x64
		{D1AE1C02-F243-4B8A-BA05-48F6EC19F582}.Debug|x64.Build.0 = Debug|x64
		{D1AE1C02-F243-4B8A-BA05-48F6EC19F582}.Debug|x86.ActiveCfg = Debug|Win32
		{D1AE1C02-F243-4B8A-BA05-48F6EC19F582}.Debug|x86.Build.0 = Debug|Win32
		{D1AE1C02-F243-4B8A-BA05-48F6EC19F582}.Release|x64.ActiveCfg = Release|x64
		{D1AE1C02-F243-4B8A-BA05-48F6EC19F582}.Release|x64.Build.0 = Release|x64
		{D1AE1C02-F243-4B8A-BA05-48F6EC19F582}.Release|x86.ActiveCfg = Release|Win32
		{D1AE1C02-F243-4B8A-BA05-48F6EC19F582}.Release|x86.Build.0 = Release|Win32
		{39FF0930-8CF5-4E5B-B3E5-9E4C18634CC7}.Debug|x64.ActiveCfg = Debug|x64
		{39FF0930-8CF5-4E5B-B3E5-9E4C18634CC7}.Debug|x64.Build.0 = Debug|x64
		{39FF0930-8CF5-4E5B-B3E5-9E4C18634CC7}.Debug|x86.ActiveCfg = Debug|Win32
		{39FF0930-8CF5-4E5B-B3E5-9E4C18634CC7}.Debug|x86.Build.0 = Debug|Win32
		{39FF0930-8CF5-4E5B-B3E5-9E4C18634CC7}.Release|x64.ActiveCfg = Release|x64
		{39FF0930-8CF5-4E5B-B3E5-9E4C18634CC7}.Release|x64.Build.0 = Release|x64
		{39FF0930-8CF5-4E5B-B3E5-9E4C18634CC7}.Release|x86.ActiveCfg = Release|Win32
		{39FF0930-8CF5-4E5B-B3E5-9E4C18634CC7}.Release|x86.Build.0 = Release|Win32
		{44210EC4-A543-4B55-9623-18D34DA9EF47}.Debug|x64.ActiveCfg = Debug|x64
		{44210EC4-A543-4B55-9623-18D34DA9EF47}.Debug|x64.Build.0 = Debug|x64
		{44210EC4-A543-4B55-9623-18D34DA9EF47}.Debug|x86.ActiveCfg = Debug|Win32
		{44210EC4-A543-4B55-9623-18D34DA9EF47}.Debug|x86.Build.0 = Debug|Win32
		{44210EC4-A543-4B55-9623-18D34DA9EF47}.Release|x64.ActiveCfg = Release|x64
		{44210EC4-A543-4B55-9623-18D34DA9EF47}.Release|x64.Build.0 = Release|x64
		{44210EC4-A543-4B55-9623-18D34DA9EF47}.Release|x86.ActiveCfg = Release|Win32
		{44210EC4-A543-4B55-9623-18D34DA9EF47}.Release|x86.Build.0 = Release|Win32
		{C4F30E0B-0A64-4090-AAD7-66B07B87221C}.Debug|x64.ActiveCfg = Debug|x64
		{C4F30E0B-0A64-4090-AAD7-66B07B87221C}.Debug|x64.Build.0 = Debug|x64
		{C4F30E0B-0A64-4090-AAD7-66B07B87221C}.Debug|x86.ActiveCfg = Debug|Win32
		{C4F30E0B-0A64-4090-AAD7-66B07B87221C}.Debug|x86.Build.0 = Debug|Win32
		{C4F30E0B-0A64-4090-AAD7-66B07B87221C}.Release|x64.ActiveCfg = Release|x64
		{C4F30E0B-0A64-4090-AAD7-66B07B87221C}.Release|x64.Build.0 = Release|x64
		{C4F30E0B-0A64-4090-AAD7-66B07B87221C}.Release|x86.ActiveCfg = Release|Win32
		{C4F30E0B-0A64-4090-AAD7-66B07B87221C}.Release|x86.Build.0 = Release|Win32
		{43A9F552-7224-4F8C-88CA-C3A1E73A6485}.Debug|x64.ActiveCfg = Debug|x64
		{43A9F552-7224-4F8C-88CA-C3A1E73A6485}.Debug|x64.Build.0 = Debug|x64
		{43A9F552-7224-4F8C-88CA-C3A1E73A6485}.Debug|x86.ActiveCfg = Debug|Win32
		{43A9F552-7224-4F8C-88CA-C3A1E73A6485}.Debug|x86.Build.0 = Debug|Win32
		{43A9F552-7224-4F8C-88CA-C3A1E73A6485}.Release|x64.ActiveCfg = Release|x64
		{43A9F552-7224-4F8C-88CA-C3A1E73A6485}.Release|x64.Build.0 = Release|x64
		{43A9F552-7224-4F8C-88CA-C3A1E73A6485}.Release|x86.ActiveCfg = Release|Win32
		{43A9F552-7224-4F8C-88CA-C3A1E73A6485}.Release|x86.Build.0 = Release|Win32
		{AA1ADF37-EC35-40CB-8FFD-B37747D589D8}.Debug|x64.ActiveCfg = Debug|x64
		{AA1ADF37-EC35-40CB-8FFD-B37747D589D8}.Debug|x64.Build.0 = Debug|x64
		{AA1ADF37-EC35-40CB-8FFD-B37747D589D8}.Debug|x86.ActiveCfg = Debug|Win32
		{AA1ADF37-EC35-40CB-8FFD-B37747D589D8}.Debug|x86.Build.0 = Debug|Win32
		{AA1ADF37-EC35-40CB-8FFD-B37747D589D8}.Release|x64.ActiveCfg = Release|x64
		{AA1ADF37-EC35-40CB-8FFD-B37747D589D8}.Release|x64.Build.0 = Release|x64
		{AA1ADF37-EC35-40CB-8FFD-B37747D589D8}.Release|x86.ActiveCfg = Release|Win32
		{AA1ADF37-EC35-40CB-8FFD-B37747D589D8}.Release|x86.Build.0 = Release|Win32
	EndGlobalSection
	GlobalSection(SolutionProperties) = preSolution
		HideSolutionNode = FALSE
	EndGlobalSection
	GlobalSection(ExtensibilityGlobals) = postSolution
		SolutionGuid = {F1AE017F-6159-4769-816A-7B8CB04B2F82}
	EndGlobalSection
EndGlobal
