
Microsoft Visual Studio Solution File, Format Version 12.00
# Visual Studio Version 17
VisualStudioVersion = 17.7.34031.279
MinimumVisualStudioVersion = 10.0.40219.1
Project("{8BC9CEB8-8B4A-11D0-8D11-00A0C91BC942}") = "Bai001", "Bai001\Bai001.vcxproj", "{EFD74CB8-5E55-426F-B3DE-32727139BA8E}"
EndProject
Project("{8BC9CEB8-8B4A-11D0-8D11-00A0C91BC942}") = "Bai003", "Bai003\Bai003.vcxproj", "{28CF06D6-0A9B-485C-A2B2-2991080BF983}"
EndProject
Project("{8BC9CEB8-8B4A-11D0-8D11-00A0C91BC942}") = "Bai005", "Bai005\Bai005.vcxproj", "{D008BA01-CD48-4CDF-AD4E-113AB083DF21}"
EndProject
Project("{8BC9CEB8-8B4A-11D0-8D11-00A0C91BC942}") = "Bai007", "Bai007\Bai007.vcxproj", "{6DB5AA2B-00BA-4EBE-A490-38CEBDD88CBF}"
EndProject
Project("{8BC9CEB8-8B4A-11D0-8D11-00A0C91BC942}") = "Bai009", "Bai009\Bai009.vcxproj", "{9B677E4F-A167-491D-936C-4BC8E2530B30}"
EndProject
Project("{8BC9CEB8-8B4A-11D0-8D11-00A0C91BC942}") = "Bai011", "Bai011\Bai011.vcxproj", "{E46412D4-2EC3-46A0-B52F-640994A78253}"
EndProject
Project("{8BC9CEB8-8B4A-11D0-8D11-00A0C91BC942}") = "Bai013", "Bai013\Bai013.vcxproj", "{DE979AF4-4220-410F-81DE-ABC484A3A1A3}"
EndProject
Project("{8BC9CEB8-8B4A-11D0-8D11-00A0C91BC942}") = "Bai015", "Bai015\Bai015.vcxproj", "{DD2748C4-1FDD-4955-B4B9-DC4D6334503B}"
EndProject
Project("{8BC9CEB8-8B4A-11D0-8D11-00A0C91BC942}") = "Bai017", "Bai017\Bai017.vcxproj", "{F192322E-65BC-4595-A2C7-95F0811C4A50}"
EndProject
Project("{8BC9CEB8-8B4A-11D0-8D11-00A0C91BC942}") = "Bai019", "Bai019\Bai019.vcxproj", "{037E4452-820F-4B1E-B52E-11946DCD0D7F}"
EndProject
Project("{8BC9CEB8-8B4A-11D0-8D11-00A0C91BC942}") = "Bai021", "Bai021\Bai021.vcxproj", "{A8ECBB79-E2D0-49A4-B3E3-03FE64CBCBE2}"
EndProject
Project("{8BC9CEB8-8B4A-11D0-8D11-00A0C91BC942}") = "Bai023", "Bai023\Bai023.vcxproj", "{E32C0CED-E01A-4F51-9051-0EE34118E387}"
EndProject
Project("{8BC9CEB8-8B4A-11D0-8D11-00A0C91BC942}") = "Bai025", "Bai025\Bai025.vcxproj", "{D046EE95-6F84-4396-95FC-DB6994DCFDD9}"
EndProject
Project("{8BC9CEB8-8B4A-11D0-8D11-00A0C91BC942}") = "Bai027", "Bai027\Bai027.vcxproj", "{3BEE7648-64BB-480B-87BB-9C6D3F4B9550}"
EndProject
Project("{8BC9CEB8-8B4A-11D0-8D11-00A0C91BC942}") = "Bai029", "Bai029\Bai029.vcxproj", "{7C7CFD82-043B-4698-912B-ED31839BEE52}"
EndProject
Project("{8BC9CEB8-8B4A-11D0-8D11-00A0C91BC942}") = "Bai031", "Bai031\Bai031.vcxproj", "{145B4922-B98F-4927-9FA8-E9FE4F99CC28}"
EndProject
Project("{8BC9CEB8-8B4A-11D0-8D11-00A0C91BC942}") = "Bai033", "Bai033\Bai033.vcxproj", "{3C49E16B-BE46-4D18-B06F-D5C4BB008FB2}"
EndProject
Project("{8BC9CEB8-8B4A-11D0-8D11-00A0C91BC942}") = "Bai035", "Bai035\Bai035.vcxproj", "{F695DF53-04D4-4424-9F58-0C0D5A6F4CB2}"
EndProject
Project("{8BC9CEB8-8B4A-11D0-8D11-00A0C91BC942}") = "Bai037", "Bai037\Bai037.vcxproj", "{0C96594A-207E-4271-BF4D-1D4AE2F734C3}"
EndProject
Project("{8BC9CEB8-8B4A-11D0-8D11-00A0C91BC942}") = "Bai039", "Bai039\Bai039.vcxproj", "{FE1EF33C-0FE0-4703-9295-5CD9BDD969B8}"
EndProject
Project("{8BC9CEB8-8B4A-11D0-8D11-00A0C91BC942}") = "Bai041", "Bai041\Bai041.vcxproj", "{A85A163C-1C48-4817-89B6-F7E372AD901F}"
EndProject
Project("{8BC9CEB8-8B4A-11D0-8D11-00A0C91BC942}") = "Bai043", "Bai043\Bai043.vcxproj", "{0F50FB37-5D91-4478-92C7-7EA2CC36D34B}"
EndProject
Project("{8BC9CEB8-8B4A-11D0-8D11-00A0C91BC942}") = "Bai045", "Bai045\Bai045.vcxproj", "{62485EE5-3C1E-4A0A-9DE6-30E222E32093}"
EndProject
Project("{8BC9CEB8-8B4A-11D0-8D11-00A0C91BC942}") = "Bai047", "Bai047\Bai047.vcxproj", "{586C3CAB-D008-4A8B-B4F9-E1F69C477F40}"
EndProject
Project("{8BC9CEB8-8B4A-11D0-8D11-00A0C91BC942}") = "Bai049", "Bai049\Bai049.vcxproj", "{23C79F54-2E32-4291-948F-7AF2697BC080}"
EndProject
Project("{8BC9CEB8-8B4A-11D0-8D11-00A0C91BC942}") = "Bai051", "Bai051\Bai051.vcxproj", "{8D777B2A-838C-434D-A103-FD232DEDB75E}"
EndProject
Project("{8BC9CEB8-8B4A-11D0-8D11-00A0C91BC942}") = "Bai053", "Bai053\Bai053.vcxproj", "{29D5663D-1B9B-46DF-933E-16F882990443}"
EndProject
Project("{8BC9CEB8-8B4A-11D0-8D11-00A0C91BC942}") = "Bai055", "Bai055\Bai055.vcxproj", "{9D5A5DE0-2E92-4F40-86FC-35BC6D31FF52}"
EndProject
Project("{8BC9CEB8-8B4A-11D0-8D11-00A0C91BC942}") = "Bai057", "Bai057\Bai057.vcxproj", "{AC3898E4-AB8B-4C85-8E9F-63E8686AF9CF}"
EndProject
Project("{8BC9CEB8-8B4A-11D0-8D11-00A0C91BC942}") = "Bai059", "Bai059\Bai059.vcxproj", "{8A4706C8-CB27-4ACA-94E6-3F763AB64710}"
EndProject
Project("{8BC9CEB8-8B4A-11D0-8D11-00A0C91BC942}") = "Bai061", "Bai061\Bai061.vcxproj", "{389F1C05-3FCE-44A3-B412-19B654FB1018}"
EndProject
Project("{8BC9CEB8-8B4A-11D0-8D11-00A0C91BC942}") = "Bai063", "Bai063\Bai063.vcxproj", "{9F97198E-D46C-4271-8EF6-8EB6EB112A80}"
EndProject
Project("{8BC9CEB8-8B4A-11D0-8D11-00A0C91BC942}") = "Bai065", "Bai065\Bai065.vcxproj", "{E61BE6A2-5B1B-4B0C-8891-0437D44DB99C}"
EndProject
Project("{8BC9CEB8-8B4A-11D0-8D11-00A0C91BC942}") = "Bai067", "Bai067\Bai067.vcxproj", "{FAE8E76B-CD56-49D0-8AEE-F97D596528AC}"
EndProject
Project("{8BC9CEB8-8B4A-11D0-8D11-00A0C91BC942}") = "Bai069", "Bai069\Bai069.vcxproj", "{3716B95E-3DDD-408A-9B2E-0CD11A0430AE}"
EndProject
Project("{8BC9CEB8-8B4A-11D0-8D11-00A0C91BC942}") = "Bai071", "Bai071\Bai071.vcxproj", "{C87B9CFD-E992-45C3-833A-56117EDBA724}"
EndProject
Project("{8BC9CEB8-8B4A-11D0-8D11-00A0C91BC942}") = "Bai073", "Bai073\Bai073.vcxproj", "{48E37B82-6131-4EFF-8B97-0946089983BD}"
EndProject
Project("{8BC9CEB8-8B4A-11D0-8D11-00A0C91BC942}") = "Bai075", "Bai075\Bai075.vcxproj", "{66867E76-DC7F-443E-8C2D-3777C4819B6D}"
EndProject
Project("{8BC9CEB8-8B4A-11D0-8D11-00A0C91BC942}") = "Bai079", "Bai079\Bai079.vcxproj", "{25C3DA37-494A-428F-A3D8-2AABB63CF150}"
EndProject
Project("{8BC9CEB8-8B4A-11D0-8D11-00A0C91BC942}") = "Bai077", "Bai077\Bai077.vcxproj", "{182D6877-4369-4FBC-92D3-F844DAB76BC8}"
EndProject
Project("{8BC9CEB8-8B4A-11D0-8D11-00A0C91BC942}") = "Bai081", "Bai081\Bai081.vcxproj", "{010D819A-3615-4ADD-9DF8-1AE89A527652}"
EndProject
Project("{8BC9CEB8-8B4A-11D0-8D11-00A0C91BC942}") = "Bai083", "Bai083\Bai083.vcxproj", "{5EBBF273-3749-41FE-90AB-F837E1961E43}"
EndProject
Project("{8BC9CEB8-8B4A-11D0-8D11-00A0C91BC942}") = "Bai085", "Bai085\Bai085.vcxproj", "{AB592C0A-5265-46B1-ABA6-8F0C0284E181}"
EndProject
Project("{8BC9CEB8-8B4A-11D0-8D11-00A0C91BC942}") = "Bai087", "Bai087\Bai087.vcxproj", "{DD6FFC73-1BFA-4D78-9C35-822D18FCDA69}"
EndProject
Project("{8BC9CEB8-8B4A-11D0-8D11-00A0C91BC942}") = "Bai089", "Bai089\Bai089.vcxproj", "{360C97EB-0D6C-4D6B-957D-F9B05A3B7E18}"
EndProject
Project("{8BC9CEB8-8B4A-11D0-8D11-00A0C91BC942}") = "Bai091", "Bai091\Bai091.vcxproj", "{1174DBD6-D43D-4919-9147-471B1887AD8A}"
EndProject
Project("{8BC9CEB8-8B4A-11D0-8D11-00A0C91BC942}") = "Bai093", "Bai093\Bai093.vcxproj", "{3D60260C-C0F5-4614-8789-676BAD3684BB}"
EndProject
Project("{8BC9CEB8-8B4A-11D0-8D11-00A0C91BC942}") = "Bai095", "Bai095\Bai095.vcxproj", "{772166B7-DCB6-49A7-9F59-471D6542AC7A}"
EndProject
Project("{8BC9CEB8-8B4A-11D0-8D11-00A0C91BC942}") = "Bai097", "Bai097\Bai097.vcxproj", "{5AA4C981-4053-4551-B733-4135E879F2FE}"
EndProject
Project("{8BC9CEB8-8B4A-11D0-8D11-00A0C91BC942}") = "Bai099", "Bai099\Bai099.vcxproj", "{3EADAAAD-3527-45CF-8D96-D53089EEE17D}"
EndProject
Project("{8BC9CEB8-8B4A-11D0-8D11-00A0C91BC942}") = "Bai101", "Bai101\Bai101.vcxproj", "{D5512DBA-477B-43F0-B1EE-9D9F7A427EF0}"
EndProject
Project("{8BC9CEB8-8B4A-11D0-8D11-00A0C91BC942}") = "Bai103", "Bai103\Bai103.vcxproj", "{066B91DE-1DED-488B-9170-DF8E8E65A98A}"
EndProject
Project("{8BC9CEB8-8B4A-11D0-8D11-00A0C91BC942}") = "Bai105", "Bai105\Bai105.vcxproj", "{F674D390-515E-4474-A119-A81A5145EB57}"
EndProject
Project("{8BC9CEB8-8B4A-11D0-8D11-00A0C91BC942}") = "Bai107", "Bai107\Bai107.vcxproj", "{3B88FE0F-B683-4AB7-A6C5-AA79BE7ED6BA}"
EndProject
Project("{8BC9CEB8-8B4A-11D0-8D11-00A0C91BC942}") = "Bai109", "Bai109\Bai109.vcxproj", "{6DA240B8-68B4-4D5C-B775-E88502C1FF2F}"
EndProject
Project("{8BC9CEB8-8B4A-11D0-8D11-00A0C91BC942}") = "Bai111", "Bai111\Bai111.vcxproj", "{8B8F6016-B703-41B0-8A48-64ACAD66FE73}"
EndProject
Project("{8BC9CEB8-8B4A-11D0-8D11-00A0C91BC942}") = "Bai113", "Bai113\Bai113.vcxproj", "{AA1503AF-2212-4063-AA4C-9B5A13AA5A57}"
EndProject
Project("{8BC9CEB8-8B4A-11D0-8D11-00A0C91BC942}") = "Bai115", "Bai115\Bai115.vcxproj", "{C002DD3A-B482-4BEF-A343-FAE83072EFE1}"
EndProject
Project("{8BC9CEB8-8B4A-11D0-8D11-00A0C91BC942}") = "Bai117", "Bai117\Bai117.vcxproj", "{61B0CC7E-5953-42B6-8AD8-AC3026CA1049}"
EndProject
Project("{8BC9CEB8-8B4A-11D0-8D11-00A0C91BC942}") = "Bai119", "Bai119\Bai119.vcxproj", "{87931548-7B46-4168-AF54-605EFE754AE4}"
EndProject
Project("{8BC9CEB8-8B4A-11D0-8D11-00A0C91BC942}") = "Bai121", "Bai121\Bai121.vcxproj", "{241488F9-BB68-461A-B383-BDB4867F47A3}"
EndProject
Project("{8BC9CEB8-8B4A-11D0-8D11-00A0C91BC942}") = "Bai123", "Bai123\Bai123.vcxproj", "{F5E5DADF-0D70-4ACF-86C7-F8F8544AB62C}"
EndProject
Project("{8BC9CEB8-8B4A-11D0-8D11-00A0C91BC942}") = "Bai125", "Bai125\Bai125.vcxproj", "{60610B68-B51E-4B2B-BB66-74FD4B5A3776}"
EndProject
Project("{8BC9CEB8-8B4A-11D0-8D11-00A0C91BC942}") = "Bai127", "Bai127\Bai127.vcxproj", "{FB38E8E7-12FC-4F97-89B7-826172E32B28}"
EndProject
Project("{8BC9CEB8-8B4A-11D0-8D11-00A0C91BC942}") = "Bai129", "Bai129\Bai129.vcxproj", "{AF62D9D5-EE36-4DEE-AC86-8498B817B352}"
EndProject
Project("{8BC9CEB8-8B4A-11D0-8D11-00A0C91BC942}") = "Bai131", "Bai131\Bai131.vcxproj", "{24055F29-FA80-416A-84D4-39E52A85FA72}"
EndProject
Project("{8BC9CEB8-8B4A-11D0-8D11-00A0C91BC942}") = "Bai133", "Bai133\Bai133.vcxproj", "{07120E36-1EB0-4213-9849-8BCCD9A4A380}"
EndProject
Project("{8BC9CEB8-8B4A-11D0-8D11-00A0C91BC942}") = "Bai135", "Bai135\Bai135.vcxproj", "{E1E17194-7D02-429D-BF68-29BDF554E723}"
EndProject
Project("{8BC9CEB8-8B4A-11D0-8D11-00A0C91BC942}") = "Bai139", "Bai139\Bai139.vcxproj", "{3C2D4AD5-24B9-4927-9ACD-B98C3719EE6A}"
EndProject
Project("{8BC9CEB8-8B4A-11D0-8D11-00A0C91BC942}") = "Bai137", "Bai137\Bai137.vcxproj", "{DB5EB07F-5A00-488F-A3B0-1A4A6AFB49C9}"
EndProject
Project("{8BC9CEB8-8B4A-11D0-8D11-00A0C91BC942}") = "Bai141", "Bai141\Bai141.vcxproj", "{48057496-A16E-4A84-BBAD-71BD2D3309BD}"
EndProject
Project("{8BC9CEB8-8B4A-11D0-8D11-00A0C91BC942}") = "Bai143", "Bai143\Bai143.vcxproj", "{D7BC298F-AF83-4E74-B361-D354535C2175}"
EndProject
Project("{8BC9CEB8-8B4A-11D0-8D11-00A0C91BC942}") = "Bai145", "Bai145\Bai145.vcxproj", "{99D1B0F9-500E-497B-A074-9CF3B5A19895}"
EndProject
Project("{8BC9CEB8-8B4A-11D0-8D11-00A0C91BC942}") = "Bai147", "Bai147\Bai147.vcxproj", "{CCDF2D68-4201-4825-9742-91D4F27643BA}"
EndProject
Project("{8BC9CEB8-8B4A-11D0-8D11-00A0C91BC942}") = "Bai149", "Bai149\Bai149.vcxproj", "{B1F765AA-72F2-425D-9560-C0F0371CD0D2}"
EndProject
Project("{8BC9CEB8-8B4A-11D0-8D11-00A0C91BC942}") = "Bai151", "Bai151\Bai151.vcxproj", "{34C45827-4B16-4700-AFC2-BF8F54901FC4}"
EndProject
Project("{8BC9CEB8-8B4A-11D0-8D11-00A0C91BC942}") = "Bai153", "Bai153\Bai153.vcxproj", "{AED8DFE0-708D-4A1A-9311-3CA898F604D7}"
EndProject
Project("{8BC9CEB8-8B4A-11D0-8D11-00A0C91BC942}") = "Bai155", "Bai155\Bai155.vcxproj", "{B6337A56-0200-46EA-A868-1CAFD84A71AC}"
EndProject
Project("{8BC9CEB8-8B4A-11D0-8D11-00A0C91BC942}") = "Bai157", "Bai157\Bai157.vcxproj", "{E7C43D54-9E39-485E-8521-9A49F6F49FE1}"
EndProject
Project("{8BC9CEB8-8B4A-11D0-8D11-00A0C91BC942}") = "Bai159", "Bai159\Bai159.vcxproj", "{EE17973A-92D7-4999-B769-2420C297356C}"
EndProject
Project("{8BC9CEB8-8B4A-11D0-8D11-00A0C91BC942}") = "Bai161", "Bai161\Bai161.vcxproj", "{EB623941-D530-45FC-8A88-F12E36591216}"
EndProject
Project("{8BC9CEB8-8B4A-11D0-8D11-00A0C91BC942}") = "Bai163", "Bai163\Bai163.vcxproj", "{133FF78B-F511-46D8-9004-43EB0C993B4B}"
EndProject
Project("{8BC9CEB8-8B4A-11D0-8D11-00A0C91BC942}") = "Bai165", "Bai165\Bai165.vcxproj", "{60EE2AD4-793C-4B92-B843-6BB6B7A9C4FA}"
EndProject
Project("{8BC9CEB8-8B4A-11D0-8D11-00A0C91BC942}") = "Bai167", "Bai167\Bai167.vcxproj", "{E9E52F90-58F4-402B-AAC7-5DA7A15C255C}"
EndProject
Global
	GlobalSection(SolutionConfigurationPlatforms) = preSolution
		Debug|x64 = Debug|x64
		Debug|x86 = Debug|x86
		Release|x64 = Release|x64
		Release|x86 = Release|x86
	EndGlobalSection
	GlobalSection(ProjectConfigurationPlatforms) = postSolution
		{EFD74CB8-5E55-426F-B3DE-32727139BA8E}.Debug|x64.ActiveCfg = Debug|x64
		{EFD74CB8-5E55-426F-B3DE-32727139BA8E}.Debug|x64.Build.0 = Debug|x64
		{EFD74CB8-5E55-426F-B3DE-32727139BA8E}.Debug|x86.ActiveCfg = Debug|Win32
		{EFD74CB8-5E55-426F-B3DE-32727139BA8E}.Debug|x86.Build.0 = Debug|Win32
		{EFD74CB8-5E55-426F-B3DE-32727139BA8E}.Release|x64.ActiveCfg = Release|x64
		{EFD74CB8-5E55-426F-B3DE-32727139BA8E}.Release|x64.Build.0 = Release|x64
		{EFD74CB8-5E55-426F-B3DE-32727139BA8E}.Release|x86.ActiveCfg = Release|Win32
		{EFD74CB8-5E55-426F-B3DE-32727139BA8E}.Release|x86.Build.0 = Release|Win32
		{28CF06D6-0A9B-485C-A2B2-2991080BF983}.Debug|x64.ActiveCfg = Debug|x64
		{28CF06D6-0A9B-485C-A2B2-2991080BF983}.Debug|x64.Build.0 = Debug|x64
		{28CF06D6-0A9B-485C-A2B2-2991080BF983}.Debug|x86.ActiveCfg = Debug|Win32
		{28CF06D6-0A9B-485C-A2B2-2991080BF983}.Debug|x86.Build.0 = Debug|Win32
		{28CF06D6-0A9B-485C-A2B2-2991080BF983}.Release|x64.ActiveCfg = Release|x64
		{28CF06D6-0A9B-485C-A2B2-2991080BF983}.Release|x64.Build.0 = Release|x64
		{28CF06D6-0A9B-485C-A2B2-2991080BF983}.Release|x86.ActiveCfg = Release|Win32
		{28CF06D6-0A9B-485C-A2B2-2991080BF983}.Release|x86.Build.0 = Release|Win32
		{D008BA01-CD48-4CDF-AD4E-113AB083DF21}.Debug|x64.ActiveCfg = Debug|x64
		{D008BA01-CD48-4CDF-AD4E-113AB083DF21}.Debug|x64.Build.0 = Debug|x64
		{D008BA01-CD48-4CDF-AD4E-113AB083DF21}.Debug|x86.ActiveCfg = Debug|Win32
		{D008BA01-CD48-4CDF-AD4E-113AB083DF21}.Debug|x86.Build.0 = Debug|Win32
		{D008BA01-CD48-4CDF-AD4E-113AB083DF21}.Release|x64.ActiveCfg = Release|x64
		{D008BA01-CD48-4CDF-AD4E-113AB083DF21}.Release|x64.Build.0 = Release|x64
		{D008BA01-CD48-4CDF-AD4E-113AB083DF21}.Release|x86.ActiveCfg = Release|Win32
		{D008BA01-CD48-4CDF-AD4E-113AB083DF21}.Release|x86.Build.0 = Release|Win32
		{6DB5AA2B-00BA-4EBE-A490-38CEBDD88CBF}.Debug|x64.ActiveCfg = Debug|x64
		{6DB5AA2B-00BA-4EBE-A490-38CEBDD88CBF}.Debug|x64.Build.0 = Debug|x64
		{6DB5AA2B-00BA-4EBE-A490-38CEBDD88CBF}.Debug|x86.ActiveCfg = Debug|Win32
		{6DB5AA2B-00BA-4EBE-A490-38CEBDD88CBF}.Debug|x86.Build.0 = Debug|Win32
		{6DB5AA2B-00BA-4EBE-A490-38CEBDD88CBF}.Release|x64.ActiveCfg = Release|x64
		{6DB5AA2B-00BA-4EBE-A490-38CEBDD88CBF}.Release|x64.Build.0 = Release|x64
		{6DB5AA2B-00BA-4EBE-A490-38CEBDD88CBF}.Release|x86.ActiveCfg = Release|Win32
		{6DB5AA2B-00BA-4EBE-A490-38CEBDD88CBF}.Release|x86.Build.0 = Release|Win32
		{9B677E4F-A167-491D-936C-4BC8E2530B30}.Debug|x64.ActiveCfg = Debug|x64
		{9B677E4F-A167-491D-936C-4BC8E2530B30}.Debug|x64.Build.0 = Debug|x64
		{9B677E4F-A167-491D-936C-4BC8E2530B30}.Debug|x86.ActiveCfg = Debug|Win32
		{9B677E4F-A167-491D-936C-4BC8E2530B30}.Debug|x86.Build.0 = Debug|Win32
		{9B677E4F-A167-491D-936C-4BC8E2530B30}.Release|x64.ActiveCfg = Release|x64
		{9B677E4F-A167-491D-936C-4BC8E2530B30}.Release|x64.Build.0 = Release|x64
		{9B677E4F-A167-491D-936C-4BC8E2530B30}.Release|x86.ActiveCfg = Release|Win32
		{9B677E4F-A167-491D-936C-4BC8E2530B30}.Release|x86.Build.0 = Release|Win32
		{E46412D4-2EC3-46A0-B52F-640994A78253}.Debug|x64.ActiveCfg = Debug|x64
		{E46412D4-2EC3-46A0-B52F-640994A78253}.Debug|x64.Build.0 = Debug|x64
		{E46412D4-2EC3-46A0-B52F-640994A78253}.Debug|x86.ActiveCfg = Debug|Win32
		{E46412D4-2EC3-46A0-B52F-640994A78253}.Debug|x86.Build.0 = Debug|Win32
		{E46412D4-2EC3-46A0-B52F-640994A78253}.Release|x64.ActiveCfg = Release|x64
		{E46412D4-2EC3-46A0-B52F-640994A78253}.Release|x64.Build.0 = Release|x64
		{E46412D4-2EC3-46A0-B52F-640994A78253}.Release|x86.ActiveCfg = Release|Win32
		{E46412D4-2EC3-46A0-B52F-640994A78253}.Release|x86.Build.0 = Release|Win32
		{DE979AF4-4220-410F-81DE-ABC484A3A1A3}.Debug|x64.ActiveCfg = Debug|x64
		{DE979AF4-4220-410F-81DE-ABC484A3A1A3}.Debug|x64.Build.0 = Debug|x64
		{DE979AF4-4220-410F-81DE-ABC484A3A1A3}.Debug|x86.ActiveCfg = Debug|Win32
		{DE979AF4-4220-410F-81DE-ABC484A3A1A3}.Debug|x86.Build.0 = Debug|Win32
		{DE979AF4-4220-410F-81DE-ABC484A3A1A3}.Release|x64.ActiveCfg = Release|x64
		{DE979AF4-4220-410F-81DE-ABC484A3A1A3}.Release|x64.Build.0 = Release|x64
		{DE979AF4-4220-410F-81DE-ABC484A3A1A3}.Release|x86.ActiveCfg = Release|Win32
		{DE979AF4-4220-410F-81DE-ABC484A3A1A3}.Release|x86.Build.0 = Release|Win32
		{DD2748C4-1FDD-4955-B4B9-DC4D6334503B}.Debug|x64.ActiveCfg = Debug|x64
		{DD2748C4-1FDD-4955-B4B9-DC4D6334503B}.Debug|x64.Build.0 = Debug|x64
		{DD2748C4-1FDD-4955-B4B9-DC4D6334503B}.Debug|x86.ActiveCfg = Debug|Win32
		{DD2748C4-1FDD-4955-B4B9-DC4D6334503B}.Debug|x86.Build.0 = Debug|Win32
		{DD2748C4-1FDD-4955-B4B9-DC4D6334503B}.Release|x64.ActiveCfg = Release|x64
		{DD2748C4-1FDD-4955-B4B9-DC4D6334503B}.Release|x64.Build.0 = Release|x64
		{DD2748C4-1FDD-4955-B4B9-DC4D6334503B}.Release|x86.ActiveCfg = Release|Win32
		{DD2748C4-1FDD-4955-B4B9-DC4D6334503B}.Release|x86.Build.0 = Release|Win32
		{F192322E-65BC-4595-A2C7-95F0811C4A50}.Debug|x64.ActiveCfg = Debug|x64
		{F192322E-65BC-4595-A2C7-95F0811C4A50}.Debug|x64.Build.0 = Debug|x64
		{F192322E-65BC-4595-A2C7-95F0811C4A50}.Debug|x86.ActiveCfg = Debug|Win32
		{F192322E-65BC-4595-A2C7-95F0811C4A50}.Debug|x86.Build.0 = Debug|Win32
		{F192322E-65BC-4595-A2C7-95F0811C4A50}.Release|x64.ActiveCfg = Release|x64
		{F192322E-65BC-4595-A2C7-95F0811C4A50}.Release|x64.Build.0 = Release|x64
		{F192322E-65BC-4595-A2C7-95F0811C4A50}.Release|x86.ActiveCfg = Release|Win32
		{F192322E-65BC-4595-A2C7-95F0811C4A50}.Release|x86.Build.0 = Release|Win32
		{037E4452-820F-4B1E-B52E-11946DCD0D7F}.Debug|x64.ActiveCfg = Debug|x64
		{037E4452-820F-4B1E-B52E-11946DCD0D7F}.Debug|x64.Build.0 = Debug|x64
		{037E4452-820F-4B1E-B52E-11946DCD0D7F}.Debug|x86.ActiveCfg = Debug|Win32
		{037E4452-820F-4B1E-B52E-11946DCD0D7F}.Debug|x86.Build.0 = Debug|Win32
		{037E4452-820F-4B1E-B52E-11946DCD0D7F}.Release|x64.ActiveCfg = Release|x64
		{037E4452-820F-4B1E-B52E-11946DCD0D7F}.Release|x64.Build.0 = Release|x64
		{037E4452-820F-4B1E-B52E-11946DCD0D7F}.Release|x86.ActiveCfg = Release|Win32
		{037E4452-820F-4B1E-B52E-11946DCD0D7F}.Release|x86.Build.0 = Release|Win32
		{A8ECBB79-E2D0-49A4-B3E3-03FE64CBCBE2}.Debug|x64.ActiveCfg = Debug|x64
		{A8ECBB79-E2D0-49A4-B3E3-03FE64CBCBE2}.Debug|x64.Build.0 = Debug|x64
		{A8ECBB79-E2D0-49A4-B3E3-03FE64CBCBE2}.Debug|x86.ActiveCfg = Debug|Win32
		{A8ECBB79-E2D0-49A4-B3E3-03FE64CBCBE2}.Debug|x86.Build.0 = Debug|Win32
		{A8ECBB79-E2D0-49A4-B3E3-03FE64CBCBE2}.Release|x64.ActiveCfg = Release|x64
		{A8ECBB79-E2D0-49A4-B3E3-03FE64CBCBE2}.Release|x64.Build.0 = Release|x64
		{A8ECBB79-E2D0-49A4-B3E3-03FE64CBCBE2}.Release|x86.ActiveCfg = Release|Win32
		{A8ECBB79-E2D0-49A4-B3E3-03FE64CBCBE2}.Release|x86.Build.0 = Release|Win32
		{E32C0CED-E01A-4F51-9051-0EE34118E387}.Debug|x64.ActiveCfg = Debug|x64
		{E32C0CED-E01A-4F51-9051-0EE34118E387}.Debug|x64.Build.0 = Debug|x64
		{E32C0CED-E01A-4F51-9051-0EE34118E387}.Debug|x86.ActiveCfg = Debug|Win32
		{E32C0CED-E01A-4F51-9051-0EE34118E387}.Debug|x86.Build.0 = Debug|Win32
		{E32C0CED-E01A-4F51-9051-0EE34118E387}.Release|x64.ActiveCfg = Release|x64
		{E32C0CED-E01A-4F51-9051-0EE34118E387}.Release|x64.Build.0 = Release|x64
		{E32C0CED-E01A-4F51-9051-0EE34118E387}.Release|x86.ActiveCfg = Release|Win32
		{E32C0CED-E01A-4F51-9051-0EE34118E387}.Release|x86.Build.0 = Release|Win32
		{D046EE95-6F84-4396-95FC-DB6994DCFDD9}.Debug|x64.ActiveCfg = Debug|x64
		{D046EE95-6F84-4396-95FC-DB6994DCFDD9}.Debug|x64.Build.0 = Debug|x64
		{D046EE95-6F84-4396-95FC-DB6994DCFDD9}.Debug|x86.ActiveCfg = Debug|Win32
		{D046EE95-6F84-4396-95FC-DB6994DCFDD9}.Debug|x86.Build.0 = Debug|Win32
		{D046EE95-6F84-4396-95FC-DB6994DCFDD9}.Release|x64.ActiveCfg = Release|x64
		{D046EE95-6F84-4396-95FC-DB6994DCFDD9}.Release|x64.Build.0 = Release|x64
		{D046EE95-6F84-4396-95FC-DB6994DCFDD9}.Release|x86.ActiveCfg = Release|Win32
		{D046EE95-6F84-4396-95FC-DB6994DCFDD9}.Release|x86.Build.0 = Release|Win32
		{3BEE7648-64BB-480B-87BB-9C6D3F4B9550}.Debug|x64.ActiveCfg = Debug|x64
		{3BEE7648-64BB-480B-87BB-9C6D3F4B9550}.Debug|x64.Build.0 = Debug|x64
		{3BEE7648-64BB-480B-87BB-9C6D3F4B9550}.Debug|x86.ActiveCfg = Debug|Win32
		{3BEE7648-64BB-480B-87BB-9C6D3F4B9550}.Debug|x86.Build.0 = Debug|Win32
		{3BEE7648-64BB-480B-87BB-9C6D3F4B9550}.Release|x64.ActiveCfg = Release|x64
		{3BEE7648-64BB-480B-87BB-9C6D3F4B9550}.Release|x64.Build.0 = Release|x64
		{3BEE7648-64BB-480B-87BB-9C6D3F4B9550}.Release|x86.ActiveCfg = Release|Win32
		{3BEE7648-64BB-480B-87BB-9C6D3F4B9550}.Release|x86.Build.0 = Release|Win32
		{7C7CFD82-043B-4698-912B-ED31839BEE52}.Debug|x64.ActiveCfg = Debug|x64
		{7C7CFD82-043B-4698-912B-ED31839BEE52}.Debug|x64.Build.0 = Debug|x64
		{7C7CFD82-043B-4698-912B-ED31839BEE52}.Debug|x86.ActiveCfg = Debug|Win32
		{7C7CFD82-043B-4698-912B-ED31839BEE52}.Debug|x86.Build.0 = Debug|Win32
		{7C7CFD82-043B-4698-912B-ED31839BEE52}.Release|x64.ActiveCfg = Release|x64
		{7C7CFD82-043B-4698-912B-ED31839BEE52}.Release|x64.Build.0 = Release|x64
		{7C7CFD82-043B-4698-912B-ED31839BEE52}.Release|x86.ActiveCfg = Release|Win32
		{7C7CFD82-043B-4698-912B-ED31839BEE52}.Release|x86.Build.0 = Release|Win32
		{145B4922-B98F-4927-9FA8-E9FE4F99CC28}.Debug|x64.ActiveCfg = Debug|x64
		{145B4922-B98F-4927-9FA8-E9FE4F99CC28}.Debug|x64.Build.0 = Debug|x64
		{145B4922-B98F-4927-9FA8-E9FE4F99CC28}.Debug|x86.ActiveCfg = Debug|Win32
		{145B4922-B98F-4927-9FA8-E9FE4F99CC28}.Debug|x86.Build.0 = Debug|Win32
		{145B4922-B98F-4927-9FA8-E9FE4F99CC28}.Release|x64.ActiveCfg = Release|x64
		{145B4922-B98F-4927-9FA8-E9FE4F99CC28}.Release|x64.Build.0 = Release|x64
		{145B4922-B98F-4927-9FA8-E9FE4F99CC28}.Release|x86.ActiveCfg = Release|Win32
		{145B4922-B98F-4927-9FA8-E9FE4F99CC28}.Release|x86.Build.0 = Release|Win32
		{3C49E16B-BE46-4D18-B06F-D5C4BB008FB2}.Debug|x64.ActiveCfg = Debug|x64
		{3C49E16B-BE46-4D18-B06F-D5C4BB008FB2}.Debug|x64.Build.0 = Debug|x64
		{3C49E16B-BE46-4D18-B06F-D5C4BB008FB2}.Debug|x86.ActiveCfg = Debug|Win32
		{3C49E16B-BE46-4D18-B06F-D5C4BB008FB2}.Debug|x86.Build.0 = Debug|Win32
		{3C49E16B-BE46-4D18-B06F-D5C4BB008FB2}.Release|x64.ActiveCfg = Release|x64
		{3C49E16B-BE46-4D18-B06F-D5C4BB008FB2}.Release|x64.Build.0 = Release|x64
		{3C49E16B-BE46-4D18-B06F-D5C4BB008FB2}.Release|x86.ActiveCfg = Release|Win32
		{3C49E16B-BE46-4D18-B06F-D5C4BB008FB2}.Release|x86.Build.0 = Release|Win32
		{F695DF53-04D4-4424-9F58-0C0D5A6F4CB2}.Debug|x64.ActiveCfg = Debug|x64
		{F695DF53-04D4-4424-9F58-0C0D5A6F4CB2}.Debug|x64.Build.0 = Debug|x64
		{F695DF53-04D4-4424-9F58-0C0D5A6F4CB2}.Debug|x86.ActiveCfg = Debug|Win32
		{F695DF53-04D4-4424-9F58-0C0D5A6F4CB2}.Debug|x86.Build.0 = Debug|Win32
		{F695DF53-04D4-4424-9F58-0C0D5A6F4CB2}.Release|x64.ActiveCfg = Release|x64
		{F695DF53-04D4-4424-9F58-0C0D5A6F4CB2}.Release|x64.Build.0 = Release|x64
		{F695DF53-04D4-4424-9F58-0C0D5A6F4CB2}.Release|x86.ActiveCfg = Release|Win32
		{F695DF53-04D4-4424-9F58-0C0D5A6F4CB2}.Release|x86.Build.0 = Release|Win32
		{0C96594A-207E-4271-BF4D-1D4AE2F734C3}.Debug|x64.ActiveCfg = Debug|x64
		{0C96594A-207E-4271-BF4D-1D4AE2F734C3}.Debug|x64.Build.0 = Debug|x64
		{0C96594A-207E-4271-BF4D-1D4AE2F734C3}.Debug|x86.ActiveCfg = Debug|Win32
		{0C96594A-207E-4271-BF4D-1D4AE2F734C3}.Debug|x86.Build.0 = Debug|Win32
		{0C96594A-207E-4271-BF4D-1D4AE2F734C3}.Release|x64.ActiveCfg = Release|x64
		{0C96594A-207E-4271-BF4D-1D4AE2F734C3}.Release|x64.Build.0 = Release|x64
		{0C96594A-207E-4271-BF4D-1D4AE2F734C3}.Release|x86.ActiveCfg = Release|Win32
		{0C96594A-207E-4271-BF4D-1D4AE2F734C3}.Release|x86.Build.0 = Release|Win32
		{FE1EF33C-0FE0-4703-9295-5CD9BDD969B8}.Debug|x64.ActiveCfg = Debug|x64
		{FE1EF33C-0FE0-4703-9295-5CD9BDD969B8}.Debug|x64.Build.0 = Debug|x64
		{FE1EF33C-0FE0-4703-9295-5CD9BDD969B8}.Debug|x86.ActiveCfg = Debug|Win32
		{FE1EF33C-0FE0-4703-9295-5CD9BDD969B8}.Debug|x86.Build.0 = Debug|Win32
		{FE1EF33C-0FE0-4703-9295-5CD9BDD969B8}.Release|x64.ActiveCfg = Release|x64
		{FE1EF33C-0FE0-4703-9295-5CD9BDD969B8}.Release|x64.Build.0 = Release|x64
		{FE1EF33C-0FE0-4703-9295-5CD9BDD969B8}.Release|x86.ActiveCfg = Release|Win32
		{FE1EF33C-0FE0-4703-9295-5CD9BDD969B8}.Release|x86.Build.0 = Release|Win32
		{A85A163C-1C48-4817-89B6-F7E372AD901F}.Debug|x64.ActiveCfg = Debug|x64
		{A85A163C-1C48-4817-89B6-F7E372AD901F}.Debug|x64.Build.0 = Debug|x64
		{A85A163C-1C48-4817-89B6-F7E372AD901F}.Debug|x86.ActiveCfg = Debug|Win32
		{A85A163C-1C48-4817-89B6-F7E372AD901F}.Debug|x86.Build.0 = Debug|Win32
		{A85A163C-1C48-4817-89B6-F7E372AD901F}.Release|x64.ActiveCfg = Release|x64
		{A85A163C-1C48-4817-89B6-F7E372AD901F}.Release|x64.Build.0 = Release|x64
		{A85A163C-1C48-4817-89B6-F7E372AD901F}.Release|x86.ActiveCfg = Release|Win32
		{A85A163C-1C48-4817-89B6-F7E372AD901F}.Release|x86.Build.0 = Release|Win32
		{0F50FB37-5D91-4478-92C7-7EA2CC36D34B}.Debug|x64.ActiveCfg = Debug|x64
		{0F50FB37-5D91-4478-92C7-7EA2CC36D34B}.Debug|x64.Build.0 = Debug|x64
		{0F50FB37-5D91-4478-92C7-7EA2CC36D34B}.Debug|x86.ActiveCfg = Debug|Win32
		{0F50FB37-5D91-4478-92C7-7EA2CC36D34B}.Debug|x86.Build.0 = Debug|Win32
		{0F50FB37-5D91-4478-92C7-7EA2CC36D34B}.Release|x64.ActiveCfg = Release|x64
		{0F50FB37-5D91-4478-92C7-7EA2CC36D34B}.Release|x64.Build.0 = Release|x64
		{0F50FB37-5D91-4478-92C7-7EA2CC36D34B}.Release|x86.ActiveCfg = Release|Win32
		{0F50FB37-5D91-4478-92C7-7EA2CC36D34B}.Release|x86.Build.0 = Release|Win32
		{62485EE5-3C1E-4A0A-9DE6-30E222E32093}.Debug|x64.ActiveCfg = Debug|x64
		{62485EE5-3C1E-4A0A-9DE6-30E222E32093}.Debug|x64.Build.0 = Debug|x64
		{62485EE5-3C1E-4A0A-9DE6-30E222E32093}.Debug|x86.ActiveCfg = Debug|Win32
		{62485EE5-3C1E-4A0A-9DE6-30E222E32093}.Debug|x86.Build.0 = Debug|Win32
		{62485EE5-3C1E-4A0A-9DE6-30E222E32093}.Release|x64.ActiveCfg = Release|x64
		{62485EE5-3C1E-4A0A-9DE6-30E222E32093}.Release|x64.Build.0 = Release|x64
		{62485EE5-3C1E-4A0A-9DE6-30E222E32093}.Release|x86.ActiveCfg = Release|Win32
		{62485EE5-3C1E-4A0A-9DE6-30E222E32093}.Release|x86.Build.0 = Release|Win32
		{586C3CAB-D008-4A8B-B4F9-E1F69C477F40}.Debug|x64.ActiveCfg = Debug|x64
		{586C3CAB-D008-4A8B-B4F9-E1F69C477F40}.Debug|x64.Build.0 = Debug|x64
		{586C3CAB-D008-4A8B-B4F9-E1F69C477F40}.Debug|x86.ActiveCfg = Debug|Win32
		{586C3CAB-D008-4A8B-B4F9-E1F69C477F40}.Debug|x86.Build.0 = Debug|Win32
		{586C3CAB-D008-4A8B-B4F9-E1F69C477F40}.Release|x64.ActiveCfg = Release|x64
		{586C3CAB-D008-4A8B-B4F9-E1F69C477F40}.Release|x64.Build.0 = Release|x64
		{586C3CAB-D008-4A8B-B4F9-E1F69C477F40}.Release|x86.ActiveCfg = Release|Win32
		{586C3CAB-D008-4A8B-B4F9-E1F69C477F40}.Release|x86.Build.0 = Release|Win32
		{23C79F54-2E32-4291-948F-7AF2697BC080}.Debug|x64.ActiveCfg = Debug|x64
		{23C79F54-2E32-4291-948F-7AF2697BC080}.Debug|x64.Build.0 = Debug|x64
		{23C79F54-2E32-4291-948F-7AF2697BC080}.Debug|x86.ActiveCfg = Debug|Win32
		{23C79F54-2E32-4291-948F-7AF2697BC080}.Debug|x86.Build.0 = Debug|Win32
		{23C79F54-2E32-4291-948F-7AF2697BC080}.Release|x64.ActiveCfg = Release|x64
		{23C79F54-2E32-4291-948F-7AF2697BC080}.Release|x64.Build.0 = Release|x64
		{23C79F54-2E32-4291-948F-7AF2697BC080}.Release|x86.ActiveCfg = Release|Win32
		{23C79F54-2E32-4291-948F-7AF2697BC080}.Release|x86.Build.0 = Release|Win32
		{8D777B2A-838C-434D-A103-FD232DEDB75E}.Debug|x64.ActiveCfg = Debug|x64
		{8D777B2A-838C-434D-A103-FD232DEDB75E}.Debug|x64.Build.0 = Debug|x64
		{8D777B2A-838C-434D-A103-FD232DEDB75E}.Debug|x86.ActiveCfg = Debug|Win32
		{8D777B2A-838C-434D-A103-FD232DEDB75E}.Debug|x86.Build.0 = Debug|Win32
		{8D777B2A-838C-434D-A103-FD232DEDB75E}.Release|x64.ActiveCfg = Release|x64
		{8D777B2A-838C-434D-A103-FD232DEDB75E}.Release|x64.Build.0 = Release|x64
		{8D777B2A-838C-434D-A103-FD232DEDB75E}.Release|x86.ActiveCfg = Release|Win32
		{8D777B2A-838C-434D-A103-FD232DEDB75E}.Release|x86.Build.0 = Release|Win32
		{29D5663D-1B9B-46DF-933E-16F882990443}.Debug|x64.ActiveCfg = Debug|x64
		{29D5663D-1B9B-46DF-933E-16F882990443}.Debug|x64.Build.0 = Debug|x64
		{29D5663D-1B9B-46DF-933E-16F882990443}.Debug|x86.ActiveCfg = Debug|Win32
		{29D5663D-1B9B-46DF-933E-16F882990443}.Debug|x86.Build.0 = Debug|Win32
		{29D5663D-1B9B-46DF-933E-16F882990443}.Release|x64.ActiveCfg = Release|x64
		{29D5663D-1B9B-46DF-933E-16F882990443}.Release|x64.Build.0 = Release|x64
		{29D5663D-1B9B-46DF-933E-16F882990443}.Release|x86.ActiveCfg = Release|Win32
		{29D5663D-1B9B-46DF-933E-16F882990443}.Release|x86.Build.0 = Release|Win32
		{9D5A5DE0-2E92-4F40-86FC-35BC6D31FF52}.Debug|x64.ActiveCfg = Debug|x64
		{9D5A5DE0-2E92-4F40-86FC-35BC6D31FF52}.Debug|x64.Build.0 = Debug|x64
		{9D5A5DE0-2E92-4F40-86FC-35BC6D31FF52}.Debug|x86.ActiveCfg = Debug|Win32
		{9D5A5DE0-2E92-4F40-86FC-35BC6D31FF52}.Debug|x86.Build.0 = Debug|Win32
		{9D5A5DE0-2E92-4F40-86FC-35BC6D31FF52}.Release|x64.ActiveCfg = Release|x64
		{9D5A5DE0-2E92-4F40-86FC-35BC6D31FF52}.Release|x64.Build.0 = Release|x64
		{9D5A5DE0-2E92-4F40-86FC-35BC6D31FF52}.Release|x86.ActiveCfg = Release|Win32
		{9D5A5DE0-2E92-4F40-86FC-35BC6D31FF52}.Release|x86.Build.0 = Release|Win32
		{AC3898E4-AB8B-4C85-8E9F-63E8686AF9CF}.Debug|x64.ActiveCfg = Debug|x64
		{AC3898E4-AB8B-4C85-8E9F-63E8686AF9CF}.Debug|x64.Build.0 = Debug|x64
		{AC3898E4-AB8B-4C85-8E9F-63E8686AF9CF}.Debug|x86.ActiveCfg = Debug|Win32
		{AC3898E4-AB8B-4C85-8E9F-63E8686AF9CF}.Debug|x86.Build.0 = Debug|Win32
		{AC3898E4-AB8B-4C85-8E9F-63E8686AF9CF}.Release|x64.ActiveCfg = Release|x64
		{AC3898E4-AB8B-4C85-8E9F-63E8686AF9CF}.Release|x64.Build.0 = Release|x64
		{AC3898E4-AB8B-4C85-8E9F-63E8686AF9CF}.Release|x86.ActiveCfg = Release|Win32
		{AC3898E4-AB8B-4C85-8E9F-63E8686AF9CF}.Release|x86.Build.0 = Release|Win32
		{8A4706C8-CB27-4ACA-94E6-3F763AB64710}.Debug|x64.ActiveCfg = Debug|x64
		{8A4706C8-CB27-4ACA-94E6-3F763AB64710}.Debug|x64.Build.0 = Debug|x64
		{8A4706C8-CB27-4ACA-94E6-3F763AB64710}.Debug|x86.ActiveCfg = Debug|Win32
		{8A4706C8-CB27-4ACA-94E6-3F763AB64710}.Debug|x86.Build.0 = Debug|Win32
		{8A4706C8-CB27-4ACA-94E6-3F763AB64710}.Release|x64.ActiveCfg = Release|x64
		{8A4706C8-CB27-4ACA-94E6-3F763AB64710}.Release|x64.Build.0 = Release|x64
		{8A4706C8-CB27-4ACA-94E6-3F763AB64710}.Release|x86.ActiveCfg = Release|Win32
		{8A4706C8-CB27-4ACA-94E6-3F763AB64710}.Release|x86.Build.0 = Release|Win32
		{389F1C05-3FCE-44A3-B412-19B654FB1018}.Debug|x64.ActiveCfg = Debug|x64
		{389F1C05-3FCE-44A3-B412-19B654FB1018}.Debug|x64.Build.0 = Debug|x64
		{389F1C05-3FCE-44A3-B412-19B654FB1018}.Debug|x86.ActiveCfg = Debug|Win32
		{389F1C05-3FCE-44A3-B412-19B654FB1018}.Debug|x86.Build.0 = Debug|Win32
		{389F1C05-3FCE-44A3-B412-19B654FB1018}.Release|x64.ActiveCfg = Release|x64
		{389F1C05-3FCE-44A3-B412-19B654FB1018}.Release|x64.Build.0 = Release|x64
		{389F1C05-3FCE-44A3-B412-19B654FB1018}.Release|x86.ActiveCfg = Release|Win32
		{389F1C05-3FCE-44A3-B412-19B654FB1018}.Release|x86.Build.0 = Release|Win32
		{9F97198E-D46C-4271-8EF6-8EB6EB112A80}.Debug|x64.ActiveCfg = Debug|x64
		{9F97198E-D46C-4271-8EF6-8EB6EB112A80}.Debug|x64.Build.0 = Debug|x64
		{9F97198E-D46C-4271-8EF6-8EB6EB112A80}.Debug|x86.ActiveCfg = Debug|Win32
		{9F97198E-D46C-4271-8EF6-8EB6EB112A80}.Debug|x86.Build.0 = Debug|Win32
		{9F97198E-D46C-4271-8EF6-8EB6EB112A80}.Release|x64.ActiveCfg = Release|x64
		{9F97198E-D46C-4271-8EF6-8EB6EB112A80}.Release|x64.Build.0 = Release|x64
		{9F97198E-D46C-4271-8EF6-8EB6EB112A80}.Release|x86.ActiveCfg = Release|Win32
		{9F97198E-D46C-4271-8EF6-8EB6EB112A80}.Release|x86.Build.0 = Release|Win32
		{E61BE6A2-5B1B-4B0C-8891-0437D44DB99C}.Debug|x64.ActiveCfg = Debug|x64
		{E61BE6A2-5B1B-4B0C-8891-0437D44DB99C}.Debug|x64.Build.0 = Debug|x64
		{E61BE6A2-5B1B-4B0C-8891-0437D44DB99C}.Debug|x86.ActiveCfg = Debug|Win32
		{E61BE6A2-5B1B-4B0C-8891-0437D44DB99C}.Debug|x86.Build.0 = Debug|Win32
		{E61BE6A2-5B1B-4B0C-8891-0437D44DB99C}.Release|x64.ActiveCfg = Release|x64
		{E61BE6A2-5B1B-4B0C-8891-0437D44DB99C}.Release|x64.Build.0 = Release|x64
		{E61BE6A2-5B1B-4B0C-8891-0437D44DB99C}.Release|x86.ActiveCfg = Release|Win32
		{E61BE6A2-5B1B-4B0C-8891-0437D44DB99C}.Release|x86.Build.0 = Release|Win32
		{FAE8E76B-CD56-49D0-8AEE-F97D596528AC}.Debug|x64.ActiveCfg = Debug|x64
		{FAE8E76B-CD56-49D0-8AEE-F97D596528AC}.Debug|x64.Build.0 = Debug|x64
		{FAE8E76B-CD56-49D0-8AEE-F97D596528AC}.Debug|x86.ActiveCfg = Debug|Win32
		{FAE8E76B-CD56-49D0-8AEE-F97D596528AC}.Debug|x86.Build.0 = Debug|Win32
		{FAE8E76B-CD56-49D0-8AEE-F97D596528AC}.Release|x64.ActiveCfg = Release|x64
		{FAE8E76B-CD56-49D0-8AEE-F97D596528AC}.Release|x64.Build.0 = Release|x64
		{FAE8E76B-CD56-49D0-8AEE-F97D596528AC}.Release|x86.ActiveCfg = Release|Win32
		{FAE8E76B-CD56-49D0-8AEE-F97D596528AC}.Release|x86.Build.0 = Release|Win32
		{3716B95E-3DDD-408A-9B2E-0CD11A0430AE}.Debug|x64.ActiveCfg = Debug|x64
		{3716B95E-3DDD-408A-9B2E-0CD11A0430AE}.Debug|x64.Build.0 = Debug|x64
		{3716B95E-3DDD-408A-9B2E-0CD11A0430AE}.Debug|x86.ActiveCfg = Debug|Win32
		{3716B95E-3DDD-408A-9B2E-0CD11A0430AE}.Debug|x86.Build.0 = Debug|Win32
		{3716B95E-3DDD-408A-9B2E-0CD11A0430AE}.Release|x64.ActiveCfg = Release|x64
		{3716B95E-3DDD-408A-9B2E-0CD11A0430AE}.Release|x64.Build.0 = Release|x64
		{3716B95E-3DDD-408A-9B2E-0CD11A0430AE}.Release|x86.ActiveCfg = Release|Win32
		{3716B95E-3DDD-408A-9B2E-0CD11A0430AE}.Release|x86.Build.0 = Release|Win32
		{C87B9CFD-E992-45C3-833A-56117EDBA724}.Debug|x64.ActiveCfg = Debug|x64
		{C87B9CFD-E992-45C3-833A-56117EDBA724}.Debug|x64.Build.0 = Debug|x64
		{C87B9CFD-E992-45C3-833A-56117EDBA724}.Debug|x86.ActiveCfg = Debug|Win32
		{C87B9CFD-E992-45C3-833A-56117EDBA724}.Debug|x86.Build.0 = Debug|Win32
		{C87B9CFD-E992-45C3-833A-56117EDBA724}.Release|x64.ActiveCfg = Release|x64
		{C87B9CFD-E992-45C3-833A-56117EDBA724}.Release|x64.Build.0 = Release|x64
		{C87B9CFD-E992-45C3-833A-56117EDBA724}.Release|x86.ActiveCfg = Release|Win32
		{C87B9CFD-E992-45C3-833A-56117EDBA724}.Release|x86.Build.0 = Release|Win32
		{48E37B82-6131-4EFF-8B97-0946089983BD}.Debug|x64.ActiveCfg = Debug|x64
		{48E37B82-6131-4EFF-8B97-0946089983BD}.Debug|x64.Build.0 = Debug|x64
		{48E37B82-6131-4EFF-8B97-0946089983BD}.Debug|x86.ActiveCfg = Debug|Win32
		{48E37B82-6131-4EFF-8B97-0946089983BD}.Debug|x86.Build.0 = Debug|Win32
		{48E37B82-6131-4EFF-8B97-0946089983BD}.Release|x64.ActiveCfg = Release|x64
		{48E37B82-6131-4EFF-8B97-0946089983BD}.Release|x64.Build.0 = Release|x64
		{48E37B82-6131-4EFF-8B97-0946089983BD}.Release|x86.ActiveCfg = Release|Win32
		{48E37B82-6131-4EFF-8B97-0946089983BD}.Release|x86.Build.0 = Release|Win32
		{66867E76-DC7F-443E-8C2D-3777C4819B6D}.Debug|x64.ActiveCfg = Debug|x64
		{66867E76-DC7F-443E-8C2D-3777C4819B6D}.Debug|x64.Build.0 = Debug|x64
		{66867E76-DC7F-443E-8C2D-3777C4819B6D}.Debug|x86.ActiveCfg = Debug|Win32
		{66867E76-DC7F-443E-8C2D-3777C4819B6D}.Debug|x86.Build.0 = Debug|Win32
		{66867E76-DC7F-443E-8C2D-3777C4819B6D}.Release|x64.ActiveCfg = Release|x64
		{66867E76-DC7F-443E-8C2D-3777C4819B6D}.Release|x64.Build.0 = Release|x64
		{66867E76-DC7F-443E-8C2D-3777C4819B6D}.Release|x86.ActiveCfg = Release|Win32
		{66867E76-DC7F-443E-8C2D-3777C4819B6D}.Release|x86.Build.0 = Release|Win32
		{25C3DA37-494A-428F-A3D8-2AABB63CF150}.Debug|x64.ActiveCfg = Debug|x64
		{25C3DA37-494A-428F-A3D8-2AABB63CF150}.Debug|x64.Build.0 = Debug|x64
		{25C3DA37-494A-428F-A3D8-2AABB63CF150}.Debug|x86.ActiveCfg = Debug|Win32
		{25C3DA37-494A-428F-A3D8-2AABB63CF150}.Debug|x86.Build.0 = Debug|Win32
		{25C3DA37-494A-428F-A3D8-2AABB63CF150}.Release|x64.ActiveCfg = Release|x64
		{25C3DA37-494A-428F-A3D8-2AABB63CF150}.Release|x64.Build.0 = Release|x64
		{25C3DA37-494A-428F-A3D8-2AABB63CF150}.Release|x86.ActiveCfg = Release|Win32
		{25C3DA37-494A-428F-A3D8-2AABB63CF150}.Release|x86.Build.0 = Release|Win32
		{182D6877-4369-4FBC-92D3-F844DAB76BC8}.Debug|x64.ActiveCfg = Debug|x64
		{182D6877-4369-4FBC-92D3-F844DAB76BC8}.Debug|x64.Build.0 = Debug|x64
		{182D6877-4369-4FBC-92D3-F844DAB76BC8}.Debug|x86.ActiveCfg = Debug|Win32
		{182D6877-4369-4FBC-92D3-F844DAB76BC8}.Debug|x86.Build.0 = Debug|Win32
		{182D6877-4369-4FBC-92D3-F844DAB76BC8}.Release|x64.ActiveCfg = Release|x64
		{182D6877-4369-4FBC-92D3-F844DAB76BC8}.Release|x64.Build.0 = Release|x64
		{182D6877-4369-4FBC-92D3-F844DAB76BC8}.Release|x86.ActiveCfg = Release|Win32
		{182D6877-4369-4FBC-92D3-F844DAB76BC8}.Release|x86.Build.0 = Release|Win32
		{010D819A-3615-4ADD-9DF8-1AE89A527652}.Debug|x64.ActiveCfg = Debug|x64
		{010D819A-3615-4ADD-9DF8-1AE89A527652}.Debug|x64.Build.0 = Debug|x64
		{010D819A-3615-4ADD-9DF8-1AE89A527652}.Debug|x86.ActiveCfg = Debug|Win32
		{010D819A-3615-4ADD-9DF8-1AE89A527652}.Debug|x86.Build.0 = Debug|Win32
		{010D819A-3615-4ADD-9DF8-1AE89A527652}.Release|x64.ActiveCfg = Release|x64
		{010D819A-3615-4ADD-9DF8-1AE89A527652}.Release|x64.Build.0 = Release|x64
		{010D819A-3615-4ADD-9DF8-1AE89A527652}.Release|x86.ActiveCfg = Release|Win32
		{010D819A-3615-4ADD-9DF8-1AE89A527652}.Release|x86.Build.0 = Release|Win32
		{5EBBF273-3749-41FE-90AB-F837E1961E43}.Debug|x64.ActiveCfg = Debug|x64
		{5EBBF273-3749-41FE-90AB-F837E1961E43}.Debug|x64.Build.0 = Debug|x64
		{5EBBF273-3749-41FE-90AB-F837E1961E43}.Debug|x86.ActiveCfg = Debug|Win32
		{5EBBF273-3749-41FE-90AB-F837E1961E43}.Debug|x86.Build.0 = Debug|Win32
		{5EBBF273-3749-41FE-90AB-F837E1961E43}.Release|x64.ActiveCfg = Release|x64
		{5EBBF273-3749-41FE-90AB-F837E1961E43}.Release|x64.Build.0 = Release|x64
		{5EBBF273-3749-41FE-90AB-F837E1961E43}.Release|x86.ActiveCfg = Release|Win32
		{5EBBF273-3749-41FE-90AB-F837E1961E43}.Release|x86.Build.0 = Release|Win32
		{AB592C0A-5265-46B1-ABA6-8F0C0284E181}.Debug|x64.ActiveCfg = Debug|x64
		{AB592C0A-5265-46B1-ABA6-8F0C0284E181}.Debug|x64.Build.0 = Debug|x64
		{AB592C0A-5265-46B1-ABA6-8F0C0284E181}.Debug|x86.ActiveCfg = Debug|Win32
		{AB592C0A-5265-46B1-ABA6-8F0C0284E181}.Debug|x86.Build.0 = Debug|Win32
		{AB592C0A-5265-46B1-ABA6-8F0C0284E181}.Release|x64.ActiveCfg = Release|x64
		{AB592C0A-5265-46B1-ABA6-8F0C0284E181}.Release|x64.Build.0 = Release|x64
		{AB592C0A-5265-46B1-ABA6-8F0C0284E181}.Release|x86.ActiveCfg = Release|Win32
		{AB592C0A-5265-46B1-ABA6-8F0C0284E181}.Release|x86.Build.0 = Release|Win32
		{DD6FFC73-1BFA-4D78-9C35-822D18FCDA69}.Debug|x64.ActiveCfg = Debug|x64
		{DD6FFC73-1BFA-4D78-9C35-822D18FCDA69}.Debug|x64.Build.0 = Debug|x64
		{DD6FFC73-1BFA-4D78-9C35-822D18FCDA69}.Debug|x86.ActiveCfg = Debug|Win32
		{DD6FFC73-1BFA-4D78-9C35-822D18FCDA69}.Debug|x86.Build.0 = Debug|Win32
		{DD6FFC73-1BFA-4D78-9C35-822D18FCDA69}.Release|x64.ActiveCfg = Release|x64
		{DD6FFC73-1BFA-4D78-9C35-822D18FCDA69}.Release|x64.Build.0 = Release|x64
		{DD6FFC73-1BFA-4D78-9C35-822D18FCDA69}.Release|x86.ActiveCfg = Release|Win32
		{DD6FFC73-1BFA-4D78-9C35-822D18FCDA69}.Release|x86.Build.0 = Release|Win32
		{360C97EB-0D6C-4D6B-957D-F9B05A3B7E18}.Debug|x64.ActiveCfg = Debug|x64
		{360C97EB-0D6C-4D6B-957D-F9B05A3B7E18}.Debug|x64.Build.0 = Debug|x64
		{360C97EB-0D6C-4D6B-957D-F9B05A3B7E18}.Debug|x86.ActiveCfg = Debug|Win32
		{360C97EB-0D6C-4D6B-957D-F9B05A3B7E18}.Debug|x86.Build.0 = Debug|Win32
		{360C97EB-0D6C-4D6B-957D-F9B05A3B7E18}.Release|x64.ActiveCfg = Release|x64
		{360C97EB-0D6C-4D6B-957D-F9B05A3B7E18}.Release|x64.Build.0 = Release|x64
		{360C97EB-0D6C-4D6B-957D-F9B05A3B7E18}.Release|x86.ActiveCfg = Release|Win32
		{360C97EB-0D6C-4D6B-957D-F9B05A3B7E18}.Release|x86.Build.0 = Release|Win32
		{1174DBD6-D43D-4919-9147-471B1887AD8A}.Debug|x64.ActiveCfg = Debug|x64
		{1174DBD6-D43D-4919-9147-471B1887AD8A}.Debug|x64.Build.0 = Debug|x64
		{1174DBD6-D43D-4919-9147-471B1887AD8A}.Debug|x86.ActiveCfg = Debug|Win32
		{1174DBD6-D43D-4919-9147-471B1887AD8A}.Debug|x86.Build.0 = Debug|Win32
		{1174DBD6-D43D-4919-9147-471B1887AD8A}.Release|x64.ActiveCfg = Release|x64
		{1174DBD6-D43D-4919-9147-471B1887AD8A}.Release|x64.Build.0 = Release|x64
		{1174DBD6-D43D-4919-9147-471B1887AD8A}.Release|x86.ActiveCfg = Release|Win32
		{1174DBD6-D43D-4919-9147-471B1887AD8A}.Release|x86.Build.0 = Release|Win32
		{3D60260C-C0F5-4614-8789-676BAD3684BB}.Debug|x64.ActiveCfg = Debug|x64
		{3D60260C-C0F5-4614-8789-676BAD3684BB}.Debug|x64.Build.0 = Debug|x64
		{3D60260C-C0F5-4614-8789-676BAD3684BB}.Debug|x86.ActiveCfg = Debug|Win32
		{3D60260C-C0F5-4614-8789-676BAD3684BB}.Debug|x86.Build.0 = Debug|Win32
		{3D60260C-C0F5-4614-8789-676BAD3684BB}.Release|x64.ActiveCfg = Release|x64
		{3D60260C-C0F5-4614-8789-676BAD3684BB}.Release|x64.Build.0 = Release|x64
		{3D60260C-C0F5-4614-8789-676BAD3684BB}.Release|x86.ActiveCfg = Release|Win32
		{3D60260C-C0F5-4614-8789-676BAD3684BB}.Release|x86.Build.0 = Release|Win32
		{772166B7-DCB6-49A7-9F59-471D6542AC7A}.Debug|x64.ActiveCfg = Debug|x64
		{772166B7-DCB6-49A7-9F59-471D6542AC7A}.Debug|x64.Build.0 = Debug|x64
		{772166B7-DCB6-49A7-9F59-471D6542AC7A}.Debug|x86.ActiveCfg = Debug|Win32
		{772166B7-DCB6-49A7-9F59-471D6542AC7A}.Debug|x86.Build.0 = Debug|Win32
		{772166B7-DCB6-49A7-9F59-471D6542AC7A}.Release|x64.ActiveCfg = Release|x64
		{772166B7-DCB6-49A7-9F59-471D6542AC7A}.Release|x64.Build.0 = Release|x64
		{772166B7-DCB6-49A7-9F59-471D6542AC7A}.Release|x86.ActiveCfg = Release|Win32
		{772166B7-DCB6-49A7-9F59-471D6542AC7A}.Release|x86.Build.0 = Release|Win32
		{5AA4C981-4053-4551-B733-4135E879F2FE}.Debug|x64.ActiveCfg = Debug|x64
		{5AA4C981-4053-4551-B733-4135E879F2FE}.Debug|x64.Build.0 = Debug|x64
		{5AA4C981-4053-4551-B733-4135E879F2FE}.Debug|x86.ActiveCfg = Debug|Win32
		{5AA4C981-4053-4551-B733-4135E879F2FE}.Debug|x86.Build.0 = Debug|Win32
		{5AA4C981-4053-4551-B733-4135E879F2FE}.Release|x64.ActiveCfg = Release|x64
		{5AA4C981-4053-4551-B733-4135E879F2FE}.Release|x64.Build.0 = Release|x64
		{5AA4C981-4053-4551-B733-4135E879F2FE}.Release|x86.ActiveCfg = Release|Win32
		{5AA4C981-4053-4551-B733-4135E879F2FE}.Release|x86.Build.0 = Release|Win32
		{3EADAAAD-3527-45CF-8D96-D53089EEE17D}.Debug|x64.ActiveCfg = Debug|x64
		{3EADAAAD-3527-45CF-8D96-D53089EEE17D}.Debug|x64.Build.0 = Debug|x64
		{3EADAAAD-3527-45CF-8D96-D53089EEE17D}.Debug|x86.ActiveCfg = Debug|Win32
		{3EADAAAD-3527-45CF-8D96-D53089EEE17D}.Debug|x86.Build.0 = Debug|Win32
		{3EADAAAD-3527-45CF-8D96-D53089EEE17D}.Release|x64.ActiveCfg = Release|x64
		{3EADAAAD-3527-45CF-8D96-D53089EEE17D}.Release|x64.Build.0 = Release|x64
		{3EADAAAD-3527-45CF-8D96-D53089EEE17D}.Release|x86.ActiveCfg = Release|Win32
		{3EADAAAD-3527-45CF-8D96-D53089EEE17D}.Release|x86.Build.0 = Release|Win32
		{D5512DBA-477B-43F0-B1EE-9D9F7A427EF0}.Debug|x64.ActiveCfg = Debug|x64
		{D5512DBA-477B-43F0-B1EE-9D9F7A427EF0}.Debug|x64.Build.0 = Debug|x64
		{D5512DBA-477B-43F0-B1EE-9D9F7A427EF0}.Debug|x86.ActiveCfg = Debug|Win32
		{D5512DBA-477B-43F0-B1EE-9D9F7A427EF0}.Debug|x86.Build.0 = Debug|Win32
		{D5512DBA-477B-43F0-B1EE-9D9F7A427EF0}.Release|x64.ActiveCfg = Release|x64
		{D5512DBA-477B-43F0-B1EE-9D9F7A427EF0}.Release|x64.Build.0 = Release|x64
		{D5512DBA-477B-43F0-B1EE-9D9F7A427EF0}.Release|x86.ActiveCfg = Release|Win32
		{D5512DBA-477B-43F0-B1EE-9D9F7A427EF0}.Release|x86.Build.0 = Release|Win32
		{066B91DE-1DED-488B-9170-DF8E8E65A98A}.Debug|x64.ActiveCfg = Debug|x64
		{066B91DE-1DED-488B-9170-DF8E8E65A98A}.Debug|x64.Build.0 = Debug|x64
		{066B91DE-1DED-488B-9170-DF8E8E65A98A}.Debug|x86.ActiveCfg = Debug|Win32
		{066B91DE-1DED-488B-9170-DF8E8E65A98A}.Debug|x86.Build.0 = Debug|Win32
		{066B91DE-1DED-488B-9170-DF8E8E65A98A}.Release|x64.ActiveCfg = Release|x64
		{066B91DE-1DED-488B-9170-DF8E8E65A98A}.Release|x64.Build.0 = Release|x64
		{066B91DE-1DED-488B-9170-DF8E8E65A98A}.Release|x86.ActiveCfg = Release|Win32
		{066B91DE-1DED-488B-9170-DF8E8E65A98A}.Release|x86.Build.0 = Release|Win32
		{F674D390-515E-4474-A119-A81A5145EB57}.Debug|x64.ActiveCfg = Debug|x64
		{F674D390-515E-4474-A119-A81A5145EB57}.Debug|x64.Build.0 = Debug|x64
		{F674D390-515E-4474-A119-A81A5145EB57}.Debug|x86.ActiveCfg = Debug|Win32
		{F674D390-515E-4474-A119-A81A5145EB57}.Debug|x86.Build.0 = Debug|Win32
		{F674D390-515E-4474-A119-A81A5145EB57}.Release|x64.ActiveCfg = Release|x64
		{F674D390-515E-4474-A119-A81A5145EB57}.Release|x64.Build.0 = Release|x64
		{F674D390-515E-4474-A119-A81A5145EB57}.Release|x86.ActiveCfg = Release|Win32
		{F674D390-515E-4474-A119-A81A5145EB57}.Release|x86.Build.0 = Release|Win32
		{3B88FE0F-B683-4AB7-A6C5-AA79BE7ED6BA}.Debug|x64.ActiveCfg = Debug|x64
		{3B88FE0F-B683-4AB7-A6C5-AA79BE7ED6BA}.Debug|x64.Build.0 = Debug|x64
		{3B88FE0F-B683-4AB7-A6C5-AA79BE7ED6BA}.Debug|x86.ActiveCfg = Debug|Win32
		{3B88FE0F-B683-4AB7-A6C5-AA79BE7ED6BA}.Debug|x86.Build.0 = Debug|Win32
		{3B88FE0F-B683-4AB7-A6C5-AA79BE7ED6BA}.Release|x64.ActiveCfg = Release|x64
		{3B88FE0F-B683-4AB7-A6C5-AA79BE7ED6BA}.Release|x64.Build.0 = Release|x64
		{3B88FE0F-B683-4AB7-A6C5-AA79BE7ED6BA}.Release|x86.ActiveCfg = Release|Win32
		{3B88FE0F-B683-4AB7-A6C5-AA79BE7ED6BA}.Release|x86.Build.0 = Release|Win32
		{6DA240B8-68B4-4D5C-B775-E88502C1FF2F}.Debug|x64.ActiveCfg = Debug|x64
		{6DA240B8-68B4-4D5C-B775-E88502C1FF2F}.Debug|x64.Build.0 = Debug|x64
		{6DA240B8-68B4-4D5C-B775-E88502C1FF2F}.Debug|x86.ActiveCfg = Debug|Win32
		{6DA240B8-68B4-4D5C-B775-E88502C1FF2F}.Debug|x86.Build.0 = Debug|Win32
		{6DA240B8-68B4-4D5C-B775-E88502C1FF2F}.Release|x64.ActiveCfg = Release|x64
		{6DA240B8-68B4-4D5C-B775-E88502C1FF2F}.Release|x64.Build.0 = Release|x64
		{6DA240B8-68B4-4D5C-B775-E88502C1FF2F}.Release|x86.ActiveCfg = Release|Win32
		{6DA240B8-68B4-4D5C-B775-E88502C1FF2F}.Release|x86.Build.0 = Release|Win32
		{8B8F6016-B703-41B0-8A48-64ACAD66FE73}.Debug|x64.ActiveCfg = Debug|x64
		{8B8F6016-B703-41B0-8A48-64ACAD66FE73}.Debug|x64.Build.0 = Debug|x64
		{8B8F6016-B703-41B0-8A48-64ACAD66FE73}.Debug|x86.ActiveCfg = Debug|Win32
		{8B8F6016-B703-41B0-8A48-64ACAD66FE73}.Debug|x86.Build.0 = Debug|Win32
		{8B8F6016-B703-41B0-8A48-64ACAD66FE73}.Release|x64.ActiveCfg = Release|x64
		{8B8F6016-B703-41B0-8A48-64ACAD66FE73}.Release|x64.Build.0 = Release|x64
		{8B8F6016-B703-41B0-8A48-64ACAD66FE73}.Release|x86.ActiveCfg = Release|Win32
		{8B8F6016-B703-41B0-8A48-64ACAD66FE73}.Release|x86.Build.0 = Release|Win32
		{AA1503AF-2212-4063-AA4C-9B5A13AA5A57}.Debug|x64.ActiveCfg = Debug|x64
		{AA1503AF-2212-4063-AA4C-9B5A13AA5A57}.Debug|x64.Build.0 = Debug|x64
		{AA1503AF-2212-4063-AA4C-9B5A13AA5A57}.Debug|x86.ActiveCfg = Debug|Win32
		{AA1503AF-2212-4063-AA4C-9B5A13AA5A57}.Debug|x86.Build.0 = Debug|Win32
		{AA1503AF-2212-4063-AA4C-9B5A13AA5A57}.Release|x64.ActiveCfg = Release|x64
		{AA1503AF-2212-4063-AA4C-9B5A13AA5A57}.Release|x64.Build.0 = Release|x64
		{AA1503AF-2212-4063-AA4C-9B5A13AA5A57}.Release|x86.ActiveCfg = Release|Win32
		{AA1503AF-2212-4063-AA4C-9B5A13AA5A57}.Release|x86.Build.0 = Release|Win32
		{C002DD3A-B482-4BEF-A343-FAE83072EFE1}.Debug|x64.ActiveCfg = Debug|x64
		{C002DD3A-B482-4BEF-A343-FAE83072EFE1}.Debug|x64.Build.0 = Debug|x64
		{C002DD3A-B482-4BEF-A343-FAE83072EFE1}.Debug|x86.ActiveCfg = Debug|Win32
		{C002DD3A-B482-4BEF-A343-FAE83072EFE1}.Debug|x86.Build.0 = Debug|Win32
		{C002DD3A-B482-4BEF-A343-FAE83072EFE1}.Release|x64.ActiveCfg = Release|x64
		{C002DD3A-B482-4BEF-A343-FAE83072EFE1}.Release|x64.Build.0 = Release|x64
		{C002DD3A-B482-4BEF-A343-FAE83072EFE1}.Release|x86.ActiveCfg = Release|Win32
		{C002DD3A-B482-4BEF-A343-FAE83072EFE1}.Release|x86.Build.0 = Release|Win32
		{61B0CC7E-5953-42B6-8AD8-AC3026CA1049}.Debug|x64.ActiveCfg = Debug|x64
		{61B0CC7E-5953-42B6-8AD8-AC3026CA1049}.Debug|x64.Build.0 = Debug|x64
		{61B0CC7E-5953-42B6-8AD8-AC3026CA1049}.Debug|x86.ActiveCfg = Debug|Win32
		{61B0CC7E-5953-42B6-8AD8-AC3026CA1049}.Debug|x86.Build.0 = Debug|Win32
		{61B0CC7E-5953-42B6-8AD8-AC3026CA1049}.Release|x64.ActiveCfg = Release|x64
		{61B0CC7E-5953-42B6-8AD8-AC3026CA1049}.Release|x64.Build.0 = Release|x64
		{61B0CC7E-5953-42B6-8AD8-AC3026CA1049}.Release|x86.ActiveCfg = Release|Win32
		{61B0CC7E-5953-42B6-8AD8-AC3026CA1049}.Release|x86.Build.0 = Release|Win32
		{87931548-7B46-4168-AF54-605EFE754AE4}.Debug|x64.ActiveCfg = Debug|x64
		{87931548-7B46-4168-AF54-605EFE754AE4}.Debug|x64.Build.0 = Debug|x64
		{87931548-7B46-4168-AF54-605EFE754AE4}.Debug|x86.ActiveCfg = Debug|Win32
		{87931548-7B46-4168-AF54-605EFE754AE4}.Debug|x86.Build.0 = Debug|Win32
		{87931548-7B46-4168-AF54-605EFE754AE4}.Release|x64.ActiveCfg = Release|x64
		{87931548-7B46-4168-AF54-605EFE754AE4}.Release|x64.Build.0 = Release|x64
		{87931548-7B46-4168-AF54-605EFE754AE4}.Release|x86.ActiveCfg = Release|Win32
		{87931548-7B46-4168-AF54-605EFE754AE4}.Release|x86.Build.0 = Release|Win32
		{241488F9-BB68-461A-B383-BDB4867F47A3}.Debug|x64.ActiveCfg = Debug|x64
		{241488F9-BB68-461A-B383-BDB4867F47A3}.Debug|x64.Build.0 = Debug|x64
		{241488F9-BB68-461A-B383-BDB4867F47A3}.Debug|x86.ActiveCfg = Debug|Win32
		{241488F9-BB68-461A-B383-BDB4867F47A3}.Debug|x86.Build.0 = Debug|Win32
		{241488F9-BB68-461A-B383-BDB4867F47A3}.Release|x64.ActiveCfg = Release|x64
		{241488F9-BB68-461A-B383-BDB4867F47A3}.Release|x64.Build.0 = Release|x64
		{241488F9-BB68-461A-B383-BDB4867F47A3}.Release|x86.ActiveCfg = Release|Win32
		{241488F9-BB68-461A-B383-BDB4867F47A3}.Release|x86.Build.0 = Release|Win32
		{F5E5DADF-0D70-4ACF-86C7-F8F8544AB62C}.Debug|x64.ActiveCfg = Debug|x64
		{F5E5DADF-0D70-4ACF-86C7-F8F8544AB62C}.Debug|x64.Build.0 = Debug|x64
		{F5E5DADF-0D70-4ACF-86C7-F8F8544AB62C}.Debug|x86.ActiveCfg = Debug|Win32
		{F5E5DADF-0D70-4ACF-86C7-F8F8544AB62C}.Debug|x86.Build.0 = Debug|Win32
		{F5E5DADF-0D70-4ACF-86C7-F8F8544AB62C}.Release|x64.ActiveCfg = Release|x64
		{F5E5DADF-0D70-4ACF-86C7-F8F8544AB62C}.Release|x64.Build.0 = Release|x64
		{F5E5DADF-0D70-4ACF-86C7-F8F8544AB62C}.Release|x86.ActiveCfg = Release|Win32
		{F5E5DADF-0D70-4ACF-86C7-F8F8544AB62C}.Release|x86.Build.0 = Release|Win32
		{60610B68-B51E-4B2B-BB66-74FD4B5A3776}.Debug|x64.ActiveCfg = Debug|x64
		{60610B68-B51E-4B2B-BB66-74FD4B5A3776}.Debug|x64.Build.0 = Debug|x64
		{60610B68-B51E-4B2B-BB66-74FD4B5A3776}.Debug|x86.ActiveCfg = Debug|Win32
		{60610B68-B51E-4B2B-BB66-74FD4B5A3776}.Debug|x86.Build.0 = Debug|Win32
		{60610B68-B51E-4B2B-BB66-74FD4B5A3776}.Release|x64.ActiveCfg = Release|x64
		{60610B68-B51E-4B2B-BB66-74FD4B5A3776}.Release|x64.Build.0 = Release|x64
		{60610B68-B51E-4B2B-BB66-74FD4B5A3776}.Release|x86.ActiveCfg = Release|Win32
		{60610B68-B51E-4B2B-BB66-74FD4B5A3776}.Release|x86.Build.0 = Release|Win32
		{FB38E8E7-12FC-4F97-89B7-826172E32B28}.Debug|x64.ActiveCfg = Debug|x64
		{FB38E8E7-12FC-4F97-89B7-826172E32B28}.Debug|x64.Build.0 = Debug|x64
		{FB38E8E7-12FC-4F97-89B7-826172E32B28}.Debug|x86.ActiveCfg = Debug|Win32
		{FB38E8E7-12FC-4F97-89B7-826172E32B28}.Debug|x86.Build.0 = Debug|Win32
		{FB38E8E7-12FC-4F97-89B7-826172E32B28}.Release|x64.ActiveCfg = Release|x64
		{FB38E8E7-12FC-4F97-89B7-826172E32B28}.Release|x64.Build.0 = Release|x64
		{FB38E8E7-12FC-4F97-89B7-826172E32B28}.Release|x86.ActiveCfg = Release|Win32
		{FB38E8E7-12FC-4F97-89B7-826172E32B28}.Release|x86.Build.0 = Release|Win32
		{AF62D9D5-EE36-4DEE-AC86-8498B817B352}.Debug|x64.ActiveCfg = Debug|x64
		{AF62D9D5-EE36-4DEE-AC86-8498B817B352}.Debug|x64.Build.0 = Debug|x64
		{AF62D9D5-EE36-4DEE-AC86-8498B817B352}.Debug|x86.ActiveCfg = Debug|Win32
		{AF62D9D5-EE36-4DEE-AC86-8498B817B352}.Debug|x86.Build.0 = Debug|Win32
		{AF62D9D5-EE36-4DEE-AC86-8498B817B352}.Release|x64.ActiveCfg = Release|x64
		{AF62D9D5-EE36-4DEE-AC86-8498B817B352}.Release|x64.Build.0 = Release|x64
		{AF62D9D5-EE36-4DEE-AC86-8498B817B352}.Release|x86.ActiveCfg = Release|Win32
		{AF62D9D5-EE36-4DEE-AC86-8498B817B352}.Release|x86.Build.0 = Release|Win32
		{24055F29-FA80-416A-84D4-39E52A85FA72}.Debug|x64.ActiveCfg = Debug|x64
		{24055F29-FA80-416A-84D4-39E52A85FA72}.Debug|x64.Build.0 = Debug|x64
		{24055F29-FA80-416A-84D4-39E52A85FA72}.Debug|x86.ActiveCfg = Debug|Win32
		{24055F29-FA80-416A-84D4-39E52A85FA72}.Debug|x86.Build.0 = Debug|Win32
		{24055F29-FA80-416A-84D4-39E52A85FA72}.Release|x64.ActiveCfg = Release|x64
		{24055F29-FA80-416A-84D4-39E52A85FA72}.Release|x64.Build.0 = Release|x64
		{24055F29-FA80-416A-84D4-39E52A85FA72}.Release|x86.ActiveCfg = Release|Win32
		{24055F29-FA80-416A-84D4-39E52A85FA72}.Release|x86.Build.0 = Release|Win32
		{07120E36-1EB0-4213-9849-8BCCD9A4A380}.Debug|x64.ActiveCfg = Debug|x64
		{07120E36-1EB0-4213-9849-8BCCD9A4A380}.Debug|x64.Build.0 = Debug|x64
		{07120E36-1EB0-4213-9849-8BCCD9A4A380}.Debug|x86.ActiveCfg = Debug|Win32
		{07120E36-1EB0-4213-9849-8BCCD9A4A380}.Debug|x86.Build.0 = Debug|Win32
		{07120E36-1EB0-4213-9849-8BCCD9A4A380}.Release|x64.ActiveCfg = Release|x64
		{07120E36-1EB0-4213-9849-8BCCD9A4A380}.Release|x64.Build.0 = Release|x64
		{07120E36-1EB0-4213-9849-8BCCD9A4A380}.Release|x86.ActiveCfg = Release|Win32
		{07120E36-1EB0-4213-9849-8BCCD9A4A380}.Release|x86.Build.0 = Release|Win32
		{E1E17194-7D02-429D-BF68-29BDF554E723}.Debug|x64.ActiveCfg = Debug|x64
		{E1E17194-7D02-429D-BF68-29BDF554E723}.Debug|x64.Build.0 = Debug|x64
		{E1E17194-7D02-429D-BF68-29BDF554E723}.Debug|x86.ActiveCfg = Debug|Win32
		{E1E17194-7D02-429D-BF68-29BDF554E723}.Debug|x86.Build.0 = Debug|Win32
		{E1E17194-7D02-429D-BF68-29BDF554E723}.Release|x64.ActiveCfg = Release|x64
		{E1E17194-7D02-429D-BF68-29BDF554E723}.Release|x64.Build.0 = Release|x64
		{E1E17194-7D02-429D-BF68-29BDF554E723}.Release|x86.ActiveCfg = Release|Win32
		{E1E17194-7D02-429D-BF68-29BDF554E723}.Release|x86.Build.0 = Release|Win32
		{3C2D4AD5-24B9-4927-9ACD-B98C3719EE6A}.Debug|x64.ActiveCfg = Debug|x64
		{3C2D4AD5-24B9-4927-9ACD-B98C3719EE6A}.Debug|x64.Build.0 = Debug|x64
		{3C2D4AD5-24B9-4927-9ACD-B98C3719EE6A}.Debug|x86.ActiveCfg = Debug|Win32
		{3C2D4AD5-24B9-4927-9ACD-B98C3719EE6A}.Debug|x86.Build.0 = Debug|Win32
		{3C2D4AD5-24B9-4927-9ACD-B98C3719EE6A}.Release|x64.ActiveCfg = Release|x64
		{3C2D4AD5-24B9-4927-9ACD-B98C3719EE6A}.Release|x64.Build.0 = Release|x64
		{3C2D4AD5-24B9-4927-9ACD-B98C3719EE6A}.Release|x86.ActiveCfg = Release|Win32
		{3C2D4AD5-24B9-4927-9ACD-B98C3719EE6A}.Release|x86.Build.0 = Release|Win32
		{DB5EB07F-5A00-488F-A3B0-1A4A6AFB49C9}.Debug|x64.ActiveCfg = Debug|x64
		{DB5EB07F-5A00-488F-A3B0-1A4A6AFB49C9}.Debug|x64.Build.0 = Debug|x64
		{DB5EB07F-5A00-488F-A3B0-1A4A6AFB49C9}.Debug|x86.ActiveCfg = Debug|Win32
		{DB5EB07F-5A00-488F-A3B0-1A4A6AFB49C9}.Debug|x86.Build.0 = Debug|Win32
		{DB5EB07F-5A00-488F-A3B0-1A4A6AFB49C9}.Release|x64.ActiveCfg = Release|x64
		{DB5EB07F-5A00-488F-A3B0-1A4A6AFB49C9}.Release|x64.Build.0 = Release|x64
		{DB5EB07F-5A00-488F-A3B0-1A4A6AFB49C9}.Release|x86.ActiveCfg = Release|Win32
		{DB5EB07F-5A00-488F-A3B0-1A4A6AFB49C9}.Release|x86.Build.0 = Release|Win32
		{48057496-A16E-4A84-BBAD-71BD2D3309BD}.Debug|x64.ActiveCfg = Debug|x64
		{48057496-A16E-4A84-BBAD-71BD2D3309BD}.Debug|x64.Build.0 = Debug|x64
		{48057496-A16E-4A84-BBAD-71BD2D3309BD}.Debug|x86.ActiveCfg = Debug|Win32
		{48057496-A16E-4A84-BBAD-71BD2D3309BD}.Debug|x86.Build.0 = Debug|Win32
		{48057496-A16E-4A84-BBAD-71BD2D3309BD}.Release|x64.ActiveCfg = Release|x64
		{48057496-A16E-4A84-BBAD-71BD2D3309BD}.Release|x64.Build.0 = Release|x64
		{48057496-A16E-4A84-BBAD-71BD2D3309BD}.Release|x86.ActiveCfg = Release|Win32
		{48057496-A16E-4A84-BBAD-71BD2D3309BD}.Release|x86.Build.0 = Release|Win32
		{D7BC298F-AF83-4E74-B361-D354535C2175}.Debug|x64.ActiveCfg = Debug|x64
		{D7BC298F-AF83-4E74-B361-D354535C2175}.Debug|x64.Build.0 = Debug|x64
		{D7BC298F-AF83-4E74-B361-D354535C2175}.Debug|x86.ActiveCfg = Debug|Win32
		{D7BC298F-AF83-4E74-B361-D354535C2175}.Debug|x86.Build.0 = Debug|Win32
		{D7BC298F-AF83-4E74-B361-D354535C2175}.Release|x64.ActiveCfg = Release|x64
		{D7BC298F-AF83-4E74-B361-D354535C2175}.Release|x64.Build.0 = Release|x64
		{D7BC298F-AF83-4E74-B361-D354535C2175}.Release|x86.ActiveCfg = Release|Win32
		{D7BC298F-AF83-4E74-B361-D354535C2175}.Release|x86.Build.0 = Release|Win32
		{99D1B0F9-500E-497B-A074-9CF3B5A19895}.Debug|x64.ActiveCfg = Debug|x64
		{99D1B0F9-500E-497B-A074-9CF3B5A19895}.Debug|x64.Build.0 = Debug|x64
		{99D1B0F9-500E-497B-A074-9CF3B5A19895}.Debug|x86.ActiveCfg = Debug|Win32
		{99D1B0F9-500E-497B-A074-9CF3B5A19895}.Debug|x86.Build.0 = Debug|Win32
		{99D1B0F9-500E-497B-A074-9CF3B5A19895}.Release|x64.ActiveCfg = Release|x64
		{99D1B0F9-500E-497B-A074-9CF3B5A19895}.Release|x64.Build.0 = Release|x64
		{99D1B0F9-500E-497B-A074-9CF3B5A19895}.Release|x86.ActiveCfg = Release|Win32
		{99D1B0F9-500E-497B-A074-9CF3B5A19895}.Release|x86.Build.0 = Release|Win32
		{CCDF2D68-4201-4825-9742-91D4F27643BA}.Debug|x64.ActiveCfg = Debug|x64
		{CCDF2D68-4201-4825-9742-91D4F27643BA}.Debug|x64.Build.0 = Debug|x64
		{CCDF2D68-4201-4825-9742-91D4F27643BA}.Debug|x86.ActiveCfg = Debug|Win32
		{CCDF2D68-4201-4825-9742-91D4F27643BA}.Debug|x86.Build.0 = Debug|Win32
		{CCDF2D68-4201-4825-9742-91D4F27643BA}.Release|x64.ActiveCfg = Release|x64
		{CCDF2D68-4201-4825-9742-91D4F27643BA}.Release|x64.Build.0 = Release|x64
		{CCDF2D68-4201-4825-9742-91D4F27643BA}.Release|x86.ActiveCfg = Release|Win32
		{CCDF2D68-4201-4825-9742-91D4F27643BA}.Release|x86.Build.0 = Release|Win32
		{B1F765AA-72F2-425D-9560-C0F0371CD0D2}.Debug|x64.ActiveCfg = Debug|x64
		{B1F765AA-72F2-425D-9560-C0F0371CD0D2}.Debug|x64.Build.0 = Debug|x64
		{B1F765AA-72F2-425D-9560-C0F0371CD0D2}.Debug|x86.ActiveCfg = Debug|Win32
		{B1F765AA-72F2-425D-9560-C0F0371CD0D2}.Debug|x86.Build.0 = Debug|Win32
		{B1F765AA-72F2-425D-9560-C0F0371CD0D2}.Release|x64.ActiveCfg = Release|x64
		{B1F765AA-72F2-425D-9560-C0F0371CD0D2}.Release|x64.Build.0 = Release|x64
		{B1F765AA-72F2-425D-9560-C0F0371CD0D2}.Release|x86.ActiveCfg = Release|Win32
		{B1F765AA-72F2-425D-9560-C0F0371CD0D2}.Release|x86.Build.0 = Release|Win32
		{34C45827-4B16-4700-AFC2-BF8F54901FC4}.Debug|x64.ActiveCfg = Debug|x64
		{34C45827-4B16-4700-AFC2-BF8F54901FC4}.Debug|x64.Build.0 = Debug|x64
		{34C45827-4B16-4700-AFC2-BF8F54901FC4}.Debug|x86.ActiveCfg = Debug|Win32
		{34C45827-4B16-4700-AFC2-BF8F54901FC4}.Debug|x86.Build.0 = Debug|Win32
		{34C45827-4B16-4700-AFC2-BF8F54901FC4}.Release|x64.ActiveCfg = Release|x64
		{34C45827-4B16-4700-AFC2-BF8F54901FC4}.Release|x64.Build.0 = Release|x64
		{34C45827-4B16-4700-AFC2-BF8F54901FC4}.Release|x86.ActiveCfg = Release|Win32
		{34C45827-4B16-4700-AFC2-BF8F54901FC4}.Release|x86.Build.0 = Release|Win32
		{AED8DFE0-708D-4A1A-9311-3CA898F604D7}.Debug|x64.ActiveCfg = Debug|x64
		{AED8DFE0-708D-4A1A-9311-3CA898F604D7}.Debug|x64.Build.0 = Debug|x64
		{AED8DFE0-708D-4A1A-9311-3CA898F604D7}.Debug|x86.ActiveCfg = Debug|Win32
		{AED8DFE0-708D-4A1A-9311-3CA898F604D7}.Debug|x86.Build.0 = Debug|Win32
		{AED8DFE0-708D-4A1A-9311-3CA898F604D7}.Release|x64.ActiveCfg = Release|x64
		{AED8DFE0-708D-4A1A-9311-3CA898F604D7}.Release|x64.Build.0 = Release|x64
		{AED8DFE0-708D-4A1A-9311-3CA898F604D7}.Release|x86.ActiveCfg = Release|Win32
		{AED8DFE0-708D-4A1A-9311-3CA898F604D7}.Release|x86.Build.0 = Release|Win32
		{B6337A56-0200-46EA-A868-1CAFD84A71AC}.Debug|x64.ActiveCfg = Debug|x64
		{B6337A56-0200-46EA-A868-1CAFD84A71AC}.Debug|x64.Build.0 = Debug|x64
		{B6337A56-0200-46EA-A868-1CAFD84A71AC}.Debug|x86.ActiveCfg = Debug|Win32
		{B6337A56-0200-46EA-A868-1CAFD84A71AC}.Debug|x86.Build.0 = Debug|Win32
		{B6337A56-0200-46EA-A868-1CAFD84A71AC}.Release|x64.ActiveCfg = Release|x64
		{B6337A56-0200-46EA-A868-1CAFD84A71AC}.Release|x64.Build.0 = Release|x64
		{B6337A56-0200-46EA-A868-1CAFD84A71AC}.Release|x86.ActiveCfg = Release|Win32
		{B6337A56-0200-46EA-A868-1CAFD84A71AC}.Release|x86.Build.0 = Release|Win32
		{E7C43D54-9E39-485E-8521-9A49F6F49FE1}.Debug|x64.ActiveCfg = Debug|x64
		{E7C43D54-9E39-485E-8521-9A49F6F49FE1}.Debug|x64.Build.0 = Debug|x64
		{E7C43D54-9E39-485E-8521-9A49F6F49FE1}.Debug|x86.ActiveCfg = Debug|Win32
		{E7C43D54-9E39-485E-8521-9A49F6F49FE1}.Debug|x86.Build.0 = Debug|Win32
		{E7C43D54-9E39-485E-8521-9A49F6F49FE1}.Release|x64.ActiveCfg = Release|x64
		{E7C43D54-9E39-485E-8521-9A49F6F49FE1}.Release|x64.Build.0 = Release|x64
		{E7C43D54-9E39-485E-8521-9A49F6F49FE1}.Release|x86.ActiveCfg = Release|Win32
		{E7C43D54-9E39-485E-8521-9A49F6F49FE1}.Release|x86.Build.0 = Release|Win32
		{EE17973A-92D7-4999-B769-2420C297356C}.Debug|x64.ActiveCfg = Debug|x64
		{EE17973A-92D7-4999-B769-2420C297356C}.Debug|x64.Build.0 = Debug|x64
		{EE17973A-92D7-4999-B769-2420C297356C}.Debug|x86.ActiveCfg = Debug|Win32
		{EE17973A-92D7-4999-B769-2420C297356C}.Debug|x86.Build.0 = Debug|Win32
		{EE17973A-92D7-4999-B769-2420C297356C}.Release|x64.ActiveCfg = Release|x64
		{EE17973A-92D7-4999-B769-2420C297356C}.Release|x64.Build.0 = Release|x64
		{EE17973A-92D7-4999-B769-2420C297356C}.Release|x86.ActiveCfg = Release|Win32
		{EE17973A-92D7-4999-B769-2420C297356C}.Release|x86.Build.0 = Release|Win32
		{EB623941-D530-45FC-8A88-F12E36591216}.Debug|x64.ActiveCfg = Debug|x64
		{EB623941-D530-45FC-8A88-F12E36591216}.Debug|x64.Build.0 = Debug|x64
		{EB623941-D530-45FC-8A88-F12E36591216}.Debug|x86.ActiveCfg = Debug|Win32
		{EB623941-D530-45FC-8A88-F12E36591216}.Debug|x86.Build.0 = Debug|Win32
		{EB623941-D530-45FC-8A88-F12E36591216}.Release|x64.ActiveCfg = Release|x64
		{EB623941-D530-45FC-8A88-F12E36591216}.Release|x64.Build.0 = Release|x64
		{EB623941-D530-45FC-8A88-F12E36591216}.Release|x86.ActiveCfg = Release|Win32
		{EB623941-D530-45FC-8A88-F12E36591216}.Release|x86.Build.0 = Release|Win32
		{133FF78B-F511-46D8-9004-43EB0C993B4B}.Debug|x64.ActiveCfg = Debug|x64
		{133FF78B-F511-46D8-9004-43EB0C993B4B}.Debug|x64.Build.0 = Debug|x64
		{133FF78B-F511-46D8-9004-43EB0C993B4B}.Debug|x86.ActiveCfg = Debug|Win32
		{133FF78B-F511-46D8-9004-43EB0C993B4B}.Debug|x86.Build.0 = Debug|Win32
		{133FF78B-F511-46D8-9004-43EB0C993B4B}.Release|x64.ActiveCfg = Release|x64
		{133FF78B-F511-46D8-9004-43EB0C993B4B}.Release|x64.Build.0 = Release|x64
		{133FF78B-F511-46D8-9004-43EB0C993B4B}.Release|x86.ActiveCfg = Release|Win32
		{133FF78B-F511-46D8-9004-43EB0C993B4B}.Release|x86.Build.0 = Release|Win32
		{60EE2AD4-793C-4B92-B843-6BB6B7A9C4FA}.Debug|x64.ActiveCfg = Debug|x64
		{60EE2AD4-793C-4B92-B843-6BB6B7A9C4FA}.Debug|x64.Build.0 = Debug|x64
		{60EE2AD4-793C-4B92-B843-6BB6B7A9C4FA}.Debug|x86.ActiveCfg = Debug|Win32
		{60EE2AD4-793C-4B92-B843-6BB6B7A9C4FA}.Debug|x86.Build.0 = Debug|Win32
		{60EE2AD4-793C-4B92-B843-6BB6B7A9C4FA}.Release|x64.ActiveCfg = Release|x64
		{60EE2AD4-793C-4B92-B843-6BB6B7A9C4FA}.Release|x64.Build.0 = Release|x64
		{60EE2AD4-793C-4B92-B843-6BB6B7A9C4FA}.Release|x86.ActiveCfg = Release|Win32
		{60EE2AD4-793C-4B92-B843-6BB6B7A9C4FA}.Release|x86.Build.0 = Release|Win32
		{E9E52F90-58F4-402B-AAC7-5DA7A15C255C}.Debug|x64.ActiveCfg = Debug|x64
		{E9E52F90-58F4-402B-AAC7-5DA7A15C255C}.Debug|x64.Build.0 = Debug|x64
		{E9E52F90-58F4-402B-AAC7-5DA7A15C255C}.Debug|x86.ActiveCfg = Debug|Win32
		{E9E52F90-58F4-402B-AAC7-5DA7A15C255C}.Debug|x86.Build.0 = Debug|Win32
		{E9E52F90-58F4-402B-AAC7-5DA7A15C255C}.Release|x64.ActiveCfg = Release|x64
		{E9E52F90-58F4-402B-AAC7-5DA7A15C255C}.Release|x64.Build.0 = Release|x64
		{E9E52F90-58F4-402B-AAC7-5DA7A15C255C}.Release|x86.ActiveCfg = Release|Win32
		{E9E52F90-58F4-402B-AAC7-5DA7A15C255C}.Release|x86.Build.0 = Release|Win32
	EndGlobalSection
	GlobalSection(SolutionProperties) = preSolution
		HideSolutionNode = FALSE
	EndGlobalSection
	GlobalSection(ExtensibilityGlobals) = postSolution
		SolutionGuid = {E3B19CA0-679B-4A1C-AF41-A73BC280352E}
	EndGlobalSection
EndGlobal
